// !$*UTF8*$!
{
	archiveVersion = 1;
	classes = {
	};
	objectVersion = 46;
	objects = {
/* Begin PBXBuildFile section */
		2265A4A21EB26943007D6C3D /* Info.plist in Resources */ = {isa = PBXBuildFile; fileRef = 2265A4A11EB26943007D6C3D /* Info.plist */; };
		30B77DD61E66518E00EF3A78 /* ElectrodeBridgeDelegateTests.m in Sources */ = {isa = PBXBuildFile; fileRef = 30B77DD51E66518E00EF3A78 /* ElectrodeBridgeDelegateTests.m */; };
		30F8CDE41E677D7C00413247 /* ElectrodeReactNativeTests.m in Sources */ = {isa = PBXBuildFile; fileRef = 30F8CDE31E677D7C00413247 /* ElectrodeReactNativeTests.m */; };
		30F8CDEE1E67946E00413247 /* ElectrodeReactNative_Internal.h in Headers */ = {isa = PBXBuildFile; fileRef = 30F8CDED1E67946E00413247 /* ElectrodeReactNative_Internal.h */; };
		485009ED1E2FF23C009B6610 /* ElectrodeApiImpl.framework in Frameworks */ = {isa = PBXBuildFile; fileRef = 485009E31E2FF23B009B6610 /* ElectrodeApiImpl.framework */; };
		485009F21E2FF23C009B6610 /* ElectrodeApiImplTests.m in Sources */ = {isa = PBXBuildFile; fileRef = 485009F11E2FF23C009B6610 /* ElectrodeApiImplTests.m */; };
		485009F41E2FF23C009B6610 /* ElectrodeApiImpl.h in Headers */ = {isa = PBXBuildFile; fileRef = 485009E61E2FF23B009B6610 /* ElectrodeApiImpl.h */; settings = {ATTRIBUTES = (Public, ); }; };
		48500A981E2FF55B009B6610 /* ElectrodeReactNative.h in Headers */ = {isa = PBXBuildFile; fileRef = 48500A961E2FF55B009B6610 /* ElectrodeReactNative.h */; settings = {ATTRIBUTES = (Public, ); }; };
		48500A991E2FF55B009B6610 /* ElectrodeReactNative.m in Sources */ = {isa = PBXBuildFile; fileRef = 48500A971E2FF55B009B6610 /* ElectrodeReactNative.m */; };
		968333D71E54E3470031C565 /* ElectrodeBridgeDelegate.h in Headers */ = {isa = PBXBuildFile; fileRef = 968333D51E54E3470031C565 /* ElectrodeBridgeDelegate.h */; settings = {ATTRIBUTES = (Public, ); }; };
		968333D81E54E3470031C565 /* ElectrodeBridgeDelegate.m in Sources */ = {isa = PBXBuildFile; fileRef = 968333D61E54E3470031C565 /* ElectrodeBridgeDelegate.m */; };
		65A281AC17334BC5851789BE /* ElectrodeObject.swift in Sources */ = {isa = PBXBuildFile; fileRef = 1C821A16885E43959F2203B3 /* ElectrodeObject.swift */; };
		9368A2B922EB45D68AADCDEA /* Bridgeable.swift in Sources */ = {isa = PBXBuildFile; fileRef = 38150F98025E4102A6A153E0 /* Bridgeable.swift */; };
		48C990B6CB90482C89F46B39 /* ElectrodeRequestHandlerProcessor.swift in Sources */ = {isa = PBXBuildFile; fileRef = F7DC1460033F43F8A931181B /* ElectrodeRequestHandlerProcessor.swift */; };
		4367476675DA460BADB9C577 /* ElectrodeRequestProcessor.swift in Sources */ = {isa = PBXBuildFile; fileRef = C78EAD4336364F39B814D5F1 /* ElectrodeRequestProcessor.swift */; };
		F3779EA96E7F40C2A4765102 /* ElectrodeUtilities.swift in Sources */ = {isa = PBXBuildFile; fileRef = C37575AEBCBD42FEBCE1C420 /* ElectrodeUtilities.swift */; };
		4F8DE3B1AEA446D8AAAD4AC0 /* EventListenerProcessor.swift in Sources */ = {isa = PBXBuildFile; fileRef = 41C443D43605436FB5028C1C /* EventListenerProcessor.swift */; };
		3584BEF5B5084A9F99C5398E /* EventProcessor.swift in Sources */ = {isa = PBXBuildFile; fileRef = C3F14ACBA80A44EDBB8E5A5E /* EventProcessor.swift */; };
		0C4B3C15F7164638B4C4D5A9 /* Processor.swift in Sources */ = {isa = PBXBuildFile; fileRef = 0A43E070E4CE442C9F76813B /* Processor.swift */; };
		D4FE21A18B2B4889A1BC82C5 /* None.swift in Sources */ = {isa = PBXBuildFile; fileRef = 7831190CB9E641A39E876A67 /* None.swift */; };
		521B96FF8A8748029CAA7D3E /* ElectrodeBridgeEvent.m in Sources */ = {isa = PBXBuildFile; fileRef = 4E8ECDF46E0E4060B7A87D35 /* ElectrodeBridgeEvent.m */; };
		736EE7C3EB8D4898B9965D53 /* ElectrodeBridgeFailureMessage.m in Sources */ = {isa = PBXBuildFile; fileRef = D1DFED2260B64DCF8DCEB313 /* ElectrodeBridgeFailureMessage.m */; };
		1672209D32FA40FE93DB4CE1 /* ElectrodeBridgeHolder.m in Sources */ = {isa = PBXBuildFile; fileRef = 9729A8F2375041BBBE9BA582 /* ElectrodeBridgeHolder.m */; };
		0BF286AADFBF4A029C878556 /* ElectrodeBridgeMessage.m in Sources */ = {isa = PBXBuildFile; fileRef = 0CF4E35588284A54AEEB69F4 /* ElectrodeBridgeMessage.m */; };
		A5CF6416D95A4FDD99986ED9 /* ElectrodeBridgeProtocols.m in Sources */ = {isa = PBXBuildFile; fileRef = 8ABDF021866749B899E14B84 /* ElectrodeBridgeProtocols.m */; };
		2FC14DD7CBF3439C8915B838 /* ElectrodeBridgeRequest.m in Sources */ = {isa = PBXBuildFile; fileRef = 1B7F20E007764A93990CCA52 /* ElectrodeBridgeRequest.m */; };
		B03D0DF1FB3144E5AD00AA84 /* ElectrodeBridgeResponse.m in Sources */ = {isa = PBXBuildFile; fileRef = 064BEDB86064442A93A30A4F /* ElectrodeBridgeResponse.m */; };
		A9196861F8994669BC320A4D /* ElectrodeBridgeTransaction.m in Sources */ = {isa = PBXBuildFile; fileRef = FDC9444D66404F2AB65A430A /* ElectrodeBridgeTransaction.m */; };
		D5E912346B1A4F03939C977C /* ElectrodeBridgeTransceiver.m in Sources */ = {isa = PBXBuildFile; fileRef = 316D281B471B43099159C32D /* ElectrodeBridgeTransceiver.m */; };
		27FFC304F88145A0A05CBE63 /* ElectrodeEventDispatcher.m in Sources */ = {isa = PBXBuildFile; fileRef = F4BBA262FD0C4A69AE485623 /* ElectrodeEventDispatcher.m */; };
		E55ABA01EFC0405A827DAC62 /* ElectrodeEventRegistrar.m in Sources */ = {isa = PBXBuildFile; fileRef = 5FAAF14E5F0546F193C358A2 /* ElectrodeEventRegistrar.m */; };
		A0E6B39B709C4DE582213AEC /* ElectrodeRequestDispatcher.m in Sources */ = {isa = PBXBuildFile; fileRef = 9BEF50B8FE494CA5B48607A2 /* ElectrodeRequestDispatcher.m */; };
		EA369CD657244AF488FB98C5 /* ElectrodeRequestRegistrar.m in Sources */ = {isa = PBXBuildFile; fileRef = 94818E3A4BCE449D92DEAED8 /* ElectrodeRequestRegistrar.m */; };
		4883D2DA3E4F4CC4AAF129E4 /* ElectrodeLogger.m in Sources */ = {isa = PBXBuildFile; fileRef = 7E853ADB76BE4232BEB74F52 /* ElectrodeLogger.m */; };
		980EB1C146744EA38EB233B2 /* ElectrodeBridgeEvent.h in Headers */ = {isa = PBXBuildFile; fileRef = B31D3871B0444327A078CD17 /* ElectrodeBridgeEvent.h */; settings = {ATTRIBUTES = (Public, ); }; };
		D8EC778EE2544910A2A68C5F /* ElectrodeBridgeFailureMessage.h in Headers */ = {isa = PBXBuildFile; fileRef = D247E4959B9443CEAC69BE31 /* ElectrodeBridgeFailureMessage.h */; settings = {ATTRIBUTES = (Public, ); }; };
		01C3B8CF1593416AB92F71E6 /* ElectrodeBridgeHolder.h in Headers */ = {isa = PBXBuildFile; fileRef = 6CD97AF72FD94D0EA169FA7C /* ElectrodeBridgeHolder.h */; settings = {ATTRIBUTES = (Public, ); }; };
		19AB3D84110B45B1BDD6925B /* ElectrodeBridgeMessage.h in Headers */ = {isa = PBXBuildFile; fileRef = 4E05D1600BDE439F9C09BF4E /* ElectrodeBridgeMessage.h */; settings = {ATTRIBUTES = (Public, ); }; };
		895018B988EA4A4399A2804A /* ElectrodeBridgeProtocols.h in Headers */ = {isa = PBXBuildFile; fileRef = 269AE846383C45C6A94283D8 /* ElectrodeBridgeProtocols.h */; settings = {ATTRIBUTES = (Public, ); }; };
		2CE20C3EEF564DC999160330 /* ElectrodeBridgeRequest.h in Headers */ = {isa = PBXBuildFile; fileRef = 5E1230869E804191955764AC /* ElectrodeBridgeRequest.h */; settings = {ATTRIBUTES = (Public, ); }; };
		AE40054FD8904D37B9F49DA5 /* ElectrodeBridgeTransaction.h in Headers */ = {isa = PBXBuildFile; fileRef = EF27DE1A69F94C78BBF0E1F7 /* ElectrodeBridgeTransaction.h */; };
		30E45DAE81244E73AA5E6314 /* ElectrodeBridgeTransceiver.h in Headers */ = {isa = PBXBuildFile; fileRef = FFB8A590844F4840AEFF3713 /* ElectrodeBridgeTransceiver.h */; };
		45A11D4B14134402A8967EEE /* ElectrodeBridgeTransceiver_Internal.h in Headers */ = {isa = PBXBuildFile; fileRef = 54A3A659DC62494BB877CD91 /* ElectrodeBridgeTransceiver_Internal.h */; };
		AEF9466CD3BC4592B3641C65 /* ElectrodeEventDispatcher.h in Headers */ = {isa = PBXBuildFile; fileRef = 60C2CC28CCBF496EA7AEEE99 /* ElectrodeEventDispatcher.h */; };
		32E2B123A11B46B89D73B705 /* ElectrodeEventRegistrar.h in Headers */ = {isa = PBXBuildFile; fileRef = 90A8CBB3D9544C63A2A23CA3 /* ElectrodeEventRegistrar.h */; };
		ACDC250BCC754599938E2F97 /* ElectrodeRequestDispatcher.h in Headers */ = {isa = PBXBuildFile; fileRef = A6652C069D8E44E5BFC9C8DF /* ElectrodeRequestDispatcher.h */; };
		B81AF1C7589A47FCBAA58AA8 /* ElectrodeRequestRegistrar.h in Headers */ = {isa = PBXBuildFile; fileRef = D3607ADDA9FD45DD89919816 /* ElectrodeRequestRegistrar.h */; };
		4A0B0681F7B4418FBFE25796 /* ElectrodeReactNativeBridge.h in Headers */ = {isa = PBXBuildFile; fileRef = EDEEAF983A1C4BE2A8E42324 /* ElectrodeReactNativeBridge.h */; };
		446D70329C334745A74730BA /* ElectrodeBridgeResponse.h in Headers */ = {isa = PBXBuildFile; fileRef = 95C129A0912A4EBB87B93D49 /* ElectrodeBridgeResponse.h */; };
		9E36817477874CEFA5EB4B71 /* ElectrodeLogger.h in Headers */ = {isa = PBXBuildFile; fileRef = 6F8D7C1195EA44049C1B4647 /* ElectrodeLogger.h */; settings = {ATTRIBUTES = (Public, ); }; };
		72E31C6012924442BAB7775B /* BirthYear.swift in Sources */ = {isa = PBXBuildFile; fileRef = 5744ACFD707B44A99200A2C5 /* BirthYear.swift */; };
		FAA4B42F7BDF482E9712FE30 /* Movie.swift in Sources */ = {isa = PBXBuildFile; fileRef = 811CDB2FA71C4BC7898507FB /* Movie.swift */; };
		672EEC87B7A940289157DF4D /* MoviesAPI.swift in Sources */ = {isa = PBXBuildFile; fileRef = D9F8B8A6106B4097B2E299AC /* MoviesAPI.swift */; };
		A1127E6B20BF4CB7AAE0C4E5 /* MoviesRequests.swift in Sources */ = {isa = PBXBuildFile; fileRef = A990BF285181476EA42D67E2 /* MoviesRequests.swift */; };
		D3C0104B6EFB4F4FBD89C235 /* Person.swift in Sources */ = {isa = PBXBuildFile; fileRef = AF76C1E640964F1B8CED4082 /* Person.swift */; };
		3D8CC578A24F41869F9C623C /* Synopsis.swift in Sources */ = {isa = PBXBuildFile; fileRef = 35BC7831AF5944C18EB1686F /* Synopsis.swift */; };
		A3C0115B0D73440E884A3EA8 /* libReact.a in Frameworks */ = {isa = PBXBuildFile; fileRef = EA574D4ACE1D4339BE38C02F /* libReact.a */; };
		A459D95C14C949EFB584B434 /* libRCTActionSheet.a in Frameworks */ = {isa = PBXBuildFile; fileRef = 888709B8487B4D89B392C1A5 /* libRCTActionSheet.a */; };
		0B31DF0EC23D414590C2CF46 /* libRCTImage.a in Frameworks */ = {isa = PBXBuildFile; fileRef = 5B11538C0C4C4EBA9F4F8CC3 /* libRCTImage.a */; };
		95176B85442D4ECF9DE237F2 /* libRCTAnimation.a in Frameworks */ = {isa = PBXBuildFile; fileRef = 5BF2351493294344A9180516 /* libRCTAnimation.a */; };
		4827BF721A68437594F0889C /* libRCTText.a in Frameworks */ = {isa = PBXBuildFile; fileRef = B35F2960CBF04BACAB26E16F /* libRCTText.a */; };
		FBBBFBDFAB334545BB41D28E /* libRCTWebSocket.a in Frameworks */ = {isa = PBXBuildFile; fileRef = 385CF38F9AC348EEB21DB8E4 /* libRCTWebSocket.a */; };
		8831558805B1432683B8C3B4 /* libRCTGeolocation.a in Frameworks */ = {isa = PBXBuildFile; fileRef = E78C25C5498C4930AA3F8E36 /* libRCTGeolocation.a */; };
		F2E8B3C7F11043D28854CA44 /* libRCTLinking.a in Frameworks */ = {isa = PBXBuildFile; fileRef = CCB6224FEE314F8CB3CA5A1B /* libRCTLinking.a */; };
		25AF59A3CE5D4F59A0F34461 /* libRCTNetwork.a in Frameworks */ = {isa = PBXBuildFile; fileRef = 15897455D1314BE9956DFF4B /* libRCTNetwork.a */; };
		65B090EC3BCF4FACBABD7FFE /* libRCTSettings.a in Frameworks */ = {isa = PBXBuildFile; fileRef = 284EC617FAFF4D4CBBC7812B /* libRCTSettings.a */; };
		915F1BBE5A5345EEB0BBD95E /* libRCTVibration.a in Frameworks */ = {isa = PBXBuildFile; fileRef = FE68EA5FCCA8470FB4A831BB /* libRCTVibration.a */; };
		D4E9F405D35A492397B5D3E3 /* libRCTCameraRoll.a in Frameworks */ = {isa = PBXBuildFile; fileRef = C819EC8969FC4CDE9C0A3188 /* libRCTCameraRoll.a */; };
		22D4117D9B6D45748E8C6F08 /* RequestHandlerConfig.swift in Sources */ = {isa = PBXBuildFile; fileRef = E91A0991B48F49EB947A2AA6 /* RequestHandlerConfig.swift */; };
		1B68EBE055554F5598A1B26E /* RequestHandlerProvider.swift in Sources */ = {isa = PBXBuildFile; fileRef = 4A668CD74A9B472F8C76E1EA /* RequestHandlerProvider.swift */; };
		CD7468F888884FB98A4DB447 /* MoviesApiController.swift in Sources */ = {isa = PBXBuildFile; fileRef = 841C60807B884E248850E63A /* MoviesApiController.swift */; };
		6B9643CD4228409090299CE8 /* MoviesApiRequestHandlerDelegate.swift in Sources */ = {isa = PBXBuildFile; fileRef = 0603597631FE4E5E82AD4259 /* MoviesApiRequestHandlerDelegate.swift */; };
		FB6314D153FB4D6C8374FCFE /* MoviesApiRequestHandlerProvider.swift in Sources */ = {isa = PBXBuildFile; fileRef = 31EE818C61A2406AA1D29A2B /* MoviesApiRequestHandlerProvider.swift */; };
/* End PBXBuildFile section */

/* Begin PBXContainerItemProxy section */
		485009EE1E2FF23C009B6610 /* PBXContainerItemProxy */ = {
			isa = PBXContainerItemProxy;
			containerPortal = 485009DA1E2FF23B009B6610 /* Project object */;
			proxyType = 1;
			remoteGlobalIDString = 485009E21E2FF23B009B6610;
			remoteInfo = ElectrodeApiImpl;
		};
		F8B03C876DE34128BDBE9D62 /* PBXContainerItemProxy */ = {
			isa = PBXContainerItemProxy;
			containerPortal = 1544CCBE7D024DE48E9A64B3 /* React.xcodeproj */;
			proxyType = 1;
			remoteGlobalIDString = F62616DF62BA49EE955ED38B;
			remoteInfo = React;
		};
		FD21B5AAEA8A4A32A68B985A /* PBXContainerItemProxy */ = {
			isa = PBXContainerItemProxy;
			containerPortal = 1544CCBE7D024DE48E9A64B3 /* React.xcodeproj */;
			proxyType = 2;
			remoteGlobalIDString = 83CBBA2E1A601D0E00E9B192;
			remoteInfo = React;
		};
		5AFD5BA03B684C2E8D6B990F /* PBXContainerItemProxy */ = {
			isa = PBXContainerItemProxy;
			containerPortal = BF61B3335B0144CC89D6844F /* RCTActionSheet.xcodeproj */;
			proxyType = 1;
			remoteGlobalIDString = 5F4981B88454400687E62CC1;
			remoteInfo = RCTActionSheet;
		};
		7BE99964066F4A2592DB57DA /* PBXContainerItemProxy */ = {
			isa = PBXContainerItemProxy;
			containerPortal = BF61B3335B0144CC89D6844F /* RCTActionSheet.xcodeproj */;
			proxyType = 2;
			remoteGlobalIDString = 134814201AA4EA6300B7C361;
			remoteInfo = RCTActionSheet;
		};
		A2207FEB473C4A16890E310B /* PBXContainerItemProxy */ = {
			isa = PBXContainerItemProxy;
			containerPortal = 35CD038D61144372994F5368 /* RCTImage.xcodeproj */;
			proxyType = 1;
			remoteGlobalIDString = C28FA4AC5B1F4978B3DBCCFA;
			remoteInfo = RCTImage;
		};
		0584D0A1D9854E7E92EB9808 /* PBXContainerItemProxy */ = {
			isa = PBXContainerItemProxy;
			containerPortal = 35CD038D61144372994F5368 /* RCTImage.xcodeproj */;
			proxyType = 2;
			remoteGlobalIDString = 58B5115D1A9E6B3D00147676;
			remoteInfo = RCTImage;
		};
		21256F94E3954B519AF7798D /* PBXContainerItemProxy */ = {
			isa = PBXContainerItemProxy;
			containerPortal = 9E2EEFCEE9E14E939D716282 /* RCTAnimation.xcodeproj */;
			proxyType = 1;
			remoteGlobalIDString = 640D8187903F4B9E94927013;
			remoteInfo = RCTAnimation;
		};
		95B7D9613A7C4830B9DED95F /* PBXContainerItemProxy */ = {
			isa = PBXContainerItemProxy;
			containerPortal = 9E2EEFCEE9E14E939D716282 /* RCTAnimation.xcodeproj */;
			proxyType = 2;
			remoteGlobalIDString = 134814201AA4EA6300B7C361;
			remoteInfo = RCTAnimation;
		};
		02DD42D7E7DF4AAD87A6EE7B /* PBXContainerItemProxy */ = {
			isa = PBXContainerItemProxy;
			containerPortal = 57079F14E8F946AE910E26F4 /* RCTText.xcodeproj */;
			proxyType = 1;
			remoteGlobalIDString = 44B3CD569F834EB79685088A;
			remoteInfo = RCTText;
		};
		FACADFFB8B6B41A8941B5351 /* PBXContainerItemProxy */ = {
			isa = PBXContainerItemProxy;
			containerPortal = 57079F14E8F946AE910E26F4 /* RCTText.xcodeproj */;
			proxyType = 2;
			remoteGlobalIDString = 58B5119B1A9E6C1200147676;
			remoteInfo = RCTText;
		};
		3483109FF2344EA3885B7BCE /* PBXContainerItemProxy */ = {
			isa = PBXContainerItemProxy;
			containerPortal = 219C9D89E42C4E0B92F128EA /* RCTWebSocket.xcodeproj */;
			proxyType = 1;
			remoteGlobalIDString = C8FCC02F9B5C4B1B8C2226FC;
			remoteInfo = RCTWebSocket;
		};
		079222C45FD44739A42A94CE /* PBXContainerItemProxy */ = {
			isa = PBXContainerItemProxy;
			containerPortal = 219C9D89E42C4E0B92F128EA /* RCTWebSocket.xcodeproj */;
			proxyType = 2;
			remoteGlobalIDString = 3C86DF461ADF2C930047B81A;
			remoteInfo = RCTWebSocket;
		};
		54CC1BED059343E89132802E /* PBXContainerItemProxy */ = {
			isa = PBXContainerItemProxy;
			containerPortal = 05F8416751374748982B838D /* RCTGeolocation.xcodeproj */;
			proxyType = 1;
			remoteGlobalIDString = 60552716ABA74B5382D5367D;
			remoteInfo = RCTGeolocation;
		};
		8103871DFAFC4DDAABC628A5 /* PBXContainerItemProxy */ = {
			isa = PBXContainerItemProxy;
			containerPortal = 05F8416751374748982B838D /* RCTGeolocation.xcodeproj */;
			proxyType = 2;
			remoteGlobalIDString = 134814201AA4EA6300B7C361;
			remoteInfo = RCTGeolocation;
		};
		BC34FC14F5E246A0AB84A3D6 /* PBXContainerItemProxy */ = {
			isa = PBXContainerItemProxy;
			containerPortal = B0F64207AF804EACB6C27C05 /* RCTLinking.xcodeproj */;
			proxyType = 1;
			remoteGlobalIDString = A90817F655664E63B3BD458A;
			remoteInfo = RCTLinking;
		};
		B9E580C545174CA389A292D5 /* PBXContainerItemProxy */ = {
			isa = PBXContainerItemProxy;
			containerPortal = B0F64207AF804EACB6C27C05 /* RCTLinking.xcodeproj */;
			proxyType = 2;
			remoteGlobalIDString = 134814201AA4EA6300B7C361;
			remoteInfo = RCTLinking;
		};
		3011338DA7A547F28615C3A3 /* PBXContainerItemProxy */ = {
			isa = PBXContainerItemProxy;
			containerPortal = 053F214B5A474F75B25F98AC /* RCTNetwork.xcodeproj */;
			proxyType = 1;
			remoteGlobalIDString = 12214453A5E949EAA5275C01;
			remoteInfo = RCTNetwork;
		};
		9F536EE47C204515A20FE6E8 /* PBXContainerItemProxy */ = {
			isa = PBXContainerItemProxy;
			containerPortal = 053F214B5A474F75B25F98AC /* RCTNetwork.xcodeproj */;
			proxyType = 2;
			remoteGlobalIDString = 58B511DB1A9E6C8500147676;
			remoteInfo = RCTNetwork;
		};
		699C50D71D4D485786E2133A /* PBXContainerItemProxy */ = {
			isa = PBXContainerItemProxy;
			containerPortal = 71375DC6A67A40798C558D78 /* RCTSettings.xcodeproj */;
			proxyType = 1;
			remoteGlobalIDString = FF7735BE1A9640D4AB4FE56B;
			remoteInfo = RCTSettings;
		};
		E75690617CDF4C429A3BDB72 /* PBXContainerItemProxy */ = {
			isa = PBXContainerItemProxy;
			containerPortal = 71375DC6A67A40798C558D78 /* RCTSettings.xcodeproj */;
			proxyType = 2;
			remoteGlobalIDString = 134814201AA4EA6300B7C361;
			remoteInfo = RCTSettings;
		};
		63E057ADFB9449A2A435EF36 /* PBXContainerItemProxy */ = {
			isa = PBXContainerItemProxy;
			containerPortal = F7164064FB9B42D4B9185519 /* RCTVibration.xcodeproj */;
			proxyType = 1;
			remoteGlobalIDString = A3E9DA76460540DC94F9C17F;
			remoteInfo = RCTVibration;
		};
		E681ACCEF32D4239ACC03C8D /* PBXContainerItemProxy */ = {
			isa = PBXContainerItemProxy;
			containerPortal = F7164064FB9B42D4B9185519 /* RCTVibration.xcodeproj */;
			proxyType = 2;
			remoteGlobalIDString = 832C81801AAF6DEF007FA2F7;
			remoteInfo = RCTVibration;
		};
		174D18D65A8E4A4AAEF25D85 /* PBXContainerItemProxy */ = {
			isa = PBXContainerItemProxy;
			containerPortal = BE4DA785A4D94456BB4E19B4 /* RCTCameraRoll.xcodeproj */;
			proxyType = 1;
			remoteGlobalIDString = 85D7265FDA5941518A89AEE8;
			remoteInfo = RCTCameraRoll;
		};
		F8BA5A09E0B44299B72A5590 /* PBXContainerItemProxy */ = {
			isa = PBXContainerItemProxy;
			containerPortal = BE4DA785A4D94456BB4E19B4 /* RCTCameraRoll.xcodeproj */;
			proxyType = 2;
			remoteGlobalIDString = 58B5115D1A9E6B3D00147676;
			remoteInfo = RCTCameraRoll;
		};
/* End PBXContainerItemProxy section */

/* Begin PBXFileReference section */
		2265A4A11EB26943007D6C3D /* Info.plist */ = {isa = PBXFileReference; fileEncoding = 4; lastKnownFileType = text.plist.xml; path = Info.plist; sourceTree = "<group>"; };
		30B77DD51E66518E00EF3A78 /* ElectrodeBridgeDelegateTests.m */ = {isa = PBXFileReference; fileEncoding = 4; lastKnownFileType = sourcecode.c.objc; path = ElectrodeBridgeDelegateTests.m; sourceTree = "<group>"; };
		30F8CDE31E677D7C00413247 /* ElectrodeReactNativeTests.m */ = {isa = PBXFileReference; fileEncoding = 4; lastKnownFileType = sourcecode.c.objc; path = ElectrodeReactNativeTests.m; sourceTree = "<group>"; };
		30F8CDED1E67946E00413247 /* ElectrodeReactNative_Internal.h */ = {isa = PBXFileReference; fileEncoding = 4; lastKnownFileType = sourcecode.c.h; path = ElectrodeReactNative_Internal.h; sourceTree = "<group>"; };
		485009E31E2FF23B009B6610 /* ElectrodeApiImpl.framework */ = {isa = PBXFileReference; explicitFileType = wrapper.framework; includeInIndex = 0; path = ElectrodeApiImpl.framework; sourceTree = BUILT_PRODUCTS_DIR; };
		485009E61E2FF23B009B6610 /* ElectrodeApiImpl.h */ = {isa = PBXFileReference; lastKnownFileType = sourcecode.c.h; path = ElectrodeApiImpl.h; sourceTree = "<group>"; };
		485009EC1E2FF23C009B6610 /* ElectrodeApiImplTests.xctest */ = {isa = PBXFileReference; explicitFileType = wrapper.cfbundle; includeInIndex = 0; path = ElectrodeApiImplTests.xctest; sourceTree = BUILT_PRODUCTS_DIR; };
		485009F11E2FF23C009B6610 /* ElectrodeApiImplTests.m */ = {isa = PBXFileReference; lastKnownFileType = sourcecode.c.objc; path = ElectrodeApiImplTests.m; sourceTree = "<group>"; };
		485009F31E2FF23C009B6610 /* Info.plist */ = {isa = PBXFileReference; lastKnownFileType = text.plist.xml; path = Info.plist; sourceTree = "<group>"; };
		48500A961E2FF55B009B6610 /* ElectrodeReactNative.h */ = {isa = PBXFileReference; fileEncoding = 4; lastKnownFileType = sourcecode.c.h; path = ElectrodeReactNative.h; sourceTree = "<group>"; };
		48500A971E2FF55B009B6610 /* ElectrodeReactNative.m */ = {isa = PBXFileReference; fileEncoding = 4; lastKnownFileType = sourcecode.c.objc; path = ElectrodeReactNative.m; sourceTree = "<group>"; };
		968333D51E54E3470031C565 /* ElectrodeBridgeDelegate.h */ = {isa = PBXFileReference; fileEncoding = 4; lastKnownFileType = sourcecode.c.h; path = ElectrodeBridgeDelegate.h; sourceTree = "<group>"; };
		968333D61E54E3470031C565 /* ElectrodeBridgeDelegate.m */ = {isa = PBXFileReference; fileEncoding = 4; lastKnownFileType = sourcecode.c.objc; path = ElectrodeBridgeDelegate.m; sourceTree = "<group>"; };
		1C821A16885E43959F2203B3 /* ElectrodeObject.swift */ = {isa = PBXFileReference; name = "ElectrodeObject.swift"; path = "ElectrodeReactNativeBridge/ElectrodeObject.swift"; sourceTree = "<group>"; fileEncoding = 4; lastKnownFileType = sourcecode.swift; explicitFileType = undefined; includeInIndex = 0; };
		38150F98025E4102A6A153E0 /* Bridgeable.swift */ = {isa = PBXFileReference; name = "Bridgeable.swift"; path = "ElectrodeReactNativeBridge/Bridgeable.swift"; sourceTree = "<group>"; fileEncoding = 4; lastKnownFileType = sourcecode.swift; explicitFileType = undefined; includeInIndex = 0; };
		F7DC1460033F43F8A931181B /* ElectrodeRequestHandlerProcessor.swift */ = {isa = PBXFileReference; name = "ElectrodeRequestHandlerProcessor.swift"; path = "ElectrodeReactNativeBridge/ElectrodeRequestHandlerProcessor.swift"; sourceTree = "<group>"; fileEncoding = 4; lastKnownFileType = sourcecode.swift; explicitFileType = undefined; includeInIndex = 0; };
		C78EAD4336364F39B814D5F1 /* ElectrodeRequestProcessor.swift */ = {isa = PBXFileReference; name = "ElectrodeRequestProcessor.swift"; path = "ElectrodeReactNativeBridge/ElectrodeRequestProcessor.swift"; sourceTree = "<group>"; fileEncoding = 4; lastKnownFileType = sourcecode.swift; explicitFileType = undefined; includeInIndex = 0; };
		C37575AEBCBD42FEBCE1C420 /* ElectrodeUtilities.swift */ = {isa = PBXFileReference; name = "ElectrodeUtilities.swift"; path = "ElectrodeReactNativeBridge/ElectrodeUtilities.swift"; sourceTree = "<group>"; fileEncoding = 4; lastKnownFileType = sourcecode.swift; explicitFileType = undefined; includeInIndex = 0; };
		41C443D43605436FB5028C1C /* EventListenerProcessor.swift */ = {isa = PBXFileReference; name = "EventListenerProcessor.swift"; path = "ElectrodeReactNativeBridge/EventListenerProcessor.swift"; sourceTree = "<group>"; fileEncoding = 4; lastKnownFileType = sourcecode.swift; explicitFileType = undefined; includeInIndex = 0; };
		C3F14ACBA80A44EDBB8E5A5E /* EventProcessor.swift */ = {isa = PBXFileReference; name = "EventProcessor.swift"; path = "ElectrodeReactNativeBridge/EventProcessor.swift"; sourceTree = "<group>"; fileEncoding = 4; lastKnownFileType = sourcecode.swift; explicitFileType = undefined; includeInIndex = 0; };
		0A43E070E4CE442C9F76813B /* Processor.swift */ = {isa = PBXFileReference; name = "Processor.swift"; path = "ElectrodeReactNativeBridge/Processor.swift"; sourceTree = "<group>"; fileEncoding = 4; lastKnownFileType = sourcecode.swift; explicitFileType = undefined; includeInIndex = 0; };
		7831190CB9E641A39E876A67 /* None.swift */ = {isa = PBXFileReference; name = "None.swift"; path = "ElectrodeReactNativeBridge/None.swift"; sourceTree = "<group>"; fileEncoding = 4; lastKnownFileType = sourcecode.swift; explicitFileType = undefined; includeInIndex = 0; };
		4E8ECDF46E0E4060B7A87D35 /* ElectrodeBridgeEvent.m */ = {isa = PBXFileReference; name = "ElectrodeBridgeEvent.m"; path = "ElectrodeReactNativeBridge/ElectrodeBridgeEvent.m"; sourceTree = "<group>"; fileEncoding = 4; lastKnownFileType = sourcecode.c.objc; explicitFileType = undefined; includeInIndex = 0; };
		D1DFED2260B64DCF8DCEB313 /* ElectrodeBridgeFailureMessage.m */ = {isa = PBXFileReference; name = "ElectrodeBridgeFailureMessage.m"; path = "ElectrodeReactNativeBridge/ElectrodeBridgeFailureMessage.m"; sourceTree = "<group>"; fileEncoding = 4; lastKnownFileType = sourcecode.c.objc; explicitFileType = undefined; includeInIndex = 0; };
		9729A8F2375041BBBE9BA582 /* ElectrodeBridgeHolder.m */ = {isa = PBXFileReference; name = "ElectrodeBridgeHolder.m"; path = "ElectrodeReactNativeBridge/ElectrodeBridgeHolder.m"; sourceTree = "<group>"; fileEncoding = 4; lastKnownFileType = sourcecode.c.objc; explicitFileType = undefined; includeInIndex = 0; };
		0CF4E35588284A54AEEB69F4 /* ElectrodeBridgeMessage.m */ = {isa = PBXFileReference; name = "ElectrodeBridgeMessage.m"; path = "ElectrodeReactNativeBridge/ElectrodeBridgeMessage.m"; sourceTree = "<group>"; fileEncoding = 4; lastKnownFileType = sourcecode.c.objc; explicitFileType = undefined; includeInIndex = 0; };
		8ABDF021866749B899E14B84 /* ElectrodeBridgeProtocols.m */ = {isa = PBXFileReference; name = "ElectrodeBridgeProtocols.m"; path = "ElectrodeReactNativeBridge/ElectrodeBridgeProtocols.m"; sourceTree = "<group>"; fileEncoding = 4; lastKnownFileType = sourcecode.c.objc; explicitFileType = undefined; includeInIndex = 0; };
		1B7F20E007764A93990CCA52 /* ElectrodeBridgeRequest.m */ = {isa = PBXFileReference; name = "ElectrodeBridgeRequest.m"; path = "ElectrodeReactNativeBridge/ElectrodeBridgeRequest.m"; sourceTree = "<group>"; fileEncoding = 4; lastKnownFileType = sourcecode.c.objc; explicitFileType = undefined; includeInIndex = 0; };
		064BEDB86064442A93A30A4F /* ElectrodeBridgeResponse.m */ = {isa = PBXFileReference; name = "ElectrodeBridgeResponse.m"; path = "ElectrodeReactNativeBridge/ElectrodeBridgeResponse.m"; sourceTree = "<group>"; fileEncoding = 4; lastKnownFileType = sourcecode.c.objc; explicitFileType = undefined; includeInIndex = 0; };
		FDC9444D66404F2AB65A430A /* ElectrodeBridgeTransaction.m */ = {isa = PBXFileReference; name = "ElectrodeBridgeTransaction.m"; path = "ElectrodeReactNativeBridge/ElectrodeBridgeTransaction.m"; sourceTree = "<group>"; fileEncoding = 4; lastKnownFileType = sourcecode.c.objc; explicitFileType = undefined; includeInIndex = 0; };
		316D281B471B43099159C32D /* ElectrodeBridgeTransceiver.m */ = {isa = PBXFileReference; name = "ElectrodeBridgeTransceiver.m"; path = "ElectrodeReactNativeBridge/ElectrodeBridgeTransceiver.m"; sourceTree = "<group>"; fileEncoding = 4; lastKnownFileType = sourcecode.c.objc; explicitFileType = undefined; includeInIndex = 0; };
		F4BBA262FD0C4A69AE485623 /* ElectrodeEventDispatcher.m */ = {isa = PBXFileReference; name = "ElectrodeEventDispatcher.m"; path = "ElectrodeReactNativeBridge/ElectrodeEventDispatcher.m"; sourceTree = "<group>"; fileEncoding = 4; lastKnownFileType = sourcecode.c.objc; explicitFileType = undefined; includeInIndex = 0; };
		5FAAF14E5F0546F193C358A2 /* ElectrodeEventRegistrar.m */ = {isa = PBXFileReference; name = "ElectrodeEventRegistrar.m"; path = "ElectrodeReactNativeBridge/ElectrodeEventRegistrar.m"; sourceTree = "<group>"; fileEncoding = 4; lastKnownFileType = sourcecode.c.objc; explicitFileType = undefined; includeInIndex = 0; };
		9BEF50B8FE494CA5B48607A2 /* ElectrodeRequestDispatcher.m */ = {isa = PBXFileReference; name = "ElectrodeRequestDispatcher.m"; path = "ElectrodeReactNativeBridge/ElectrodeRequestDispatcher.m"; sourceTree = "<group>"; fileEncoding = 4; lastKnownFileType = sourcecode.c.objc; explicitFileType = undefined; includeInIndex = 0; };
		94818E3A4BCE449D92DEAED8 /* ElectrodeRequestRegistrar.m */ = {isa = PBXFileReference; name = "ElectrodeRequestRegistrar.m"; path = "ElectrodeReactNativeBridge/ElectrodeRequestRegistrar.m"; sourceTree = "<group>"; fileEncoding = 4; lastKnownFileType = sourcecode.c.objc; explicitFileType = undefined; includeInIndex = 0; };
		7E853ADB76BE4232BEB74F52 /* ElectrodeLogger.m */ = {isa = PBXFileReference; name = "ElectrodeLogger.m"; path = "ElectrodeReactNativeBridge/ElectrodeLogger.m"; sourceTree = "<group>"; fileEncoding = 4; lastKnownFileType = sourcecode.c.objc; explicitFileType = undefined; includeInIndex = 0; };
		B31D3871B0444327A078CD17 /* ElectrodeBridgeEvent.h */ = {isa = PBXFileReference; name = "ElectrodeBridgeEvent.h"; path = "ElectrodeReactNativeBridge/ElectrodeBridgeEvent.h"; sourceTree = "<group>"; fileEncoding = 4; lastKnownFileType = sourcecode.c.h; explicitFileType = undefined; includeInIndex = 0; };
		D247E4959B9443CEAC69BE31 /* ElectrodeBridgeFailureMessage.h */ = {isa = PBXFileReference; name = "ElectrodeBridgeFailureMessage.h"; path = "ElectrodeReactNativeBridge/ElectrodeBridgeFailureMessage.h"; sourceTree = "<group>"; fileEncoding = 4; lastKnownFileType = sourcecode.c.h; explicitFileType = undefined; includeInIndex = 0; };
		6CD97AF72FD94D0EA169FA7C /* ElectrodeBridgeHolder.h */ = {isa = PBXFileReference; name = "ElectrodeBridgeHolder.h"; path = "ElectrodeReactNativeBridge/ElectrodeBridgeHolder.h"; sourceTree = "<group>"; fileEncoding = 4; lastKnownFileType = sourcecode.c.h; explicitFileType = undefined; includeInIndex = 0; };
		4E05D1600BDE439F9C09BF4E /* ElectrodeBridgeMessage.h */ = {isa = PBXFileReference; name = "ElectrodeBridgeMessage.h"; path = "ElectrodeReactNativeBridge/ElectrodeBridgeMessage.h"; sourceTree = "<group>"; fileEncoding = 4; lastKnownFileType = sourcecode.c.h; explicitFileType = undefined; includeInIndex = 0; };
		269AE846383C45C6A94283D8 /* ElectrodeBridgeProtocols.h */ = {isa = PBXFileReference; name = "ElectrodeBridgeProtocols.h"; path = "ElectrodeReactNativeBridge/ElectrodeBridgeProtocols.h"; sourceTree = "<group>"; fileEncoding = 4; lastKnownFileType = sourcecode.c.h; explicitFileType = undefined; includeInIndex = 0; };
		5E1230869E804191955764AC /* ElectrodeBridgeRequest.h */ = {isa = PBXFileReference; name = "ElectrodeBridgeRequest.h"; path = "ElectrodeReactNativeBridge/ElectrodeBridgeRequest.h"; sourceTree = "<group>"; fileEncoding = 4; lastKnownFileType = sourcecode.c.h; explicitFileType = undefined; includeInIndex = 0; };
		EF27DE1A69F94C78BBF0E1F7 /* ElectrodeBridgeTransaction.h */ = {isa = PBXFileReference; name = "ElectrodeBridgeTransaction.h"; path = "ElectrodeReactNativeBridge/ElectrodeBridgeTransaction.h"; sourceTree = "<group>"; fileEncoding = 4; lastKnownFileType = sourcecode.c.h; explicitFileType = undefined; includeInIndex = 0; };
		FFB8A590844F4840AEFF3713 /* ElectrodeBridgeTransceiver.h */ = {isa = PBXFileReference; name = "ElectrodeBridgeTransceiver.h"; path = "ElectrodeReactNativeBridge/ElectrodeBridgeTransceiver.h"; sourceTree = "<group>"; fileEncoding = 4; lastKnownFileType = sourcecode.c.h; explicitFileType = undefined; includeInIndex = 0; };
		54A3A659DC62494BB877CD91 /* ElectrodeBridgeTransceiver_Internal.h */ = {isa = PBXFileReference; name = "ElectrodeBridgeTransceiver_Internal.h"; path = "ElectrodeReactNativeBridge/ElectrodeBridgeTransceiver_Internal.h"; sourceTree = "<group>"; fileEncoding = 4; lastKnownFileType = sourcecode.c.h; explicitFileType = undefined; includeInIndex = 0; };
		60C2CC28CCBF496EA7AEEE99 /* ElectrodeEventDispatcher.h */ = {isa = PBXFileReference; name = "ElectrodeEventDispatcher.h"; path = "ElectrodeReactNativeBridge/ElectrodeEventDispatcher.h"; sourceTree = "<group>"; fileEncoding = 4; lastKnownFileType = sourcecode.c.h; explicitFileType = undefined; includeInIndex = 0; };
		90A8CBB3D9544C63A2A23CA3 /* ElectrodeEventRegistrar.h */ = {isa = PBXFileReference; name = "ElectrodeEventRegistrar.h"; path = "ElectrodeReactNativeBridge/ElectrodeEventRegistrar.h"; sourceTree = "<group>"; fileEncoding = 4; lastKnownFileType = sourcecode.c.h; explicitFileType = undefined; includeInIndex = 0; };
		A6652C069D8E44E5BFC9C8DF /* ElectrodeRequestDispatcher.h */ = {isa = PBXFileReference; name = "ElectrodeRequestDispatcher.h"; path = "ElectrodeReactNativeBridge/ElectrodeRequestDispatcher.h"; sourceTree = "<group>"; fileEncoding = 4; lastKnownFileType = sourcecode.c.h; explicitFileType = undefined; includeInIndex = 0; };
		D3607ADDA9FD45DD89919816 /* ElectrodeRequestRegistrar.h */ = {isa = PBXFileReference; name = "ElectrodeRequestRegistrar.h"; path = "ElectrodeReactNativeBridge/ElectrodeRequestRegistrar.h"; sourceTree = "<group>"; fileEncoding = 4; lastKnownFileType = sourcecode.c.h; explicitFileType = undefined; includeInIndex = 0; };
		EDEEAF983A1C4BE2A8E42324 /* ElectrodeReactNativeBridge.h */ = {isa = PBXFileReference; name = "ElectrodeReactNativeBridge.h"; path = "ElectrodeReactNativeBridge/ElectrodeReactNativeBridge.h"; sourceTree = "<group>"; fileEncoding = 4; lastKnownFileType = sourcecode.c.h; explicitFileType = undefined; includeInIndex = 0; };
		95C129A0912A4EBB87B93D49 /* ElectrodeBridgeResponse.h */ = {isa = PBXFileReference; name = "ElectrodeBridgeResponse.h"; path = "ElectrodeReactNativeBridge/ElectrodeBridgeResponse.h"; sourceTree = "<group>"; fileEncoding = 4; lastKnownFileType = sourcecode.c.h; explicitFileType = undefined; includeInIndex = 0; };
		6F8D7C1195EA44049C1B4647 /* ElectrodeLogger.h */ = {isa = PBXFileReference; name = "ElectrodeLogger.h"; path = "ElectrodeReactNativeBridge/ElectrodeLogger.h"; sourceTree = "<group>"; fileEncoding = 4; lastKnownFileType = sourcecode.c.h; explicitFileType = undefined; includeInIndex = 0; };
		5744ACFD707B44A99200A2C5 /* BirthYear.swift */ = {isa = PBXFileReference; name = "BirthYear.swift"; path = "APIs/BirthYear.swift"; sourceTree = "<group>"; fileEncoding = 4; lastKnownFileType = sourcecode.swift; explicitFileType = undefined; includeInIndex = 0; };
		811CDB2FA71C4BC7898507FB /* Movie.swift */ = {isa = PBXFileReference; name = "Movie.swift"; path = "APIs/Movie.swift"; sourceTree = "<group>"; fileEncoding = 4; lastKnownFileType = sourcecode.swift; explicitFileType = undefined; includeInIndex = 0; };
		D9F8B8A6106B4097B2E299AC /* MoviesAPI.swift */ = {isa = PBXFileReference; name = "MoviesAPI.swift"; path = "APIs/MoviesAPI.swift"; sourceTree = "<group>"; fileEncoding = 4; lastKnownFileType = sourcecode.swift; explicitFileType = undefined; includeInIndex = 0; };
		A990BF285181476EA42D67E2 /* MoviesRequests.swift */ = {isa = PBXFileReference; name = "MoviesRequests.swift"; path = "APIs/MoviesRequests.swift"; sourceTree = "<group>"; fileEncoding = 4; lastKnownFileType = sourcecode.swift; explicitFileType = undefined; includeInIndex = 0; };
		AF76C1E640964F1B8CED4082 /* Person.swift */ = {isa = PBXFileReference; name = "Person.swift"; path = "APIs/Person.swift"; sourceTree = "<group>"; fileEncoding = 4; lastKnownFileType = sourcecode.swift; explicitFileType = undefined; includeInIndex = 0; };
		35BC7831AF5944C18EB1686F /* Synopsis.swift */ = {isa = PBXFileReference; name = "Synopsis.swift"; path = "APIs/Synopsis.swift"; sourceTree = "<group>"; fileEncoding = 4; lastKnownFileType = sourcecode.swift; explicitFileType = undefined; includeInIndex = 0; };
		1544CCBE7D024DE48E9A64B3 /* React.xcodeproj */ = {isa = PBXFileReference; name = "React.xcodeproj"; path = "ReactNative/React/React.xcodeproj"; sourceTree = "<group>"; fileEncoding = undefined; lastKnownFileType = wrapper.pb-project; explicitFileType = undefined; includeInIndex = 0; };
		EA574D4ACE1D4339BE38C02F /* libReact.a */ = {isa = PBXFileReference; name = "libReact.a"; path = "libReact.a"; sourceTree = "<group>"; fileEncoding = undefined; lastKnownFileType = archive.ar; explicitFileType = undefined; includeInIndex = 0; };
		BF61B3335B0144CC89D6844F /* RCTActionSheet.xcodeproj */ = {isa = PBXFileReference; name = "RCTActionSheet.xcodeproj"; path = "ReactNative/ActionSheetIOS/RCTActionSheet.xcodeproj"; sourceTree = "<group>"; fileEncoding = undefined; lastKnownFileType = wrapper.pb-project; explicitFileType = undefined; includeInIndex = 0; };
		888709B8487B4D89B392C1A5 /* libRCTActionSheet.a */ = {isa = PBXFileReference; name = "libRCTActionSheet.a"; path = "libRCTActionSheet.a"; sourceTree = "<group>"; fileEncoding = undefined; lastKnownFileType = archive.ar; explicitFileType = undefined; includeInIndex = 0; };
		35CD038D61144372994F5368 /* RCTImage.xcodeproj */ = {isa = PBXFileReference; name = "RCTImage.xcodeproj"; path = "ReactNative/Image/RCTImage.xcodeproj"; sourceTree = "<group>"; fileEncoding = undefined; lastKnownFileType = wrapper.pb-project; explicitFileType = undefined; includeInIndex = 0; };
		5B11538C0C4C4EBA9F4F8CC3 /* libRCTImage.a */ = {isa = PBXFileReference; name = "libRCTImage.a"; path = "libRCTImage.a"; sourceTree = "<group>"; fileEncoding = undefined; lastKnownFileType = archive.ar; explicitFileType = undefined; includeInIndex = 0; };
		9E2EEFCEE9E14E939D716282 /* RCTAnimation.xcodeproj */ = {isa = PBXFileReference; name = "RCTAnimation.xcodeproj"; path = "ReactNative/NativeAnimation/RCTAnimation.xcodeproj"; sourceTree = "<group>"; fileEncoding = undefined; lastKnownFileType = wrapper.pb-project; explicitFileType = undefined; includeInIndex = 0; };
		5BF2351493294344A9180516 /* libRCTAnimation.a */ = {isa = PBXFileReference; name = "libRCTAnimation.a"; path = "libRCTAnimation.a"; sourceTree = "<group>"; fileEncoding = undefined; lastKnownFileType = archive.ar; explicitFileType = undefined; includeInIndex = 0; };
		57079F14E8F946AE910E26F4 /* RCTText.xcodeproj */ = {isa = PBXFileReference; name = "RCTText.xcodeproj"; path = "ReactNative/Text/RCTText.xcodeproj"; sourceTree = "<group>"; fileEncoding = undefined; lastKnownFileType = wrapper.pb-project; explicitFileType = undefined; includeInIndex = 0; };
		B35F2960CBF04BACAB26E16F /* libRCTText.a */ = {isa = PBXFileReference; name = "libRCTText.a"; path = "libRCTText.a"; sourceTree = "<group>"; fileEncoding = undefined; lastKnownFileType = archive.ar; explicitFileType = undefined; includeInIndex = 0; };
		219C9D89E42C4E0B92F128EA /* RCTWebSocket.xcodeproj */ = {isa = PBXFileReference; name = "RCTWebSocket.xcodeproj"; path = "ReactNative/WebSocket/RCTWebSocket.xcodeproj"; sourceTree = "<group>"; fileEncoding = undefined; lastKnownFileType = wrapper.pb-project; explicitFileType = undefined; includeInIndex = 0; };
		385CF38F9AC348EEB21DB8E4 /* libRCTWebSocket.a */ = {isa = PBXFileReference; name = "libRCTWebSocket.a"; path = "libRCTWebSocket.a"; sourceTree = "<group>"; fileEncoding = undefined; lastKnownFileType = archive.ar; explicitFileType = undefined; includeInIndex = 0; };
		05F8416751374748982B838D /* RCTGeolocation.xcodeproj */ = {isa = PBXFileReference; name = "RCTGeolocation.xcodeproj"; path = "ReactNative/Geolocation/RCTGeolocation.xcodeproj"; sourceTree = "<group>"; fileEncoding = undefined; lastKnownFileType = wrapper.pb-project; explicitFileType = undefined; includeInIndex = 0; };
		E78C25C5498C4930AA3F8E36 /* libRCTGeolocation.a */ = {isa = PBXFileReference; name = "libRCTGeolocation.a"; path = "libRCTGeolocation.a"; sourceTree = "<group>"; fileEncoding = undefined; lastKnownFileType = archive.ar; explicitFileType = undefined; includeInIndex = 0; };
		B0F64207AF804EACB6C27C05 /* RCTLinking.xcodeproj */ = {isa = PBXFileReference; name = "RCTLinking.xcodeproj"; path = "ReactNative/LinkingIOS/RCTLinking.xcodeproj"; sourceTree = "<group>"; fileEncoding = undefined; lastKnownFileType = wrapper.pb-project; explicitFileType = undefined; includeInIndex = 0; };
		CCB6224FEE314F8CB3CA5A1B /* libRCTLinking.a */ = {isa = PBXFileReference; name = "libRCTLinking.a"; path = "libRCTLinking.a"; sourceTree = "<group>"; fileEncoding = undefined; lastKnownFileType = archive.ar; explicitFileType = undefined; includeInIndex = 0; };
		053F214B5A474F75B25F98AC /* RCTNetwork.xcodeproj */ = {isa = PBXFileReference; name = "RCTNetwork.xcodeproj"; path = "ReactNative/Network/RCTNetwork.xcodeproj"; sourceTree = "<group>"; fileEncoding = undefined; lastKnownFileType = wrapper.pb-project; explicitFileType = undefined; includeInIndex = 0; };
		15897455D1314BE9956DFF4B /* libRCTNetwork.a */ = {isa = PBXFileReference; name = "libRCTNetwork.a"; path = "libRCTNetwork.a"; sourceTree = "<group>"; fileEncoding = undefined; lastKnownFileType = archive.ar; explicitFileType = undefined; includeInIndex = 0; };
		71375DC6A67A40798C558D78 /* RCTSettings.xcodeproj */ = {isa = PBXFileReference; name = "RCTSettings.xcodeproj"; path = "ReactNative/Settings/RCTSettings.xcodeproj"; sourceTree = "<group>"; fileEncoding = undefined; lastKnownFileType = wrapper.pb-project; explicitFileType = undefined; includeInIndex = 0; };
		284EC617FAFF4D4CBBC7812B /* libRCTSettings.a */ = {isa = PBXFileReference; name = "libRCTSettings.a"; path = "libRCTSettings.a"; sourceTree = "<group>"; fileEncoding = undefined; lastKnownFileType = archive.ar; explicitFileType = undefined; includeInIndex = 0; };
		F7164064FB9B42D4B9185519 /* RCTVibration.xcodeproj */ = {isa = PBXFileReference; name = "RCTVibration.xcodeproj"; path = "ReactNative/Vibration/RCTVibration.xcodeproj"; sourceTree = "<group>"; fileEncoding = undefined; lastKnownFileType = wrapper.pb-project; explicitFileType = undefined; includeInIndex = 0; };
		FE68EA5FCCA8470FB4A831BB /* libRCTVibration.a */ = {isa = PBXFileReference; name = "libRCTVibration.a"; path = "libRCTVibration.a"; sourceTree = "<group>"; fileEncoding = undefined; lastKnownFileType = archive.ar; explicitFileType = undefined; includeInIndex = 0; };
		BE4DA785A4D94456BB4E19B4 /* RCTCameraRoll.xcodeproj */ = {isa = PBXFileReference; name = "RCTCameraRoll.xcodeproj"; path = "ReactNative/CameraRoll/RCTCameraRoll.xcodeproj"; sourceTree = "<group>"; fileEncoding = undefined; lastKnownFileType = wrapper.pb-project; explicitFileType = undefined; includeInIndex = 0; };
		C819EC8969FC4CDE9C0A3188 /* libRCTCameraRoll.a */ = {isa = PBXFileReference; name = "libRCTCameraRoll.a"; path = "libRCTCameraRoll.a"; sourceTree = "<group>"; fileEncoding = undefined; lastKnownFileType = archive.ar; explicitFileType = undefined; includeInIndex = 0; };
		E91A0991B48F49EB947A2AA6 /* RequestHandlerConfig.swift */ = {isa = PBXFileReference; name = "RequestHandlerConfig.swift"; path = "APIImpls/RequestHandlerConfig.swift"; sourceTree = "<group>"; fileEncoding = 4; lastKnownFileType = sourcecode.swift; explicitFileType = undefined; includeInIndex = 0; };
		4A668CD74A9B472F8C76E1EA /* RequestHandlerProvider.swift */ = {isa = PBXFileReference; name = "RequestHandlerProvider.swift"; path = "APIImpls/RequestHandlerProvider.swift"; sourceTree = "<group>"; fileEncoding = 4; lastKnownFileType = sourcecode.swift; explicitFileType = undefined; includeInIndex = 0; };
		841C60807B884E248850E63A /* MoviesApiController.swift */ = {isa = PBXFileReference; name = "MoviesApiController.swift"; path = "APIImpls/MoviesApiController.swift"; sourceTree = "<group>"; fileEncoding = 4; lastKnownFileType = sourcecode.swift; explicitFileType = undefined; includeInIndex = 0; };
		0603597631FE4E5E82AD4259 /* MoviesApiRequestHandlerDelegate.swift */ = {isa = PBXFileReference; name = "MoviesApiRequestHandlerDelegate.swift"; path = "APIImpls/MoviesApiRequestHandlerDelegate.swift"; sourceTree = "<group>"; fileEncoding = 4; lastKnownFileType = sourcecode.swift; explicitFileType = undefined; includeInIndex = 0; };
		31EE818C61A2406AA1D29A2B /* MoviesApiRequestHandlerProvider.swift */ = {isa = PBXFileReference; name = "MoviesApiRequestHandlerProvider.swift"; path = "APIImpls/MoviesApiRequestHandlerProvider.swift"; sourceTree = "<group>"; fileEncoding = 4; lastKnownFileType = sourcecode.swift; explicitFileType = undefined; includeInIndex = 0; };
/* End PBXFileReference section */

/* Begin PBXFrameworksBuildPhase section */
		485009DF1E2FF23B009B6610 /* Frameworks */ = {
			isa = PBXFrameworksBuildPhase;
			buildActionMask = 2147483647;
			files = (
				A3C0115B0D73440E884A3EA8 /* libReact.a in Frameworks */,
				A459D95C14C949EFB584B434 /* libRCTActionSheet.a in Frameworks */,
				0B31DF0EC23D414590C2CF46 /* libRCTImage.a in Frameworks */,
				95176B85442D4ECF9DE237F2 /* libRCTAnimation.a in Frameworks */,
				4827BF721A68437594F0889C /* libRCTText.a in Frameworks */,
				FBBBFBDFAB334545BB41D28E /* libRCTWebSocket.a in Frameworks */,
				8831558805B1432683B8C3B4 /* libRCTGeolocation.a in Frameworks */,
				F2E8B3C7F11043D28854CA44 /* libRCTLinking.a in Frameworks */,
				25AF59A3CE5D4F59A0F34461 /* libRCTNetwork.a in Frameworks */,
				65B090EC3BCF4FACBABD7FFE /* libRCTSettings.a in Frameworks */,
				915F1BBE5A5345EEB0BBD95E /* libRCTVibration.a in Frameworks */,
				D4E9F405D35A492397B5D3E3 /* libRCTCameraRoll.a in Frameworks */,
			);
			runOnlyForDeploymentPostprocessing = 0;
		};
		485009E91E2FF23C009B6610 /* Frameworks */ = {
			isa = PBXFrameworksBuildPhase;
			buildActionMask = 2147483647;
			files = (
				485009ED1E2FF23C009B6610 /* ElectrodeApiImpl.framework in Frameworks */,
			);
			runOnlyForDeploymentPostprocessing = 0;
		};
/* End PBXFrameworksBuildPhase section */

/* Begin PBXGroup section */
		226325CE1E80594F00CD0B10 /* ReactNative */ = {
			isa = PBXGroup;
			children = (
				1544CCBE7D024DE48E9A64B3 /* React.xcodeproj */,
				BF61B3335B0144CC89D6844F /* RCTActionSheet.xcodeproj */,
				35CD038D61144372994F5368 /* RCTImage.xcodeproj */,
				9E2EEFCEE9E14E939D716282 /* RCTAnimation.xcodeproj */,
				57079F14E8F946AE910E26F4 /* RCTText.xcodeproj */,
				219C9D89E42C4E0B92F128EA /* RCTWebSocket.xcodeproj */,
				05F8416751374748982B838D /* RCTGeolocation.xcodeproj */,
				B0F64207AF804EACB6C27C05 /* RCTLinking.xcodeproj */,
				053F214B5A474F75B25F98AC /* RCTNetwork.xcodeproj */,
				71375DC6A67A40798C558D78 /* RCTSettings.xcodeproj */,
				F7164064FB9B42D4B9185519 /* RCTVibration.xcodeproj */,
				BE4DA785A4D94456BB4E19B4 /* RCTCameraRoll.xcodeproj */,
			);
			name = ReactNative;
			sourceTree = "<group>";
		};
		22C096A91EA0893F00E1486A /* APIs */ = {
			isa = PBXGroup;
			children = (
				5744ACFD707B44A99200A2C5 /* BirthYear.swift */,
				811CDB2FA71C4BC7898507FB /* Movie.swift */,
				D9F8B8A6106B4097B2E299AC /* MoviesAPI.swift */,
				A990BF285181476EA42D67E2 /* MoviesRequests.swift */,
				AF76C1E640964F1B8CED4082 /* Person.swift */,
				35BC7831AF5944C18EB1686F /* Synopsis.swift */,
			);
			name = APIs;
			sourceTree = "<group>";
		};
		22FD4D1E1E96ECBB00FC81DB /* ElectrodeReactNativeBridge */ = {
			isa = PBXGroup;
			children = (
				1C821A16885E43959F2203B3 /* ElectrodeObject.swift */,
				38150F98025E4102A6A153E0 /* Bridgeable.swift */,
				F7DC1460033F43F8A931181B /* ElectrodeRequestHandlerProcessor.swift */,
				C78EAD4336364F39B814D5F1 /* ElectrodeRequestProcessor.swift */,
				C37575AEBCBD42FEBCE1C420 /* ElectrodeUtilities.swift */,
				41C443D43605436FB5028C1C /* EventListenerProcessor.swift */,
				C3F14ACBA80A44EDBB8E5A5E /* EventProcessor.swift */,
				0A43E070E4CE442C9F76813B /* Processor.swift */,
				7831190CB9E641A39E876A67 /* None.swift */,
				4E8ECDF46E0E4060B7A87D35 /* ElectrodeBridgeEvent.m */,
				D1DFED2260B64DCF8DCEB313 /* ElectrodeBridgeFailureMessage.m */,
				9729A8F2375041BBBE9BA582 /* ElectrodeBridgeHolder.m */,
				0CF4E35588284A54AEEB69F4 /* ElectrodeBridgeMessage.m */,
				8ABDF021866749B899E14B84 /* ElectrodeBridgeProtocols.m */,
				1B7F20E007764A93990CCA52 /* ElectrodeBridgeRequest.m */,
				064BEDB86064442A93A30A4F /* ElectrodeBridgeResponse.m */,
				FDC9444D66404F2AB65A430A /* ElectrodeBridgeTransaction.m */,
				316D281B471B43099159C32D /* ElectrodeBridgeTransceiver.m */,
				F4BBA262FD0C4A69AE485623 /* ElectrodeEventDispatcher.m */,
				5FAAF14E5F0546F193C358A2 /* ElectrodeEventRegistrar.m */,
				9BEF50B8FE494CA5B48607A2 /* ElectrodeRequestDispatcher.m */,
				94818E3A4BCE449D92DEAED8 /* ElectrodeRequestRegistrar.m */,
				7E853ADB76BE4232BEB74F52 /* ElectrodeLogger.m */,
				B31D3871B0444327A078CD17 /* ElectrodeBridgeEvent.h */,
				D247E4959B9443CEAC69BE31 /* ElectrodeBridgeFailureMessage.h */,
				6CD97AF72FD94D0EA169FA7C /* ElectrodeBridgeHolder.h */,
				4E05D1600BDE439F9C09BF4E /* ElectrodeBridgeMessage.h */,
				269AE846383C45C6A94283D8 /* ElectrodeBridgeProtocols.h */,
				5E1230869E804191955764AC /* ElectrodeBridgeRequest.h */,
				EF27DE1A69F94C78BBF0E1F7 /* ElectrodeBridgeTransaction.h */,
				FFB8A590844F4840AEFF3713 /* ElectrodeBridgeTransceiver.h */,
				54A3A659DC62494BB877CD91 /* ElectrodeBridgeTransceiver_Internal.h */,
				60C2CC28CCBF496EA7AEEE99 /* ElectrodeEventDispatcher.h */,
				90A8CBB3D9544C63A2A23CA3 /* ElectrodeEventRegistrar.h */,
				A6652C069D8E44E5BFC9C8DF /* ElectrodeRequestDispatcher.h */,
				D3607ADDA9FD45DD89919816 /* ElectrodeRequestRegistrar.h */,
				EDEEAF983A1C4BE2A8E42324 /* ElectrodeReactNativeBridge.h */,
				95C129A0912A4EBB87B93D49 /* ElectrodeBridgeResponse.h */,
				6F8D7C1195EA44049C1B4647 /* ElectrodeLogger.h */,
			);
			name = ElectrodeReactNativeBridge;
			sourceTree = "<group>";
		};
		485009D91E2FF23B009B6610 = {
			isa = PBXGroup;
			children = (
				485009E51E2FF23B009B6610 /* ElectrodeApiImpl */,
				485009F01E2FF23C009B6610 /* ElectrodeApiImplTests */,
				485009E41E2FF23B009B6610 /* Products */,
				485009FD1E2FF25D009B6610 /* Libraries */,
				48500AA71E2FFA14009B6610 /* Frameworks */,
			);
			sourceTree = "<group>";
		};
		485009E41E2FF23B009B6610 /* Products */ = {
			isa = PBXGroup;
			children = (
				485009E31E2FF23B009B6610 /* ElectrodeApiImpl.framework */,
				485009EC1E2FF23C009B6610 /* ElectrodeApiImplTests.xctest */,
			);
			name = Products;
			sourceTree = "<group>";
		};
		485009E51E2FF23B009B6610 /* ElectrodeApiImpl */ = {
			isa = PBXGroup;
			children = (
				7F1C6B771FAD343A00F68360 /* APIImpls */,
				2265A4A11EB26943007D6C3D /* Info.plist */,
				22C096A91EA0893F00E1486A /* APIs */,
				22FD4D1E1E96ECBB00FC81DB /* ElectrodeReactNativeBridge */,
				968333D51E54E3470031C565 /* ElectrodeBridgeDelegate.h */,
				968333D61E54E3470031C565 /* ElectrodeBridgeDelegate.m */,
				485009E61E2FF23B009B6610 /* ElectrodeApiImpl.h */,
				48500A961E2FF55B009B6610 /* ElectrodeReactNative.h */,
				30F8CDED1E67946E00413247 /* ElectrodeReactNative_Internal.h */,
				48500A971E2FF55B009B6610 /* ElectrodeReactNative.m */,
			);
			path = ElectrodeApiImpl;
			sourceTree = "<group>";
		};
		485009F01E2FF23C009B6610 /* ElectrodeApiImplTests */ = {
			isa = PBXGroup;
			children = (
				485009F11E2FF23C009B6610 /* ElectrodeApiImplTests.m */,
				485009F31E2FF23C009B6610 /* Info.plist */,
				30B77DD51E66518E00EF3A78 /* ElectrodeBridgeDelegateTests.m */,
				30F8CDE31E677D7C00413247 /* ElectrodeReactNativeTests.m */,
			);
			path = ElectrodeApiImplTests;
			sourceTree = "<group>";
		};
		485009FD1E2FF25D009B6610 /* Libraries */ = {
			isa = PBXGroup;
			children = (
				226325CE1E80594F00CD0B10 /* ReactNative */,
				9654B8921E5CCA1D00AFF607 /* MiniApp */,
			);
			name = Libraries;
			path = ElectrodeApiImpl/Libraries;
			sourceTree = "<group>";
		};
		48500AA71E2FFA14009B6610 /* Frameworks */ = {
			isa = PBXGroup;
			children = (
			);
			name = Frameworks;
			sourceTree = "<group>";
		};
		7F1C6B771FAD343A00F68360 /* APIImpls */ = {
			isa = PBXGroup;
			children = (
				E91A0991B48F49EB947A2AA6 /* RequestHandlerConfig.swift */,
				4A668CD74A9B472F8C76E1EA /* RequestHandlerProvider.swift */,
				841C60807B884E248850E63A /* MoviesApiController.swift */,
				0603597631FE4E5E82AD4259 /* MoviesApiRequestHandlerDelegate.swift */,
				31EE818C61A2406AA1D29A2B /* MoviesApiRequestHandlerProvider.swift */,
			);
			name = APIImpls;
			sourceTree = "<group>";
		};
		9654B8921E5CCA1D00AFF607 /* MiniApp */ = {
			isa = PBXGroup;
			children = (
			);
			path = MiniApp;
			sourceTree = "<group>";
		};
		951A7E5549034432A35BC19D /* Products */ = {
			isa = PBXGroup;
			children = (
				EA574D4ACE1D4339BE38C02F /* libReact.a */,
			);
			name = Products;
			path = undefined;
			sourceTree = "<group>";
		};
		F83939AD88574CF783B9FC9C /* Products */ = {
			isa = PBXGroup;
			children = (
				888709B8487B4D89B392C1A5 /* libRCTActionSheet.a */,
			);
			name = Products;
			path = undefined;
			sourceTree = "<group>";
		};
		D36C3F5DD560458C9DFAC808 /* Products */ = {
			isa = PBXGroup;
			children = (
				5B11538C0C4C4EBA9F4F8CC3 /* libRCTImage.a */,
			);
			name = Products;
			path = undefined;
			sourceTree = "<group>";
		};
		F33CA1898BA94567881D53DF /* Products */ = {
			isa = PBXGroup;
			children = (
				5BF2351493294344A9180516 /* libRCTAnimation.a */,
			);
			name = Products;
			path = undefined;
			sourceTree = "<group>";
		};
		56A565928A4C4F98B07C787E /* Products */ = {
			isa = PBXGroup;
			children = (
				B35F2960CBF04BACAB26E16F /* libRCTText.a */,
			);
			name = Products;
			path = undefined;
			sourceTree = "<group>";
		};
		84FF12CB20304FBE8CE9C68C /* Products */ = {
			isa = PBXGroup;
			children = (
				385CF38F9AC348EEB21DB8E4 /* libRCTWebSocket.a */,
			);
			name = Products;
			path = undefined;
			sourceTree = "<group>";
		};
		7C4AD49027694FF1A39C0E1E /* Products */ = {
			isa = PBXGroup;
			children = (
				E78C25C5498C4930AA3F8E36 /* libRCTGeolocation.a */,
			);
			name = Products;
			path = undefined;
			sourceTree = "<group>";
		};
		D8C7ED9D07E94CFA8E1943DC /* Products */ = {
			isa = PBXGroup;
			children = (
				CCB6224FEE314F8CB3CA5A1B /* libRCTLinking.a */,
			);
			name = Products;
			path = undefined;
			sourceTree = "<group>";
		};
		B95B4FDBF7684890B05AD00A /* Products */ = {
			isa = PBXGroup;
			children = (
				15897455D1314BE9956DFF4B /* libRCTNetwork.a */,
			);
			name = Products;
			path = undefined;
			sourceTree = "<group>";
		};
		131A7D9A13DA4774A9593BA2 /* Products */ = {
			isa = PBXGroup;
			children = (
				284EC617FAFF4D4CBBC7812B /* libRCTSettings.a */,
			);
			name = Products;
			path = undefined;
			sourceTree = "<group>";
		};
		9F5C831D35514D1B873B7D62 /* Products */ = {
			isa = PBXGroup;
			children = (
				FE68EA5FCCA8470FB4A831BB /* libRCTVibration.a */,
			);
			name = Products;
			path = undefined;
			sourceTree = "<group>";
		};
		7A24B8F708EA4624A87D7C3E /* Products */ = {
			isa = PBXGroup;
			children = (
				C819EC8969FC4CDE9C0A3188 /* libRCTCameraRoll.a */,
			);
			name = Products;
			path = undefined;
			sourceTree = "<group>";
		};
/* End PBXGroup section */

/* Begin PBXHeadersBuildPhase section */
		485009E01E2FF23B009B6610 /* Headers */ = {
			isa = PBXHeadersBuildPhase;
			buildActionMask = 2147483647;
			files = (
				485009F41E2FF23C009B6610 /* ElectrodeApiImpl.h in Headers */,
				968333D71E54E3470031C565 /* ElectrodeBridgeDelegate.h in Headers */,
				30F8CDEE1E67946E00413247 /* ElectrodeReactNative_Internal.h in Headers */,
				48500A981E2FF55B009B6610 /* ElectrodeReactNative.h in Headers */,
				980EB1C146744EA38EB233B2 /* ElectrodeBridgeEvent.h in Headers */,
				D8EC778EE2544910A2A68C5F /* ElectrodeBridgeFailureMessage.h in Headers */,
				01C3B8CF1593416AB92F71E6 /* ElectrodeBridgeHolder.h in Headers */,
				19AB3D84110B45B1BDD6925B /* ElectrodeBridgeMessage.h in Headers */,
				895018B988EA4A4399A2804A /* ElectrodeBridgeProtocols.h in Headers */,
				2CE20C3EEF564DC999160330 /* ElectrodeBridgeRequest.h in Headers */,
				AE40054FD8904D37B9F49DA5 /* ElectrodeBridgeTransaction.h in Headers */,
				30E45DAE81244E73AA5E6314 /* ElectrodeBridgeTransceiver.h in Headers */,
				45A11D4B14134402A8967EEE /* ElectrodeBridgeTransceiver_Internal.h in Headers */,
				AEF9466CD3BC4592B3641C65 /* ElectrodeEventDispatcher.h in Headers */,
				32E2B123A11B46B89D73B705 /* ElectrodeEventRegistrar.h in Headers */,
				ACDC250BCC754599938E2F97 /* ElectrodeRequestDispatcher.h in Headers */,
				B81AF1C7589A47FCBAA58AA8 /* ElectrodeRequestRegistrar.h in Headers */,
				4A0B0681F7B4418FBFE25796 /* ElectrodeReactNativeBridge.h in Headers */,
				446D70329C334745A74730BA /* ElectrodeBridgeResponse.h in Headers */,
				9E36817477874CEFA5EB4B71 /* ElectrodeLogger.h in Headers */,
			);
			runOnlyForDeploymentPostprocessing = 0;
		};
/* End PBXHeadersBuildPhase section */

/* Begin PBXNativeTarget section */
		485009E21E2FF23B009B6610 /* ElectrodeApiImpl */ = {
			isa = PBXNativeTarget;
			buildConfigurationList = 485009F71E2FF23C009B6610 /* Build configuration list for PBXNativeTarget "ElectrodeApiImpl" */;
			buildPhases = (
				485009DE1E2FF23B009B6610 /* Sources */,
				485009DF1E2FF23B009B6610 /* Frameworks */,
				485009E01E2FF23B009B6610 /* Headers */,
				485009E11E2FF23B009B6610 /* Resources */,
			);
			buildRules = (
			);
			dependencies = (
				B2F6D5B660F54226A620C045 /* PBXTargetDependency */,
				B8F5705B315C48B494148F24 /* PBXTargetDependency */,
				CB5D749CD6B4421F92E830D4 /* PBXTargetDependency */,
				11CC9BBCCE82450F9F22CA5C /* PBXTargetDependency */,
				1A955D32450D4407B473CB00 /* PBXTargetDependency */,
				C6567E12DE2640289C15FAFD /* PBXTargetDependency */,
				8A2092C05AF4445791A0C84A /* PBXTargetDependency */,
				276FB76ED61F496D92F92513 /* PBXTargetDependency */,
				8354FADD5D244857B52D1860 /* PBXTargetDependency */,
				A4368A64A0B64F63994CC07C /* PBXTargetDependency */,
				94D3B876B0DA42218A8B4965 /* PBXTargetDependency */,
				CF1C082E509049C5AD2B4C18 /* PBXTargetDependency */,
			);
			name = ElectrodeApiImpl;
			productName = ElectrodeApiImpl;
			productReference = 485009E31E2FF23B009B6610 /* ElectrodeApiImpl.framework */;
			productType = "com.apple.product-type.framework";
		};
		485009EB1E2FF23C009B6610 /* ElectrodeApiImplTests */ = {
			isa = PBXNativeTarget;
			buildConfigurationList = 485009FA1E2FF23C009B6610 /* Build configuration list for PBXNativeTarget "ElectrodeApiImplTests" */;
			buildPhases = (
				485009E81E2FF23C009B6610 /* Sources */,
				485009E91E2FF23C009B6610 /* Frameworks */,
				485009EA1E2FF23C009B6610 /* Resources */,
			);
			buildRules = (
			);
			dependencies = (
				485009EF1E2FF23C009B6610 /* PBXTargetDependency */,
			);
			name = ElectrodeApiImplTests;
			productName = ElectrodeApiImplTests;
			productReference = 485009EC1E2FF23C009B6610 /* ElectrodeApiImplTests.xctest */;
			productType = "com.apple.product-type.bundle.unit-test";
		};
/* End PBXNativeTarget section */

/* Begin PBXProject section */
		485009DA1E2FF23B009B6610 /* Project object */ = {
			isa = PBXProject;
			attributes = {
				LastUpgradeCheck = 820;
				ORGANIZATIONNAME = Walmart;
				TargetAttributes = {
					485009E21E2FF23B009B6610 = {
						CreatedOnToolsVersion = 8.2.1;
						ProvisioningStyle = Automatic;
					};
					485009EB1E2FF23C009B6610 = {
						CreatedOnToolsVersion = 8.2.1;
						DevelopmentTeam = DXZ5VF8836;
						ProvisioningStyle = Automatic;
					};
				};
			};
			buildConfigurationList = 485009DD1E2FF23B009B6610 /* Build configuration list for PBXProject "ElectrodeApiImpl" */;
			compatibilityVersion = "Xcode 3.2";
			developmentRegion = English;
			hasScannedForEncodings = 0;
			knownRegions = (
				en,
			);
			mainGroup = 485009D91E2FF23B009B6610;
			productRefGroup = 485009E41E2FF23B009B6610 /* Products */;
			projectDirPath = "";
			projectRoot = "";
			targets = (
				485009E21E2FF23B009B6610 /* ElectrodeApiImpl */,
				485009EB1E2FF23C009B6610 /* ElectrodeApiImplTests */,
			);
			projectReferences = (
				{
					ProjectRef = 1544CCBE7D024DE48E9A64B3 /* React.xcodeproj */;
					ProductGroup = 951A7E5549034432A35BC19D /* Products */;
				},
				{
					ProjectRef = BF61B3335B0144CC89D6844F /* RCTActionSheet.xcodeproj */;
					ProductGroup = F83939AD88574CF783B9FC9C /* Products */;
				},
				{
					ProjectRef = 35CD038D61144372994F5368 /* RCTImage.xcodeproj */;
					ProductGroup = D36C3F5DD560458C9DFAC808 /* Products */;
				},
				{
					ProjectRef = 9E2EEFCEE9E14E939D716282 /* RCTAnimation.xcodeproj */;
					ProductGroup = F33CA1898BA94567881D53DF /* Products */;
				},
				{
					ProjectRef = 57079F14E8F946AE910E26F4 /* RCTText.xcodeproj */;
					ProductGroup = 56A565928A4C4F98B07C787E /* Products */;
				},
				{
					ProjectRef = 219C9D89E42C4E0B92F128EA /* RCTWebSocket.xcodeproj */;
					ProductGroup = 84FF12CB20304FBE8CE9C68C /* Products */;
				},
				{
					ProjectRef = 05F8416751374748982B838D /* RCTGeolocation.xcodeproj */;
					ProductGroup = 7C4AD49027694FF1A39C0E1E /* Products */;
				},
				{
					ProjectRef = B0F64207AF804EACB6C27C05 /* RCTLinking.xcodeproj */;
					ProductGroup = D8C7ED9D07E94CFA8E1943DC /* Products */;
				},
				{
					ProjectRef = 053F214B5A474F75B25F98AC /* RCTNetwork.xcodeproj */;
					ProductGroup = B95B4FDBF7684890B05AD00A /* Products */;
				},
				{
					ProjectRef = 71375DC6A67A40798C558D78 /* RCTSettings.xcodeproj */;
					ProductGroup = 131A7D9A13DA4774A9593BA2 /* Products */;
				},
				{
					ProjectRef = F7164064FB9B42D4B9185519 /* RCTVibration.xcodeproj */;
					ProductGroup = 9F5C831D35514D1B873B7D62 /* Products */;
				},
				{
					ProjectRef = BE4DA785A4D94456BB4E19B4 /* RCTCameraRoll.xcodeproj */;
					ProductGroup = 7A24B8F708EA4624A87D7C3E /* Products */;
				},
			);
		};
/* End PBXProject section */

/* Begin PBXReferenceProxy section */
		EA574D4ACE1D4339BE38C02F /* libReact.a */ = {
			isa = PBXReferenceProxy;
			fileType = archive.ar;
			path = libReact.a;
			remoteRef = FD21B5AAEA8A4A32A68B985A /* PBXContainerItemProxy */;
			sourceTree = BUILT_PRODUCTS_DIR;
		};
		888709B8487B4D89B392C1A5 /* libRCTActionSheet.a */ = {
			isa = PBXReferenceProxy;
			fileType = archive.ar;
			path = libRCTActionSheet.a;
			remoteRef = 7BE99964066F4A2592DB57DA /* PBXContainerItemProxy */;
			sourceTree = BUILT_PRODUCTS_DIR;
		};
		5B11538C0C4C4EBA9F4F8CC3 /* libRCTImage.a */ = {
			isa = PBXReferenceProxy;
			fileType = archive.ar;
			path = libRCTImage.a;
			remoteRef = 0584D0A1D9854E7E92EB9808 /* PBXContainerItemProxy */;
			sourceTree = BUILT_PRODUCTS_DIR;
		};
		5BF2351493294344A9180516 /* libRCTAnimation.a */ = {
			isa = PBXReferenceProxy;
			fileType = archive.ar;
			path = libRCTAnimation.a;
			remoteRef = 95B7D9613A7C4830B9DED95F /* PBXContainerItemProxy */;
			sourceTree = BUILT_PRODUCTS_DIR;
		};
		B35F2960CBF04BACAB26E16F /* libRCTText.a */ = {
			isa = PBXReferenceProxy;
			fileType = archive.ar;
			path = libRCTText.a;
			remoteRef = FACADFFB8B6B41A8941B5351 /* PBXContainerItemProxy */;
			sourceTree = BUILT_PRODUCTS_DIR;
		};
		385CF38F9AC348EEB21DB8E4 /* libRCTWebSocket.a */ = {
			isa = PBXReferenceProxy;
			fileType = archive.ar;
			path = libRCTWebSocket.a;
			remoteRef = 079222C45FD44739A42A94CE /* PBXContainerItemProxy */;
			sourceTree = BUILT_PRODUCTS_DIR;
		};
		E78C25C5498C4930AA3F8E36 /* libRCTGeolocation.a */ = {
			isa = PBXReferenceProxy;
			fileType = archive.ar;
			path = libRCTGeolocation.a;
			remoteRef = 8103871DFAFC4DDAABC628A5 /* PBXContainerItemProxy */;
			sourceTree = BUILT_PRODUCTS_DIR;
		};
		CCB6224FEE314F8CB3CA5A1B /* libRCTLinking.a */ = {
			isa = PBXReferenceProxy;
			fileType = archive.ar;
			path = libRCTLinking.a;
			remoteRef = B9E580C545174CA389A292D5 /* PBXContainerItemProxy */;
			sourceTree = BUILT_PRODUCTS_DIR;
		};
		15897455D1314BE9956DFF4B /* libRCTNetwork.a */ = {
			isa = PBXReferenceProxy;
			fileType = archive.ar;
			path = libRCTNetwork.a;
			remoteRef = 9F536EE47C204515A20FE6E8 /* PBXContainerItemProxy */;
			sourceTree = BUILT_PRODUCTS_DIR;
		};
		284EC617FAFF4D4CBBC7812B /* libRCTSettings.a */ = {
			isa = PBXReferenceProxy;
			fileType = archive.ar;
			path = libRCTSettings.a;
			remoteRef = E75690617CDF4C429A3BDB72 /* PBXContainerItemProxy */;
			sourceTree = BUILT_PRODUCTS_DIR;
		};
		FE68EA5FCCA8470FB4A831BB /* libRCTVibration.a */ = {
			isa = PBXReferenceProxy;
			fileType = archive.ar;
			path = libRCTVibration.a;
			remoteRef = E681ACCEF32D4239ACC03C8D /* PBXContainerItemProxy */;
			sourceTree = BUILT_PRODUCTS_DIR;
		};
		C819EC8969FC4CDE9C0A3188 /* libRCTCameraRoll.a */ = {
			isa = PBXReferenceProxy;
			fileType = archive.ar;
			path = libRCTCameraRoll.a;
			remoteRef = F8BA5A09E0B44299B72A5590 /* PBXContainerItemProxy */;
			sourceTree = BUILT_PRODUCTS_DIR;
		};
/* End PBXReferenceProxy section */

/* Begin PBXResourcesBuildPhase section */
		485009E11E2FF23B009B6610 /* Resources */ = {
			isa = PBXResourcesBuildPhase;
			buildActionMask = 2147483647;
			files = (
				2265A4A21EB26943007D6C3D /* Info.plist in Resources */,
			);
			runOnlyForDeploymentPostprocessing = 0;
		};
		485009EA1E2FF23C009B6610 /* Resources */ = {
			isa = PBXResourcesBuildPhase;
			buildActionMask = 2147483647;
			files = (
			);
			runOnlyForDeploymentPostprocessing = 0;
		};
/* End PBXResourcesBuildPhase section */

/* Begin PBXSourcesBuildPhase section */
		485009DE1E2FF23B009B6610 /* Sources */ = {
			isa = PBXSourcesBuildPhase;
			buildActionMask = 2147483647;
			files = (
				48500A991E2FF55B009B6610 /* ElectrodeReactNative.m in Sources */,
				968333D81E54E3470031C565 /* ElectrodeBridgeDelegate.m in Sources */,
				65A281AC17334BC5851789BE /* ElectrodeObject.swift in Sources */,
				9368A2B922EB45D68AADCDEA /* Bridgeable.swift in Sources */,
				48C990B6CB90482C89F46B39 /* ElectrodeRequestHandlerProcessor.swift in Sources */,
				4367476675DA460BADB9C577 /* ElectrodeRequestProcessor.swift in Sources */,
				F3779EA96E7F40C2A4765102 /* ElectrodeUtilities.swift in Sources */,
				4F8DE3B1AEA446D8AAAD4AC0 /* EventListenerProcessor.swift in Sources */,
				3584BEF5B5084A9F99C5398E /* EventProcessor.swift in Sources */,
				0C4B3C15F7164638B4C4D5A9 /* Processor.swift in Sources */,
				D4FE21A18B2B4889A1BC82C5 /* None.swift in Sources */,
				521B96FF8A8748029CAA7D3E /* ElectrodeBridgeEvent.m in Sources */,
				736EE7C3EB8D4898B9965D53 /* ElectrodeBridgeFailureMessage.m in Sources */,
				1672209D32FA40FE93DB4CE1 /* ElectrodeBridgeHolder.m in Sources */,
				0BF286AADFBF4A029C878556 /* ElectrodeBridgeMessage.m in Sources */,
				A5CF6416D95A4FDD99986ED9 /* ElectrodeBridgeProtocols.m in Sources */,
				2FC14DD7CBF3439C8915B838 /* ElectrodeBridgeRequest.m in Sources */,
				B03D0DF1FB3144E5AD00AA84 /* ElectrodeBridgeResponse.m in Sources */,
				A9196861F8994669BC320A4D /* ElectrodeBridgeTransaction.m in Sources */,
				D5E912346B1A4F03939C977C /* ElectrodeBridgeTransceiver.m in Sources */,
				27FFC304F88145A0A05CBE63 /* ElectrodeEventDispatcher.m in Sources */,
				E55ABA01EFC0405A827DAC62 /* ElectrodeEventRegistrar.m in Sources */,
				A0E6B39B709C4DE582213AEC /* ElectrodeRequestDispatcher.m in Sources */,
				EA369CD657244AF488FB98C5 /* ElectrodeRequestRegistrar.m in Sources */,
				4883D2DA3E4F4CC4AAF129E4 /* ElectrodeLogger.m in Sources */,
				72E31C6012924442BAB7775B /* BirthYear.swift in Sources */,
				FAA4B42F7BDF482E9712FE30 /* Movie.swift in Sources */,
				672EEC87B7A940289157DF4D /* MoviesAPI.swift in Sources */,
				A1127E6B20BF4CB7AAE0C4E5 /* MoviesRequests.swift in Sources */,
				D3C0104B6EFB4F4FBD89C235 /* Person.swift in Sources */,
				3D8CC578A24F41869F9C623C /* Synopsis.swift in Sources */,
				22D4117D9B6D45748E8C6F08 /* RequestHandlerConfig.swift in Sources */,
				1B68EBE055554F5598A1B26E /* RequestHandlerProvider.swift in Sources */,
				CD7468F888884FB98A4DB447 /* MoviesApiController.swift in Sources */,
				6B9643CD4228409090299CE8 /* MoviesApiRequestHandlerDelegate.swift in Sources */,
				FB6314D153FB4D6C8374FCFE /* MoviesApiRequestHandlerProvider.swift in Sources */,
			);
			runOnlyForDeploymentPostprocessing = 0;
		};
		485009E81E2FF23C009B6610 /* Sources */ = {
			isa = PBXSourcesBuildPhase;
			buildActionMask = 2147483647;
			files = (
				485009F21E2FF23C009B6610 /* ElectrodeApiImplTests.m in Sources */,
				30B77DD61E66518E00EF3A78 /* ElectrodeBridgeDelegateTests.m in Sources */,
				30F8CDE41E677D7C00413247 /* ElectrodeReactNativeTests.m in Sources */,
			);
			runOnlyForDeploymentPostprocessing = 0;
		};
/* End PBXSourcesBuildPhase section */

/* Begin PBXTargetDependency section */
		485009EF1E2FF23C009B6610 /* PBXTargetDependency */ = {
			isa = PBXTargetDependency;
			target = 485009E21E2FF23B009B6610 /* ElectrodeApiImpl */;
			targetProxy = 485009EE1E2FF23C009B6610 /* PBXContainerItemProxy */;
		};
		B2F6D5B660F54226A620C045 /* PBXTargetDependency */ = {
			isa = PBXTargetDependency;
			name = React;
			targetProxy = F8B03C876DE34128BDBE9D62 /* PBXContainerItemProxy */;
		};
		B8F5705B315C48B494148F24 /* PBXTargetDependency */ = {
			isa = PBXTargetDependency;
			name = RCTActionSheet;
			targetProxy = 5AFD5BA03B684C2E8D6B990F /* PBXContainerItemProxy */;
		};
		CB5D749CD6B4421F92E830D4 /* PBXTargetDependency */ = {
			isa = PBXTargetDependency;
			name = RCTImage;
			targetProxy = A2207FEB473C4A16890E310B /* PBXContainerItemProxy */;
		};
		11CC9BBCCE82450F9F22CA5C /* PBXTargetDependency */ = {
			isa = PBXTargetDependency;
			name = RCTAnimation;
			targetProxy = 21256F94E3954B519AF7798D /* PBXContainerItemProxy */;
		};
		1A955D32450D4407B473CB00 /* PBXTargetDependency */ = {
			isa = PBXTargetDependency;
			name = RCTText;
			targetProxy = 02DD42D7E7DF4AAD87A6EE7B /* PBXContainerItemProxy */;
		};
		C6567E12DE2640289C15FAFD /* PBXTargetDependency */ = {
			isa = PBXTargetDependency;
			name = RCTWebSocket;
			targetProxy = 3483109FF2344EA3885B7BCE /* PBXContainerItemProxy */;
		};
		8A2092C05AF4445791A0C84A /* PBXTargetDependency */ = {
			isa = PBXTargetDependency;
			name = RCTGeolocation;
			targetProxy = 54CC1BED059343E89132802E /* PBXContainerItemProxy */;
		};
		276FB76ED61F496D92F92513 /* PBXTargetDependency */ = {
			isa = PBXTargetDependency;
			name = RCTLinking;
			targetProxy = BC34FC14F5E246A0AB84A3D6 /* PBXContainerItemProxy */;
		};
		8354FADD5D244857B52D1860 /* PBXTargetDependency */ = {
			isa = PBXTargetDependency;
			name = RCTNetwork;
			targetProxy = 3011338DA7A547F28615C3A3 /* PBXContainerItemProxy */;
		};
		A4368A64A0B64F63994CC07C /* PBXTargetDependency */ = {
			isa = PBXTargetDependency;
			name = RCTSettings;
			targetProxy = 699C50D71D4D485786E2133A /* PBXContainerItemProxy */;
		};
		94D3B876B0DA42218A8B4965 /* PBXTargetDependency */ = {
			isa = PBXTargetDependency;
			name = RCTVibration;
			targetProxy = 63E057ADFB9449A2A435EF36 /* PBXContainerItemProxy */;
		};
		CF1C082E509049C5AD2B4C18 /* PBXTargetDependency */ = {
			isa = PBXTargetDependency;
			name = RCTCameraRoll;
			targetProxy = 174D18D65A8E4A4AAEF25D85 /* PBXContainerItemProxy */;
		};
/* End PBXTargetDependency section */

/* Begin XCBuildConfiguration section */
		303268E41EA8139700A41A8F /* QADeployment */ = {
			isa = XCBuildConfiguration;
			buildSettings = {
				ALWAYS_SEARCH_USER_PATHS = NO;
				CLANG_ANALYZER_NONNULL = YES;
				CLANG_CXX_LANGUAGE_STANDARD = "gnu++0x";
				CLANG_CXX_LIBRARY = "libc++";
				CLANG_ENABLE_MODULES = YES;
				CLANG_ENABLE_OBJC_ARC = YES;
				CLANG_WARN_BOOL_CONVERSION = YES;
				CLANG_WARN_CONSTANT_CONVERSION = YES;
				CLANG_WARN_DIRECT_OBJC_ISA_USAGE = YES_ERROR;
				CLANG_WARN_DOCUMENTATION_COMMENTS = YES;
				CLANG_WARN_EMPTY_BODY = YES;
				CLANG_WARN_ENUM_CONVERSION = YES;
				CLANG_WARN_INFINITE_RECURSION = YES;
				CLANG_WARN_INT_CONVERSION = YES;
				CLANG_WARN_OBJC_ROOT_CLASS = YES_ERROR;
				CLANG_WARN_SUSPICIOUS_MOVE = YES;
				CLANG_WARN_UNREACHABLE_CODE = YES;
				CLANG_WARN__DUPLICATE_METHOD_MATCH = YES;
				"CODE_SIGN_IDENTITY[sdk=iphoneos*]" = "iPhone Developer";
				COPY_PHASE_STRIP = NO;
				CURRENT_PROJECT_VERSION = 1;
				DEBUG_INFORMATION_FORMAT = "dwarf-with-dsym";
				ENABLE_STRICT_OBJC_MSGSEND = YES;
				ENABLE_TESTABILITY = YES;
				GCC_C_LANGUAGE_STANDARD = gnu99;
				GCC_DYNAMIC_NO_PIC = NO;
				GCC_NO_COMMON_BLOCKS = YES;
				GCC_OPTIMIZATION_LEVEL = 0;
				GCC_PREPROCESSOR_DEFINITIONS = (
					"DEBUG=1",
					"$(inherited)",
				);
				GCC_WARN_64_TO_32_BIT_CONVERSION = YES;
				GCC_WARN_ABOUT_RETURN_TYPE = YES_ERROR;
				GCC_WARN_UNDECLARED_SELECTOR = YES;
				GCC_WARN_UNINITIALIZED_AUTOS = YES_AGGRESSIVE;
				GCC_WARN_UNUSED_FUNCTION = YES;
				GCC_WARN_UNUSED_VARIABLE = YES;
				IPHONEOS_DEPLOYMENT_TARGET = 9.0;
				MTL_ENABLE_DEBUG_INFO = YES;
				ONLY_ACTIVE_ARCH = YES;
				SDKROOT = iphoneos;
				TARGETED_DEVICE_FAMILY = "1,2";
				VERSIONING_SYSTEM = "apple-generic";
				VERSION_INFO_PREFIX = "";
			};
			name = QADeployment;
		};
		303268E51EA8139700A41A8F /* QADeployment */ = {
			isa = XCBuildConfiguration;
			buildSettings = {
				ALWAYS_EMBED_SWIFT_STANDARD_LIBRARIES = YES;
				CLANG_ENABLE_MODULES = YES;
				CLANG_WARN_DOCUMENTATION_COMMENTS = NO;
				CODE_SIGN_IDENTITY = "";
				DEFINES_MODULE = YES;
				DYLIB_COMPATIBILITY_VERSION = 1;
				DYLIB_CURRENT_VERSION = 1;
				DYLIB_INSTALL_NAME_BASE = "@rpath";
				ENABLE_BITCODE = NO;
				ENABLE_ON_DEMAND_RESOURCES = NO;
				ENABLE_TESTABILITY = YES;
				FRAMEWORK_SEARCH_PATHS = "";
				HEADER_SEARCH_PATHS = (
					"$(inherited)/**",
					"$(SRCROOT)/ElectrodeApiImpl/Libraries/ReactNative/**",
					"$(SRCROOT)/ElectrodeApiImpl/Libraries/CodePush/**",
				);
				INFOPLIST_FILE = ElectrodeApiImpl/Info.plist;
				INSTALL_PATH = "$(LOCAL_LIBRARY_DIR)/Frameworks";
				LD_RUNPATH_SEARCH_PATHS = "$(inherited) @executable_path/Frameworks @loader_path/Frameworks";
				LIBRARY_SEARCH_PATHS = (
					"$(inherited)",
					"$(SRCROOT)/ElectrodeApiImpl/Libraries/ReactNative/**",
					"$(SRCROOT)/ElectrodeApiImpl/Libraries/CodePush/**",
				);
				ONLY_ACTIVE_ARCH = NO;
				OTHER_LDFLAGS = (
					"-ObjC",
					"-lc++",
					"-lz",
				);
				PRODUCT_BUNDLE_IDENTIFIER = com.walmart.electronics.ElectrodeApiImpl;
				PRODUCT_NAME = "$(TARGET_NAME)";
				SKIP_INSTALL = YES;
				STRIP_STYLE = debugging;
				SWIFT_ACTIVE_COMPILATION_CONDITIONS = DEBUG;
				SWIFT_OPTIMIZATION_LEVEL = "-Owholemodule";
				SWIFT_VERSION = 3.0;
			};
			name = QADeployment;
		};
		303268E61EA8139700A41A8F /* QADeployment */ = {
			isa = XCBuildConfiguration;
			buildSettings = {
				HEADER_SEARCH_PATHS = (
					"$(inherited)",
					"$(SRCROOT)/ElectrodeApiImpl/Libraries/CodePush/**",
				);
				INFOPLIST_FILE = ElectrodeApiImplTests/Info.plist;
				LD_RUNPATH_SEARCH_PATHS = "$(inherited) @executable_path/Frameworks @loader_path/Frameworks";
				LIBRARY_SEARCH_PATHS = (
					"$(inherited)",
					"$(SRCROOT)/ElectrodeApiImpl/Libraries/ReactNative/**",
					"$(SRCROOT)/ElectrodeApiImpl/Libraries/CodePush/**",
				);
				PRODUCT_BUNDLE_IDENTIFIER = com.walmart.electronics.ElectrodeApiImplTests;
				PRODUCT_NAME = "$(TARGET_NAME)";
				TEST_HOST = "";
			};
			name = QADeployment;
		};
		485009F51E2FF23C009B6610 /* Debug */ = {
			isa = XCBuildConfiguration;
			buildSettings = {
				ALWAYS_SEARCH_USER_PATHS = NO;
				CLANG_ANALYZER_NONNULL = YES;
				CLANG_CXX_LANGUAGE_STANDARD = "gnu++0x";
				CLANG_CXX_LIBRARY = "libc++";
				CLANG_ENABLE_MODULES = YES;
				CLANG_ENABLE_OBJC_ARC = YES;
				CLANG_WARN_BOOL_CONVERSION = YES;
				CLANG_WARN_CONSTANT_CONVERSION = YES;
				CLANG_WARN_DIRECT_OBJC_ISA_USAGE = YES_ERROR;
				CLANG_WARN_DOCUMENTATION_COMMENTS = YES;
				CLANG_WARN_EMPTY_BODY = YES;
				CLANG_WARN_ENUM_CONVERSION = YES;
				CLANG_WARN_INFINITE_RECURSION = YES;
				CLANG_WARN_INT_CONVERSION = YES;
				CLANG_WARN_OBJC_ROOT_CLASS = YES_ERROR;
				CLANG_WARN_SUSPICIOUS_MOVE = YES;
				CLANG_WARN_UNREACHABLE_CODE = YES;
				CLANG_WARN__DUPLICATE_METHOD_MATCH = YES;
				"CODE_SIGN_IDENTITY[sdk=iphoneos*]" = "iPhone Developer";
				COPY_PHASE_STRIP = NO;
				CURRENT_PROJECT_VERSION = 1;
				DEBUG_INFORMATION_FORMAT = dwarf;
				ENABLE_STRICT_OBJC_MSGSEND = YES;
				ENABLE_TESTABILITY = YES;
				GCC_C_LANGUAGE_STANDARD = gnu99;
				GCC_DYNAMIC_NO_PIC = NO;
				GCC_NO_COMMON_BLOCKS = YES;
				GCC_OPTIMIZATION_LEVEL = 0;
				GCC_PREPROCESSOR_DEFINITIONS = (
					"DEBUG=1",
					"$(inherited)",
				);
				GCC_WARN_64_TO_32_BIT_CONVERSION = YES;
				GCC_WARN_ABOUT_RETURN_TYPE = YES_ERROR;
				GCC_WARN_UNDECLARED_SELECTOR = YES;
				GCC_WARN_UNINITIALIZED_AUTOS = YES_AGGRESSIVE;
				GCC_WARN_UNUSED_FUNCTION = YES;
				GCC_WARN_UNUSED_VARIABLE = YES;
				IPHONEOS_DEPLOYMENT_TARGET = 9.0;
				MTL_ENABLE_DEBUG_INFO = YES;
				ONLY_ACTIVE_ARCH = YES;
				SDKROOT = iphoneos;
				TARGETED_DEVICE_FAMILY = "1,2";
				VERSIONING_SYSTEM = "apple-generic";
				VERSION_INFO_PREFIX = "";
			};
			name = Debug;
		};
		485009F61E2FF23C009B6610 /* Release */ = {
			isa = XCBuildConfiguration;
			buildSettings = {
				ALWAYS_SEARCH_USER_PATHS = NO;
				CLANG_ANALYZER_NONNULL = YES;
				CLANG_CXX_LANGUAGE_STANDARD = "gnu++0x";
				CLANG_CXX_LIBRARY = "libc++";
				CLANG_ENABLE_MODULES = YES;
				CLANG_ENABLE_OBJC_ARC = YES;
				CLANG_WARN_BOOL_CONVERSION = YES;
				CLANG_WARN_CONSTANT_CONVERSION = YES;
				CLANG_WARN_DIRECT_OBJC_ISA_USAGE = YES_ERROR;
				CLANG_WARN_DOCUMENTATION_COMMENTS = YES;
				CLANG_WARN_EMPTY_BODY = YES;
				CLANG_WARN_ENUM_CONVERSION = YES;
				CLANG_WARN_INFINITE_RECURSION = YES;
				CLANG_WARN_INT_CONVERSION = YES;
				CLANG_WARN_OBJC_ROOT_CLASS = YES_ERROR;
				CLANG_WARN_SUSPICIOUS_MOVE = YES;
				CLANG_WARN_UNREACHABLE_CODE = YES;
				CLANG_WARN__DUPLICATE_METHOD_MATCH = YES;
				"CODE_SIGN_IDENTITY[sdk=iphoneos*]" = "iPhone Developer";
				COPY_PHASE_STRIP = NO;
				CURRENT_PROJECT_VERSION = 1;
				DEBUG_INFORMATION_FORMAT = "dwarf-with-dsym";
				ENABLE_NS_ASSERTIONS = NO;
				ENABLE_STRICT_OBJC_MSGSEND = YES;
				GCC_C_LANGUAGE_STANDARD = gnu99;
				GCC_NO_COMMON_BLOCKS = YES;
				GCC_WARN_64_TO_32_BIT_CONVERSION = YES;
				GCC_WARN_ABOUT_RETURN_TYPE = YES_ERROR;
				GCC_WARN_UNDECLARED_SELECTOR = YES;
				GCC_WARN_UNINITIALIZED_AUTOS = YES_AGGRESSIVE;
				GCC_WARN_UNUSED_FUNCTION = YES;
				GCC_WARN_UNUSED_VARIABLE = YES;
				IPHONEOS_DEPLOYMENT_TARGET = 9.0;
				MTL_ENABLE_DEBUG_INFO = NO;
				SDKROOT = iphoneos;
				TARGETED_DEVICE_FAMILY = "1,2";
				VALIDATE_PRODUCT = YES;
				VERSIONING_SYSTEM = "apple-generic";
				VERSION_INFO_PREFIX = "";
			};
			name = Release;
		};
		485009F81E2FF23C009B6610 /* Debug */ = {
			isa = XCBuildConfiguration;
			buildSettings = {
				ALWAYS_EMBED_SWIFT_STANDARD_LIBRARIES = YES;
				CLANG_ENABLE_MODULES = YES;
				CLANG_WARN_DOCUMENTATION_COMMENTS = NO;
				CODE_SIGN_IDENTITY = "";
				DEFINES_MODULE = YES;
				DYLIB_COMPATIBILITY_VERSION = 1;
				DYLIB_CURRENT_VERSION = 1;
				DYLIB_INSTALL_NAME_BASE = "@rpath";
				ENABLE_BITCODE = NO;
				FRAMEWORK_SEARCH_PATHS = "";
				HEADER_SEARCH_PATHS = (
					"$(inherited)",
					"$(SRCROOT)/ElectrodeApiImpl/Libraries/ReactNative/**",
				);
				INFOPLIST_FILE = ElectrodeApiImpl/Info.plist;
				INSTALL_PATH = "$(LOCAL_LIBRARY_DIR)/Frameworks";
				IPHONEOS_DEPLOYMENT_TARGET = 9.0;
				LD_RUNPATH_SEARCH_PATHS = "$(inherited) @executable_path/Frameworks @loader_path/Frameworks";
				LIBRARY_SEARCH_PATHS = (
					"$(inherited)",
					"$(SRCROOT)/ElectrodeApiImpl/Libraries/ReactNative/**",
					"$(SRCROOT)/ElectrodeApiImpl/Libraries/CodePush/**",
				);
				OTHER_LDFLAGS = (
					"-ObjC",
					"-lc++",
					"-lz",
				);
				PRODUCT_BUNDLE_IDENTIFIER = com.walmart.electronics.ElectrodeApiImpl;
				PRODUCT_NAME = "$(TARGET_NAME)";
				SKIP_INSTALL = YES;
				SWIFT_ACTIVE_COMPILATION_CONDITIONS = DEBUG;
				SWIFT_OPTIMIZATION_LEVEL = "-Onone";
				SWIFT_VERSION = 3.0;
			};
			name = Debug;
		};
		485009F91E2FF23C009B6610 /* Release */ = {
			isa = XCBuildConfiguration;
			buildSettings = {
				CODE_SIGN_IDENTITY = "";
				DEFINES_MODULE = YES;
				DYLIB_COMPATIBILITY_VERSION = 1;
				DYLIB_CURRENT_VERSION = 1;
				DYLIB_INSTALL_NAME_BASE = "@rpath";
				ENABLE_BITCODE = NO;
				FRAMEWORK_SEARCH_PATHS = "";
				HEADER_SEARCH_PATHS = (
					"$(inherited)",
					"$(SRCROOT)/ElectrodeApiImpl/Libraries/ReactNative/**",
					"$(SRCROOT)/ElectrodeApiImpl/Libraries/CodePush/**",
				);
				INFOPLIST_FILE = ElectrodeApiImpl/Info.plist;
				INSTALL_PATH = "$(LOCAL_LIBRARY_DIR)/Frameworks";
				IPHONEOS_DEPLOYMENT_TARGET = 9.0;
				LD_RUNPATH_SEARCH_PATHS = "$(inherited) @executable_path/Frameworks @loader_path/Frameworks";
				LIBRARY_SEARCH_PATHS = (
					"$(inherited)",
					"$(SRCROOT)/ElectrodeApiImpl/Libraries/ReactNative/**",
					"$(SRCROOT)/ElectrodeApiImpl/Libraries/CodePush/**",
				);
				OTHER_LDFLAGS = (
					"-ObjC",
					"-lc++",
					"-lz",
				);
				PRODUCT_BUNDLE_IDENTIFIER = com.walmart.electronics.ElectrodeApiImpl;
				PRODUCT_NAME = "$(TARGET_NAME)";
				SKIP_INSTALL = YES;
				SWIFT_VERSION = 3.0;
			};
			name = Release;
		};
		485009FB1E2FF23C009B6610 /* Debug */ = {
			isa = XCBuildConfiguration;
			buildSettings = {
				INFOPLIST_FILE = ElectrodeApiImplTests/Info.plist;
				LD_RUNPATH_SEARCH_PATHS = "$(inherited) @executable_path/Frameworks @loader_path/Frameworks";
				LIBRARY_SEARCH_PATHS = (
					"$(inherited)",
					"$(SRCROOT)/ElectrodeApiImpl/Libraries/ReactNative/**",
					"$(SRCROOT)/ElectrodeApiImpl/Libraries/CodePush/**",
				);
				PRODUCT_BUNDLE_IDENTIFIER = com.walmart.electronics.ElectrodeApiImplTests;
				PRODUCT_NAME = "$(TARGET_NAME)";
				TEST_HOST = "";
			};
			name = Debug;
		};
		485009FC1E2FF23C009B6610 /* Release */ = {
			isa = XCBuildConfiguration;
			buildSettings = {
				DEVELOPMENT_TEAM = DXZ5VF8836;
				HEADER_SEARCH_PATHS = (
					"$(inherited)",
					"\"$(SRCROOT)/ElectrodeApiImpl/Libraries/CodePush\"",
				);
				INFOPLIST_FILE = ElectrodeApiImplTests/Info.plist;
				LD_RUNPATH_SEARCH_PATHS = "$(inherited) @executable_path/Frameworks @loader_path/Frameworks";
				LIBRARY_SEARCH_PATHS = (
					"$(inherited)",
					"$(SRCROOT)/ElectrodeApiImpl/Libraries/ReactNative/**",
					"$(SRCROOT)/ElectrodeApiImpl/Libraries/CodePush/**",
				);
				PRODUCT_BUNDLE_IDENTIFIER = com.walmart.electronics.ElectrodeApiImplTests;
				PRODUCT_NAME = "$(TARGET_NAME)";
				TEST_HOST = "";
			};
			name = Release;
		};
/* End XCBuildConfiguration section */

/* Begin XCConfigurationList section */
		485009DD1E2FF23B009B6610 /* Build configuration list for PBXProject "ElectrodeApiImpl" */ = {
			isa = XCConfigurationList;
			buildConfigurations = (
				485009F51E2FF23C009B6610 /* Debug */,
				303268E41EA8139700A41A8F /* QADeployment */,
				485009F61E2FF23C009B6610 /* Release */,
			);
			defaultConfigurationIsVisible = 0;
			defaultConfigurationName = Release;
		};
		485009F71E2FF23C009B6610 /* Build configuration list for PBXNativeTarget "ElectrodeApiImpl" */ = {
			isa = XCConfigurationList;
			buildConfigurations = (
				485009F81E2FF23C009B6610 /* Debug */,
				303268E51EA8139700A41A8F /* QADeployment */,
				485009F91E2FF23C009B6610 /* Release */,
			);
			defaultConfigurationIsVisible = 0;
			defaultConfigurationName = Release;
		};
		485009FA1E2FF23C009B6610 /* Build configuration list for PBXNativeTarget "ElectrodeApiImplTests" */ = {
			isa = XCConfigurationList;
			buildConfigurations = (
				485009FB1E2FF23C009B6610 /* Debug */,
				303268E61EA8139700A41A8F /* QADeployment */,
				485009FC1E2FF23C009B6610 /* Release */,
			);
			defaultConfigurationIsVisible = 0;
			defaultConfigurationName = Release;
		};
/* End XCConfigurationList section */
	};
	rootObject = 485009DA1E2FF23B009B6610 /* Project object */;
}
