// !$*UTF8*$!
{
	archiveVersion = 1;
	classes = {
	};
	objectVersion = 46;
	objects = {
/* Begin PBXBuildFile section */
		2265A4A21EB26943007D6C3D /* Info.plist in Resources */ = {isa = PBXBuildFile; fileRef = 2265A4A11EB26943007D6C3D /* Info.plist */; };
		30B77DD61E66518E00EF3A78 /* ElectrodeBridgeDelegateTests.m in Sources */ = {isa = PBXBuildFile; fileRef = 30B77DD51E66518E00EF3A78 /* ElectrodeBridgeDelegateTests.m */; };
		30F8CDE41E677D7C00413247 /* ElectrodeReactNativeTests.m in Sources */ = {isa = PBXBuildFile; fileRef = 30F8CDE31E677D7C00413247 /* ElectrodeReactNativeTests.m */; };
		30F8CDEE1E67946E00413247 /* ElectrodeReactNative_Internal.h in Headers */ = {isa = PBXBuildFile; fileRef = 30F8CDED1E67946E00413247 /* ElectrodeReactNative_Internal.h */; };
		485009ED1E2FF23C009B6610 /* ElectrodeApiImpl.framework in Frameworks */ = {isa = PBXBuildFile; fileRef = 485009E31E2FF23B009B6610 /* ElectrodeApiImpl.framework */; };
		485009F21E2FF23C009B6610 /* ElectrodeApiImplTests.m in Sources */ = {isa = PBXBuildFile; fileRef = 485009F11E2FF23C009B6610 /* ElectrodeApiImplTests.m */; };
		485009F41E2FF23C009B6610 /* ElectrodeApiImpl.h in Headers */ = {isa = PBXBuildFile; fileRef = 485009E61E2FF23B009B6610 /* ElectrodeApiImpl.h */; settings = {ATTRIBUTES = (Public, ); }; };
		48500A981E2FF55B009B6610 /* ElectrodeReactNative.h in Headers */ = {isa = PBXBuildFile; fileRef = 48500A961E2FF55B009B6610 /* ElectrodeReactNative.h */; settings = {ATTRIBUTES = (Public, ); }; };
		48500A991E2FF55B009B6610 /* ElectrodeReactNative.m in Sources */ = {isa = PBXBuildFile; fileRef = 48500A971E2FF55B009B6610 /* ElectrodeReactNative.m */; };
		968333D71E54E3470031C565 /* ElectrodeBridgeDelegate.h in Headers */ = {isa = PBXBuildFile; fileRef = 968333D51E54E3470031C565 /* ElectrodeBridgeDelegate.h */; settings = {ATTRIBUTES = (Public, ); }; };
		968333D81E54E3470031C565 /* ElectrodeBridgeDelegate.m in Sources */ = {isa = PBXBuildFile; fileRef = 968333D61E54E3470031C565 /* ElectrodeBridgeDelegate.m */; };
		793779CDAE0F4EAB83039BA2 /* ElectrodeObject.swift in Sources */ = {isa = PBXBuildFile; fileRef = F2F22E55F318400499C3B7BB /* ElectrodeObject.swift */; };
		88BD5ED1462B4A8E9638B397 /* Bridgeable.swift in Sources */ = {isa = PBXBuildFile; fileRef = DEE778BBAD5642AB91E4E149 /* Bridgeable.swift */; };
		3B44925C24D744F0BB4F780E /* ElectrodeRequestHandlerProcessor.swift in Sources */ = {isa = PBXBuildFile; fileRef = 26C54416CDAF4DF486F5B9D3 /* ElectrodeRequestHandlerProcessor.swift */; };
		422EEFB186E8404C9642BE49 /* ElectrodeRequestProcessor.swift in Sources */ = {isa = PBXBuildFile; fileRef = D758DC1520684402ABF86813 /* ElectrodeRequestProcessor.swift */; };
		F2A6AA337A6C4E3B8FEFBE46 /* ElectrodeUtilities.swift in Sources */ = {isa = PBXBuildFile; fileRef = BDFE542019154F989B50FFCA /* ElectrodeUtilities.swift */; };
		49C996DB20234A9D8B1B9916 /* EventListenerProcessor.swift in Sources */ = {isa = PBXBuildFile; fileRef = 6004C5BD1AB948C997D2CC05 /* EventListenerProcessor.swift */; };
		F05B105C0E5D4B0DBD2B48BB /* EventProcessor.swift in Sources */ = {isa = PBXBuildFile; fileRef = 313B10601CD84FD7B7E7982D /* EventProcessor.swift */; };
		449CF87C172643C39374342C /* Processor.swift in Sources */ = {isa = PBXBuildFile; fileRef = FA44250231614FE6A27722BC /* Processor.swift */; };
		ABAB92A0C5B9451D97E0B218 /* None.swift in Sources */ = {isa = PBXBuildFile; fileRef = 51FC167E74D840809786F17B /* None.swift */; };
		F1868ADDA2D840F7865D319D /* ElectrodeBridgeEvent.m in Sources */ = {isa = PBXBuildFile; fileRef = F8F044F86D8C443C8D02288F /* ElectrodeBridgeEvent.m */; };
		3420E4EDDD8449189A6688E6 /* ElectrodeBridgeFailureMessage.m in Sources */ = {isa = PBXBuildFile; fileRef = 33AAD3CD3CEC4B75AF2D0415 /* ElectrodeBridgeFailureMessage.m */; };
		F914831E8D31489789A83452 /* ElectrodeBridgeHolder.m in Sources */ = {isa = PBXBuildFile; fileRef = 6AD193A1A25B492CA08DC277 /* ElectrodeBridgeHolder.m */; };
		9E5B5D64CD0C4040BD402D5D /* ElectrodeBridgeMessage.m in Sources */ = {isa = PBXBuildFile; fileRef = 429755F3479C48899B4503DF /* ElectrodeBridgeMessage.m */; };
		6BCA6264A5E94A96970115F1 /* ElectrodeBridgeProtocols.m in Sources */ = {isa = PBXBuildFile; fileRef = AC03BB1920EC4333B646BE56 /* ElectrodeBridgeProtocols.m */; };
		447CF9D7E6954B8EAD393871 /* ElectrodeBridgeRequest.m in Sources */ = {isa = PBXBuildFile; fileRef = 8B409136BE59445DBE1AA57F /* ElectrodeBridgeRequest.m */; };
		5DF1F7357AA3487783CBD638 /* ElectrodeBridgeResponse.m in Sources */ = {isa = PBXBuildFile; fileRef = 70E90610840D4ACE8DDED41F /* ElectrodeBridgeResponse.m */; };
		06527E5947E44A129DFA1B99 /* ElectrodeBridgeTransaction.m in Sources */ = {isa = PBXBuildFile; fileRef = FC92666983C54295AF48A5C8 /* ElectrodeBridgeTransaction.m */; };
		F3C44DCFF1D14D978A75F38C /* ElectrodeBridgeTransceiver.m in Sources */ = {isa = PBXBuildFile; fileRef = F255F1FA2E2743BD9044C9E1 /* ElectrodeBridgeTransceiver.m */; };
		04D61912D13D4CD58E612E6F /* ElectrodeEventDispatcher.m in Sources */ = {isa = PBXBuildFile; fileRef = 7AEF081986AB48BA83C748D8 /* ElectrodeEventDispatcher.m */; };
		BEC625A4CCBD42F2AAD7A316 /* ElectrodeEventRegistrar.m in Sources */ = {isa = PBXBuildFile; fileRef = 88D5844B246A41D6A7B43EFD /* ElectrodeEventRegistrar.m */; };
		2E02EB4BB7AE416CA8228E8E /* ElectrodeRequestDispatcher.m in Sources */ = {isa = PBXBuildFile; fileRef = B8054EDE34F04DDEB98D97D5 /* ElectrodeRequestDispatcher.m */; };
		A38364B59A5E4655BBE880F6 /* ElectrodeRequestRegistrar.m in Sources */ = {isa = PBXBuildFile; fileRef = B44BE65AEAFB452B9A2CBE63 /* ElectrodeRequestRegistrar.m */; };
		7AA389C92F8A427E8D5B7022 /* ElectrodeLogger.m in Sources */ = {isa = PBXBuildFile; fileRef = 666C76B27A5C4D5781619CCE /* ElectrodeLogger.m */; };
		A213343C0E5B42DABD2BF3F5 /* ElectrodeBridgeEvent.h in Headers */ = {isa = PBXBuildFile; fileRef = 32354CE6BDF94E8EBAA658F4 /* ElectrodeBridgeEvent.h */; settings = {ATTRIBUTES = (Public, ); }; };
		BD54F343D480438C8BB32642 /* ElectrodeBridgeFailureMessage.h in Headers */ = {isa = PBXBuildFile; fileRef = 5E1306C49F91421BA77BCDAC /* ElectrodeBridgeFailureMessage.h */; settings = {ATTRIBUTES = (Public, ); }; };
		0CA22035A9344014AAC22C6F /* ElectrodeBridgeHolder.h in Headers */ = {isa = PBXBuildFile; fileRef = F7618742E16B4C9DA6CB2E5D /* ElectrodeBridgeHolder.h */; settings = {ATTRIBUTES = (Public, ); }; };
		E801713EF1E74FC5A5F435EA /* ElectrodeBridgeMessage.h in Headers */ = {isa = PBXBuildFile; fileRef = D21CC213EFE44C4FAD213139 /* ElectrodeBridgeMessage.h */; settings = {ATTRIBUTES = (Public, ); }; };
		80809662CE3D41329A9B4F2E /* ElectrodeBridgeProtocols.h in Headers */ = {isa = PBXBuildFile; fileRef = 2E75242C41A0449BB7936BA2 /* ElectrodeBridgeProtocols.h */; settings = {ATTRIBUTES = (Public, ); }; };
		EF52217B403B43CDA94358B7 /* ElectrodeBridgeRequest.h in Headers */ = {isa = PBXBuildFile; fileRef = 3125D4B9B4704EC787228008 /* ElectrodeBridgeRequest.h */; settings = {ATTRIBUTES = (Public, ); }; };
		53202E0F72EF43D4AFB90B8E /* ElectrodeBridgeTransaction.h in Headers */ = {isa = PBXBuildFile; fileRef = 6C98858C23284469B917C7B5 /* ElectrodeBridgeTransaction.h */; };
		985D265D9BD04150B2CFF345 /* ElectrodeBridgeTransceiver.h in Headers */ = {isa = PBXBuildFile; fileRef = FD0DF737DE2A4B85A9B2FC64 /* ElectrodeBridgeTransceiver.h */; };
		9B16A909D93F4C7FA3D6B981 /* ElectrodeBridgeTransceiver_Internal.h in Headers */ = {isa = PBXBuildFile; fileRef = DECA744E6E1C46C792EACD9C /* ElectrodeBridgeTransceiver_Internal.h */; };
		F9FB629F8A2E41169CDF337C /* ElectrodeEventDispatcher.h in Headers */ = {isa = PBXBuildFile; fileRef = 3153E0E15BFD440C8F1BA938 /* ElectrodeEventDispatcher.h */; };
		04D10C4AB782461E86A82E69 /* ElectrodeEventRegistrar.h in Headers */ = {isa = PBXBuildFile; fileRef = 5F171DA776284E1EA8EDA4CA /* ElectrodeEventRegistrar.h */; };
		787D818EB9504CF39010BECF /* ElectrodeRequestDispatcher.h in Headers */ = {isa = PBXBuildFile; fileRef = 8F6A40D9993F48149C61E510 /* ElectrodeRequestDispatcher.h */; };
		F5CD1A8B8DA34B449A8095ED /* ElectrodeRequestRegistrar.h in Headers */ = {isa = PBXBuildFile; fileRef = 1D174F6F87C442CC9E83A888 /* ElectrodeRequestRegistrar.h */; };
		00A11A19A5264420BD0A0F64 /* ElectrodeReactNativeBridge.h in Headers */ = {isa = PBXBuildFile; fileRef = 9D2E46F8EBBC41D2BEFCDEF5 /* ElectrodeReactNativeBridge.h */; };
		04B424524D094BE5B5F45285 /* ElectrodeBridgeResponse.h in Headers */ = {isa = PBXBuildFile; fileRef = 0B945D55A0524D1385CCF5A9 /* ElectrodeBridgeResponse.h */; };
		A4CC797A28A94FFE910B8E9D /* ElectrodeLogger.h in Headers */ = {isa = PBXBuildFile; fileRef = CF0BCCC58E7A4CAE9514354C /* ElectrodeLogger.h */; settings = {ATTRIBUTES = (Public, ); }; };
		D6899A83D4C7443385D9CDAA /* BirthYear.swift in Sources */ = {isa = PBXBuildFile; fileRef = BBD47E6451C7448FBFCD5458 /* BirthYear.swift */; };
		621D905B6EC6418890146959 /* Movie.swift in Sources */ = {isa = PBXBuildFile; fileRef = D15E382F96E449B0BEDC7CED /* Movie.swift */; };
		0A54A9D55C754FFFB4FEFA17 /* MoviesAPI.swift in Sources */ = {isa = PBXBuildFile; fileRef = EE4C60127FAE4FCB90E89306 /* MoviesAPI.swift */; };
		C9BD266E69C44E9CB7C41B8F /* MoviesRequests.swift in Sources */ = {isa = PBXBuildFile; fileRef = 443AD772B93C4E678AEBC665 /* MoviesRequests.swift */; };
		9EEE96FD860B4E358F88545A /* Person.swift in Sources */ = {isa = PBXBuildFile; fileRef = 384B23CA415946BEBDBE472F /* Person.swift */; };
		95928177D99545C086DC5000 /* Synopsis.swift in Sources */ = {isa = PBXBuildFile; fileRef = 2272C287FFD64DF9A23953D8 /* Synopsis.swift */; };
		2A23FEA0FACB4A838B739D89 /* libReact.a in Frameworks */ = {isa = PBXBuildFile; fileRef = 84BD1A8D48EC4A40B0B6F101 /* libReact.a */; };
		43EC115039D54C318A8A7400 /* libRCTActionSheet.a in Frameworks */ = {isa = PBXBuildFile; fileRef = C6FCB9449D4F48198285F893 /* libRCTActionSheet.a */; };
		5DDAF3A0C68F400382D2D2AC /* libRCTImage.a in Frameworks */ = {isa = PBXBuildFile; fileRef = 45C164E3F762452D9E13070F /* libRCTImage.a */; };
		9CE49FAF80CA48809F96841C /* libRCTAnimation.a in Frameworks */ = {isa = PBXBuildFile; fileRef = 71361433031845A4A49CFAB8 /* libRCTAnimation.a */; };
		220EE964A1EF4A2F91C1DE42 /* libRCTText.a in Frameworks */ = {isa = PBXBuildFile; fileRef = BD91DD0437AA405F884E3CAE /* libRCTText.a */; };
		36819F5693C9416391D12D54 /* libRCTWebSocket.a in Frameworks */ = {isa = PBXBuildFile; fileRef = 6C76FB3BC1D74DB18D7513B1 /* libRCTWebSocket.a */; };
		84E63941483D4C5B80D0E4E9 /* libRCTGeolocation.a in Frameworks */ = {isa = PBXBuildFile; fileRef = D4C914A4451943DCA0DB3FCF /* libRCTGeolocation.a */; };
		0B17F8DE97AC42769F3FBEB5 /* libRCTLinking.a in Frameworks */ = {isa = PBXBuildFile; fileRef = 545241A71EDF4A0393803DE0 /* libRCTLinking.a */; };
		A4EEE57C133E48D28A89DE51 /* libRCTNetwork.a in Frameworks */ = {isa = PBXBuildFile; fileRef = BB806EA3F7BF445884A42170 /* libRCTNetwork.a */; };
		9C615A06228C4B2993F833C0 /* libRCTSettings.a in Frameworks */ = {isa = PBXBuildFile; fileRef = 08FB7EEAEE294DCBB813F99F /* libRCTSettings.a */; };
		EEE6817626B44CDD861C6A80 /* libRCTVibration.a in Frameworks */ = {isa = PBXBuildFile; fileRef = 388826E229CD40878FC1003B /* libRCTVibration.a */; };
		F1424D855DE94100AD734829 /* libRCTCameraRoll.a in Frameworks */ = {isa = PBXBuildFile; fileRef = 2BCE35CB30834F44BA054AC1 /* libRCTCameraRoll.a */; };
		B1BE23E46CB14E61B887B927 /* RequestHandlerConfig.swift in Sources */ = {isa = PBXBuildFile; fileRef = 93D1B3639E404480A72309D4 /* RequestHandlerConfig.swift */; };
		04527F79BB8140A8A0481135 /* RequestHandlerProvider.swift in Sources */ = {isa = PBXBuildFile; fileRef = 58A1F7E88C9E47B58B96B180 /* RequestHandlerProvider.swift */; };
		C42409208484472B9E368923 /* MoviesApiController.swift in Sources */ = {isa = PBXBuildFile; fileRef = 1421A4979F7E47CBAA383098 /* MoviesApiController.swift */; };
		85E336E21A4342AA9AAE7E72 /* MoviesApiRequestHandlerDelegate.swift in Sources */ = {isa = PBXBuildFile; fileRef = 1A81781A085E4441B44EA5F8 /* MoviesApiRequestHandlerDelegate.swift */; };
/* End PBXBuildFile section */

/* Begin PBXContainerItemProxy section */
		485009EE1E2FF23C009B6610 /* PBXContainerItemProxy */ = {
			isa = PBXContainerItemProxy;
			containerPortal = 485009DA1E2FF23B009B6610 /* Project object */;
			proxyType = 1;
			remoteGlobalIDString = 485009E21E2FF23B009B6610;
			remoteInfo = ElectrodeApiImpl;
		};
		C925C4C451164F488206AF26 /* PBXContainerItemProxy */ = {
			isa = PBXContainerItemProxy;
			containerPortal = 03DD1F00A4F9410786360847 /* React.xcodeproj */;
			proxyType = 1;
			remoteGlobalIDString = 6A3F8BF1BE9C44248E4E7E02;
			remoteInfo = React;
		};
		DD34CA7F50334AB1BC1E9FCE /* PBXContainerItemProxy */ = {
			isa = PBXContainerItemProxy;
			containerPortal = 03DD1F00A4F9410786360847 /* React.xcodeproj */;
			proxyType = 2;
			remoteGlobalIDString = 83CBBA2E1A601D0E00E9B192;
			remoteInfo = React;
		};
		AA34D92FFB674321A68F0E1E /* PBXContainerItemProxy */ = {
			isa = PBXContainerItemProxy;
			containerPortal = B03305AB92ED410FB1EE8B27 /* RCTActionSheet.xcodeproj */;
			proxyType = 1;
			remoteGlobalIDString = 7DFBF120CBF34C97BD2BD9AB;
			remoteInfo = RCTActionSheet;
		};
		1C42BF68201447849549E89B /* PBXContainerItemProxy */ = {
			isa = PBXContainerItemProxy;
			containerPortal = B03305AB92ED410FB1EE8B27 /* RCTActionSheet.xcodeproj */;
			proxyType = 2;
			remoteGlobalIDString = 134814201AA4EA6300B7C361;
			remoteInfo = RCTActionSheet;
		};
		18DCB3DE07BF4C8EBAD846D8 /* PBXContainerItemProxy */ = {
			isa = PBXContainerItemProxy;
			containerPortal = 19E648DDA4874B0BB8776257 /* RCTImage.xcodeproj */;
			proxyType = 1;
			remoteGlobalIDString = 48EFADDB26444E6F958D7C6E;
			remoteInfo = RCTImage;
		};
		7570730E68744AFB85ACE78C /* PBXContainerItemProxy */ = {
			isa = PBXContainerItemProxy;
			containerPortal = 19E648DDA4874B0BB8776257 /* RCTImage.xcodeproj */;
			proxyType = 2;
			remoteGlobalIDString = 58B5115D1A9E6B3D00147676;
			remoteInfo = RCTImage;
		};
		2652E2981D394189ADA5C5BC /* PBXContainerItemProxy */ = {
			isa = PBXContainerItemProxy;
			containerPortal = 69EFDD306E8F4BF7B7340ADB /* RCTAnimation.xcodeproj */;
			proxyType = 1;
			remoteGlobalIDString = C1373393FF80413F9F97056F;
			remoteInfo = RCTAnimation;
		};
		44A6FE63F76348FCA4119345 /* PBXContainerItemProxy */ = {
			isa = PBXContainerItemProxy;
			containerPortal = 69EFDD306E8F4BF7B7340ADB /* RCTAnimation.xcodeproj */;
			proxyType = 2;
			remoteGlobalIDString = 134814201AA4EA6300B7C361;
			remoteInfo = RCTAnimation;
		};
		CD24A87273B14C5488FDA1F5 /* PBXContainerItemProxy */ = {
			isa = PBXContainerItemProxy;
			containerPortal = 244E599CC5FD493A9482291E /* RCTText.xcodeproj */;
			proxyType = 1;
			remoteGlobalIDString = 6E13C08997A043768A6D16D5;
			remoteInfo = RCTText;
		};
		1DFE389A478B469A918C8285 /* PBXContainerItemProxy */ = {
			isa = PBXContainerItemProxy;
			containerPortal = 244E599CC5FD493A9482291E /* RCTText.xcodeproj */;
			proxyType = 2;
			remoteGlobalIDString = 58B5119B1A9E6C1200147676;
			remoteInfo = RCTText;
		};
		205CCE1FED4646C1A7497D21 /* PBXContainerItemProxy */ = {
			isa = PBXContainerItemProxy;
			containerPortal = 368FEBDFE98B42D2807AAB84 /* RCTWebSocket.xcodeproj */;
			proxyType = 1;
			remoteGlobalIDString = D45F4E1D97054A669CBA7351;
			remoteInfo = RCTWebSocket;
		};
		7B25CA1EE0934A958B9905D2 /* PBXContainerItemProxy */ = {
			isa = PBXContainerItemProxy;
			containerPortal = 368FEBDFE98B42D2807AAB84 /* RCTWebSocket.xcodeproj */;
			proxyType = 2;
			remoteGlobalIDString = 3C86DF461ADF2C930047B81A;
			remoteInfo = RCTWebSocket;
		};
		92A1C214BEDA430E9B140EEC /* PBXContainerItemProxy */ = {
			isa = PBXContainerItemProxy;
			containerPortal = B9C1659B2CF349558B208DCC /* RCTGeolocation.xcodeproj */;
			proxyType = 1;
			remoteGlobalIDString = A300B1BE2CE148E2A6F3805E;
			remoteInfo = RCTGeolocation;
		};
		A497D691EB1D42D1B7763D30 /* PBXContainerItemProxy */ = {
			isa = PBXContainerItemProxy;
			containerPortal = B9C1659B2CF349558B208DCC /* RCTGeolocation.xcodeproj */;
			proxyType = 2;
			remoteGlobalIDString = 134814201AA4EA6300B7C361;
			remoteInfo = RCTGeolocation;
		};
		D980E4007CDA44A6821BEFFF /* PBXContainerItemProxy */ = {
			isa = PBXContainerItemProxy;
			containerPortal = 69EBB07A40C040C0B266862C /* RCTLinking.xcodeproj */;
			proxyType = 1;
			remoteGlobalIDString = 714BC3B757C341F1B37CCB94;
			remoteInfo = RCTLinking;
		};
		B1038644D4024383B63A38B5 /* PBXContainerItemProxy */ = {
			isa = PBXContainerItemProxy;
			containerPortal = 69EBB07A40C040C0B266862C /* RCTLinking.xcodeproj */;
			proxyType = 2;
			remoteGlobalIDString = 134814201AA4EA6300B7C361;
			remoteInfo = RCTLinking;
		};
		C56283BD949441F2998EF9B6 /* PBXContainerItemProxy */ = {
			isa = PBXContainerItemProxy;
			containerPortal = A1D3E6AB23DA459984C3455C /* RCTNetwork.xcodeproj */;
			proxyType = 1;
			remoteGlobalIDString = AE07D4D8F52341819654C9B9;
			remoteInfo = RCTNetwork;
		};
		BBEE83311E88413CB053BBE7 /* PBXContainerItemProxy */ = {
			isa = PBXContainerItemProxy;
			containerPortal = A1D3E6AB23DA459984C3455C /* RCTNetwork.xcodeproj */;
			proxyType = 2;
			remoteGlobalIDString = 58B511DB1A9E6C8500147676;
			remoteInfo = RCTNetwork;
		};
		2A7CF9CC3DD14C1880C40555 /* PBXContainerItemProxy */ = {
			isa = PBXContainerItemProxy;
			containerPortal = 6F7D1CA765B149A1906DDE89 /* RCTSettings.xcodeproj */;
			proxyType = 1;
			remoteGlobalIDString = 3F334932105842CF98671AD9;
			remoteInfo = RCTSettings;
		};
		94804A63F6C74D46A18DD1DC /* PBXContainerItemProxy */ = {
			isa = PBXContainerItemProxy;
			containerPortal = 6F7D1CA765B149A1906DDE89 /* RCTSettings.xcodeproj */;
			proxyType = 2;
			remoteGlobalIDString = 134814201AA4EA6300B7C361;
			remoteInfo = RCTSettings;
		};
		080AFDAA324741E7B0D19171 /* PBXContainerItemProxy */ = {
			isa = PBXContainerItemProxy;
			containerPortal = BC29DE403DD8443A8D10A302 /* RCTVibration.xcodeproj */;
			proxyType = 1;
			remoteGlobalIDString = E4432A29EA4A4FEDBDCFADDD;
			remoteInfo = RCTVibration;
		};
		5C62F89983E44E1780AE5B0F /* PBXContainerItemProxy */ = {
			isa = PBXContainerItemProxy;
			containerPortal = BC29DE403DD8443A8D10A302 /* RCTVibration.xcodeproj */;
			proxyType = 2;
			remoteGlobalIDString = 832C81801AAF6DEF007FA2F7;
			remoteInfo = RCTVibration;
		};
		FC4EF60C5B9647249DB98900 /* PBXContainerItemProxy */ = {
			isa = PBXContainerItemProxy;
			containerPortal = 5D6D5D2C6E2D487B8681EF31 /* RCTCameraRoll.xcodeproj */;
			proxyType = 1;
			remoteGlobalIDString = 31B7C2D8BF5B416FA66E67B8;
			remoteInfo = RCTCameraRoll;
		};
		ED0A53153AAA4B18B8DA97A8 /* PBXContainerItemProxy */ = {
			isa = PBXContainerItemProxy;
			containerPortal = 5D6D5D2C6E2D487B8681EF31 /* RCTCameraRoll.xcodeproj */;
			proxyType = 2;
			remoteGlobalIDString = 58B5115D1A9E6B3D00147676;
			remoteInfo = RCTCameraRoll;
		};
/* End PBXContainerItemProxy section */

/* Begin PBXFileReference section */
		2265A4A11EB26943007D6C3D /* Info.plist */ = {isa = PBXFileReference; fileEncoding = 4; lastKnownFileType = text.plist.xml; path = Info.plist; sourceTree = "<group>"; };
		30B77DD51E66518E00EF3A78 /* ElectrodeBridgeDelegateTests.m */ = {isa = PBXFileReference; fileEncoding = 4; lastKnownFileType = sourcecode.c.objc; path = ElectrodeBridgeDelegateTests.m; sourceTree = "<group>"; };
		30F8CDE31E677D7C00413247 /* ElectrodeReactNativeTests.m */ = {isa = PBXFileReference; fileEncoding = 4; lastKnownFileType = sourcecode.c.objc; path = ElectrodeReactNativeTests.m; sourceTree = "<group>"; };
		30F8CDED1E67946E00413247 /* ElectrodeReactNative_Internal.h */ = {isa = PBXFileReference; fileEncoding = 4; lastKnownFileType = sourcecode.c.h; path = ElectrodeReactNative_Internal.h; sourceTree = "<group>"; };
		485009E31E2FF23B009B6610 /* ElectrodeApiImpl.framework */ = {isa = PBXFileReference; explicitFileType = wrapper.framework; includeInIndex = 0; path = ElectrodeApiImpl.framework; sourceTree = BUILT_PRODUCTS_DIR; };
		485009E61E2FF23B009B6610 /* ElectrodeApiImpl.h */ = {isa = PBXFileReference; lastKnownFileType = sourcecode.c.h; path = ElectrodeApiImpl.h; sourceTree = "<group>"; };
		485009EC1E2FF23C009B6610 /* ElectrodeApiImplTests.xctest */ = {isa = PBXFileReference; explicitFileType = wrapper.cfbundle; includeInIndex = 0; path = ElectrodeApiImplTests.xctest; sourceTree = BUILT_PRODUCTS_DIR; };
		485009F11E2FF23C009B6610 /* ElectrodeApiImplTests.m */ = {isa = PBXFileReference; lastKnownFileType = sourcecode.c.objc; path = ElectrodeApiImplTests.m; sourceTree = "<group>"; };
		485009F31E2FF23C009B6610 /* Info.plist */ = {isa = PBXFileReference; lastKnownFileType = text.plist.xml; path = Info.plist; sourceTree = "<group>"; };
		48500A961E2FF55B009B6610 /* ElectrodeReactNative.h */ = {isa = PBXFileReference; fileEncoding = 4; lastKnownFileType = sourcecode.c.h; path = ElectrodeReactNative.h; sourceTree = "<group>"; };
		48500A971E2FF55B009B6610 /* ElectrodeReactNative.m */ = {isa = PBXFileReference; fileEncoding = 4; lastKnownFileType = sourcecode.c.objc; path = ElectrodeReactNative.m; sourceTree = "<group>"; };
		968333D51E54E3470031C565 /* ElectrodeBridgeDelegate.h */ = {isa = PBXFileReference; fileEncoding = 4; lastKnownFileType = sourcecode.c.h; path = ElectrodeBridgeDelegate.h; sourceTree = "<group>"; };
		968333D61E54E3470031C565 /* ElectrodeBridgeDelegate.m */ = {isa = PBXFileReference; fileEncoding = 4; lastKnownFileType = sourcecode.c.objc; path = ElectrodeBridgeDelegate.m; sourceTree = "<group>"; };
		F2F22E55F318400499C3B7BB /* ElectrodeObject.swift */ = {isa = PBXFileReference; name = "ElectrodeObject.swift"; path = "ElectrodeReactNativeBridge/ElectrodeObject.swift"; sourceTree = "<group>"; fileEncoding = 4; lastKnownFileType = sourcecode.swift; explicitFileType = undefined; includeInIndex = 0; };
		DEE778BBAD5642AB91E4E149 /* Bridgeable.swift */ = {isa = PBXFileReference; name = "Bridgeable.swift"; path = "ElectrodeReactNativeBridge/Bridgeable.swift"; sourceTree = "<group>"; fileEncoding = 4; lastKnownFileType = sourcecode.swift; explicitFileType = undefined; includeInIndex = 0; };
		26C54416CDAF4DF486F5B9D3 /* ElectrodeRequestHandlerProcessor.swift */ = {isa = PBXFileReference; name = "ElectrodeRequestHandlerProcessor.swift"; path = "ElectrodeReactNativeBridge/ElectrodeRequestHandlerProcessor.swift"; sourceTree = "<group>"; fileEncoding = 4; lastKnownFileType = sourcecode.swift; explicitFileType = undefined; includeInIndex = 0; };
		D758DC1520684402ABF86813 /* ElectrodeRequestProcessor.swift */ = {isa = PBXFileReference; name = "ElectrodeRequestProcessor.swift"; path = "ElectrodeReactNativeBridge/ElectrodeRequestProcessor.swift"; sourceTree = "<group>"; fileEncoding = 4; lastKnownFileType = sourcecode.swift; explicitFileType = undefined; includeInIndex = 0; };
		BDFE542019154F989B50FFCA /* ElectrodeUtilities.swift */ = {isa = PBXFileReference; name = "ElectrodeUtilities.swift"; path = "ElectrodeReactNativeBridge/ElectrodeUtilities.swift"; sourceTree = "<group>"; fileEncoding = 4; lastKnownFileType = sourcecode.swift; explicitFileType = undefined; includeInIndex = 0; };
		6004C5BD1AB948C997D2CC05 /* EventListenerProcessor.swift */ = {isa = PBXFileReference; name = "EventListenerProcessor.swift"; path = "ElectrodeReactNativeBridge/EventListenerProcessor.swift"; sourceTree = "<group>"; fileEncoding = 4; lastKnownFileType = sourcecode.swift; explicitFileType = undefined; includeInIndex = 0; };
		313B10601CD84FD7B7E7982D /* EventProcessor.swift */ = {isa = PBXFileReference; name = "EventProcessor.swift"; path = "ElectrodeReactNativeBridge/EventProcessor.swift"; sourceTree = "<group>"; fileEncoding = 4; lastKnownFileType = sourcecode.swift; explicitFileType = undefined; includeInIndex = 0; };
		FA44250231614FE6A27722BC /* Processor.swift */ = {isa = PBXFileReference; name = "Processor.swift"; path = "ElectrodeReactNativeBridge/Processor.swift"; sourceTree = "<group>"; fileEncoding = 4; lastKnownFileType = sourcecode.swift; explicitFileType = undefined; includeInIndex = 0; };
		51FC167E74D840809786F17B /* None.swift */ = {isa = PBXFileReference; name = "None.swift"; path = "ElectrodeReactNativeBridge/None.swift"; sourceTree = "<group>"; fileEncoding = 4; lastKnownFileType = sourcecode.swift; explicitFileType = undefined; includeInIndex = 0; };
		F8F044F86D8C443C8D02288F /* ElectrodeBridgeEvent.m */ = {isa = PBXFileReference; name = "ElectrodeBridgeEvent.m"; path = "ElectrodeReactNativeBridge/ElectrodeBridgeEvent.m"; sourceTree = "<group>"; fileEncoding = 4; lastKnownFileType = sourcecode.c.objc; explicitFileType = undefined; includeInIndex = 0; };
		33AAD3CD3CEC4B75AF2D0415 /* ElectrodeBridgeFailureMessage.m */ = {isa = PBXFileReference; name = "ElectrodeBridgeFailureMessage.m"; path = "ElectrodeReactNativeBridge/ElectrodeBridgeFailureMessage.m"; sourceTree = "<group>"; fileEncoding = 4; lastKnownFileType = sourcecode.c.objc; explicitFileType = undefined; includeInIndex = 0; };
		6AD193A1A25B492CA08DC277 /* ElectrodeBridgeHolder.m */ = {isa = PBXFileReference; name = "ElectrodeBridgeHolder.m"; path = "ElectrodeReactNativeBridge/ElectrodeBridgeHolder.m"; sourceTree = "<group>"; fileEncoding = 4; lastKnownFileType = sourcecode.c.objc; explicitFileType = undefined; includeInIndex = 0; };
		429755F3479C48899B4503DF /* ElectrodeBridgeMessage.m */ = {isa = PBXFileReference; name = "ElectrodeBridgeMessage.m"; path = "ElectrodeReactNativeBridge/ElectrodeBridgeMessage.m"; sourceTree = "<group>"; fileEncoding = 4; lastKnownFileType = sourcecode.c.objc; explicitFileType = undefined; includeInIndex = 0; };
		AC03BB1920EC4333B646BE56 /* ElectrodeBridgeProtocols.m */ = {isa = PBXFileReference; name = "ElectrodeBridgeProtocols.m"; path = "ElectrodeReactNativeBridge/ElectrodeBridgeProtocols.m"; sourceTree = "<group>"; fileEncoding = 4; lastKnownFileType = sourcecode.c.objc; explicitFileType = undefined; includeInIndex = 0; };
		8B409136BE59445DBE1AA57F /* ElectrodeBridgeRequest.m */ = {isa = PBXFileReference; name = "ElectrodeBridgeRequest.m"; path = "ElectrodeReactNativeBridge/ElectrodeBridgeRequest.m"; sourceTree = "<group>"; fileEncoding = 4; lastKnownFileType = sourcecode.c.objc; explicitFileType = undefined; includeInIndex = 0; };
		70E90610840D4ACE8DDED41F /* ElectrodeBridgeResponse.m */ = {isa = PBXFileReference; name = "ElectrodeBridgeResponse.m"; path = "ElectrodeReactNativeBridge/ElectrodeBridgeResponse.m"; sourceTree = "<group>"; fileEncoding = 4; lastKnownFileType = sourcecode.c.objc; explicitFileType = undefined; includeInIndex = 0; };
		FC92666983C54295AF48A5C8 /* ElectrodeBridgeTransaction.m */ = {isa = PBXFileReference; name = "ElectrodeBridgeTransaction.m"; path = "ElectrodeReactNativeBridge/ElectrodeBridgeTransaction.m"; sourceTree = "<group>"; fileEncoding = 4; lastKnownFileType = sourcecode.c.objc; explicitFileType = undefined; includeInIndex = 0; };
		F255F1FA2E2743BD9044C9E1 /* ElectrodeBridgeTransceiver.m */ = {isa = PBXFileReference; name = "ElectrodeBridgeTransceiver.m"; path = "ElectrodeReactNativeBridge/ElectrodeBridgeTransceiver.m"; sourceTree = "<group>"; fileEncoding = 4; lastKnownFileType = sourcecode.c.objc; explicitFileType = undefined; includeInIndex = 0; };
		7AEF081986AB48BA83C748D8 /* ElectrodeEventDispatcher.m */ = {isa = PBXFileReference; name = "ElectrodeEventDispatcher.m"; path = "ElectrodeReactNativeBridge/ElectrodeEventDispatcher.m"; sourceTree = "<group>"; fileEncoding = 4; lastKnownFileType = sourcecode.c.objc; explicitFileType = undefined; includeInIndex = 0; };
		88D5844B246A41D6A7B43EFD /* ElectrodeEventRegistrar.m */ = {isa = PBXFileReference; name = "ElectrodeEventRegistrar.m"; path = "ElectrodeReactNativeBridge/ElectrodeEventRegistrar.m"; sourceTree = "<group>"; fileEncoding = 4; lastKnownFileType = sourcecode.c.objc; explicitFileType = undefined; includeInIndex = 0; };
		B8054EDE34F04DDEB98D97D5 /* ElectrodeRequestDispatcher.m */ = {isa = PBXFileReference; name = "ElectrodeRequestDispatcher.m"; path = "ElectrodeReactNativeBridge/ElectrodeRequestDispatcher.m"; sourceTree = "<group>"; fileEncoding = 4; lastKnownFileType = sourcecode.c.objc; explicitFileType = undefined; includeInIndex = 0; };
		B44BE65AEAFB452B9A2CBE63 /* ElectrodeRequestRegistrar.m */ = {isa = PBXFileReference; name = "ElectrodeRequestRegistrar.m"; path = "ElectrodeReactNativeBridge/ElectrodeRequestRegistrar.m"; sourceTree = "<group>"; fileEncoding = 4; lastKnownFileType = sourcecode.c.objc; explicitFileType = undefined; includeInIndex = 0; };
		666C76B27A5C4D5781619CCE /* ElectrodeLogger.m */ = {isa = PBXFileReference; name = "ElectrodeLogger.m"; path = "ElectrodeReactNativeBridge/ElectrodeLogger.m"; sourceTree = "<group>"; fileEncoding = 4; lastKnownFileType = sourcecode.c.objc; explicitFileType = undefined; includeInIndex = 0; };
		32354CE6BDF94E8EBAA658F4 /* ElectrodeBridgeEvent.h */ = {isa = PBXFileReference; name = "ElectrodeBridgeEvent.h"; path = "ElectrodeReactNativeBridge/ElectrodeBridgeEvent.h"; sourceTree = "<group>"; fileEncoding = 4; lastKnownFileType = sourcecode.c.h; explicitFileType = undefined; includeInIndex = 0; };
		5E1306C49F91421BA77BCDAC /* ElectrodeBridgeFailureMessage.h */ = {isa = PBXFileReference; name = "ElectrodeBridgeFailureMessage.h"; path = "ElectrodeReactNativeBridge/ElectrodeBridgeFailureMessage.h"; sourceTree = "<group>"; fileEncoding = 4; lastKnownFileType = sourcecode.c.h; explicitFileType = undefined; includeInIndex = 0; };
		F7618742E16B4C9DA6CB2E5D /* ElectrodeBridgeHolder.h */ = {isa = PBXFileReference; name = "ElectrodeBridgeHolder.h"; path = "ElectrodeReactNativeBridge/ElectrodeBridgeHolder.h"; sourceTree = "<group>"; fileEncoding = 4; lastKnownFileType = sourcecode.c.h; explicitFileType = undefined; includeInIndex = 0; };
		D21CC213EFE44C4FAD213139 /* ElectrodeBridgeMessage.h */ = {isa = PBXFileReference; name = "ElectrodeBridgeMessage.h"; path = "ElectrodeReactNativeBridge/ElectrodeBridgeMessage.h"; sourceTree = "<group>"; fileEncoding = 4; lastKnownFileType = sourcecode.c.h; explicitFileType = undefined; includeInIndex = 0; };
		2E75242C41A0449BB7936BA2 /* ElectrodeBridgeProtocols.h */ = {isa = PBXFileReference; name = "ElectrodeBridgeProtocols.h"; path = "ElectrodeReactNativeBridge/ElectrodeBridgeProtocols.h"; sourceTree = "<group>"; fileEncoding = 4; lastKnownFileType = sourcecode.c.h; explicitFileType = undefined; includeInIndex = 0; };
		3125D4B9B4704EC787228008 /* ElectrodeBridgeRequest.h */ = {isa = PBXFileReference; name = "ElectrodeBridgeRequest.h"; path = "ElectrodeReactNativeBridge/ElectrodeBridgeRequest.h"; sourceTree = "<group>"; fileEncoding = 4; lastKnownFileType = sourcecode.c.h; explicitFileType = undefined; includeInIndex = 0; };
		6C98858C23284469B917C7B5 /* ElectrodeBridgeTransaction.h */ = {isa = PBXFileReference; name = "ElectrodeBridgeTransaction.h"; path = "ElectrodeReactNativeBridge/ElectrodeBridgeTransaction.h"; sourceTree = "<group>"; fileEncoding = 4; lastKnownFileType = sourcecode.c.h; explicitFileType = undefined; includeInIndex = 0; };
		FD0DF737DE2A4B85A9B2FC64 /* ElectrodeBridgeTransceiver.h */ = {isa = PBXFileReference; name = "ElectrodeBridgeTransceiver.h"; path = "ElectrodeReactNativeBridge/ElectrodeBridgeTransceiver.h"; sourceTree = "<group>"; fileEncoding = 4; lastKnownFileType = sourcecode.c.h; explicitFileType = undefined; includeInIndex = 0; };
		DECA744E6E1C46C792EACD9C /* ElectrodeBridgeTransceiver_Internal.h */ = {isa = PBXFileReference; name = "ElectrodeBridgeTransceiver_Internal.h"; path = "ElectrodeReactNativeBridge/ElectrodeBridgeTransceiver_Internal.h"; sourceTree = "<group>"; fileEncoding = 4; lastKnownFileType = sourcecode.c.h; explicitFileType = undefined; includeInIndex = 0; };
		3153E0E15BFD440C8F1BA938 /* ElectrodeEventDispatcher.h */ = {isa = PBXFileReference; name = "ElectrodeEventDispatcher.h"; path = "ElectrodeReactNativeBridge/ElectrodeEventDispatcher.h"; sourceTree = "<group>"; fileEncoding = 4; lastKnownFileType = sourcecode.c.h; explicitFileType = undefined; includeInIndex = 0; };
		5F171DA776284E1EA8EDA4CA /* ElectrodeEventRegistrar.h */ = {isa = PBXFileReference; name = "ElectrodeEventRegistrar.h"; path = "ElectrodeReactNativeBridge/ElectrodeEventRegistrar.h"; sourceTree = "<group>"; fileEncoding = 4; lastKnownFileType = sourcecode.c.h; explicitFileType = undefined; includeInIndex = 0; };
		8F6A40D9993F48149C61E510 /* ElectrodeRequestDispatcher.h */ = {isa = PBXFileReference; name = "ElectrodeRequestDispatcher.h"; path = "ElectrodeReactNativeBridge/ElectrodeRequestDispatcher.h"; sourceTree = "<group>"; fileEncoding = 4; lastKnownFileType = sourcecode.c.h; explicitFileType = undefined; includeInIndex = 0; };
		1D174F6F87C442CC9E83A888 /* ElectrodeRequestRegistrar.h */ = {isa = PBXFileReference; name = "ElectrodeRequestRegistrar.h"; path = "ElectrodeReactNativeBridge/ElectrodeRequestRegistrar.h"; sourceTree = "<group>"; fileEncoding = 4; lastKnownFileType = sourcecode.c.h; explicitFileType = undefined; includeInIndex = 0; };
		9D2E46F8EBBC41D2BEFCDEF5 /* ElectrodeReactNativeBridge.h */ = {isa = PBXFileReference; name = "ElectrodeReactNativeBridge.h"; path = "ElectrodeReactNativeBridge/ElectrodeReactNativeBridge.h"; sourceTree = "<group>"; fileEncoding = 4; lastKnownFileType = sourcecode.c.h; explicitFileType = undefined; includeInIndex = 0; };
		0B945D55A0524D1385CCF5A9 /* ElectrodeBridgeResponse.h */ = {isa = PBXFileReference; name = "ElectrodeBridgeResponse.h"; path = "ElectrodeReactNativeBridge/ElectrodeBridgeResponse.h"; sourceTree = "<group>"; fileEncoding = 4; lastKnownFileType = sourcecode.c.h; explicitFileType = undefined; includeInIndex = 0; };
		CF0BCCC58E7A4CAE9514354C /* ElectrodeLogger.h */ = {isa = PBXFileReference; name = "ElectrodeLogger.h"; path = "ElectrodeReactNativeBridge/ElectrodeLogger.h"; sourceTree = "<group>"; fileEncoding = 4; lastKnownFileType = sourcecode.c.h; explicitFileType = undefined; includeInIndex = 0; };
		BBD47E6451C7448FBFCD5458 /* BirthYear.swift */ = {isa = PBXFileReference; name = "BirthYear.swift"; path = "APIs/BirthYear.swift"; sourceTree = "<group>"; fileEncoding = 4; lastKnownFileType = sourcecode.swift; explicitFileType = undefined; includeInIndex = 0; };
		D15E382F96E449B0BEDC7CED /* Movie.swift */ = {isa = PBXFileReference; name = "Movie.swift"; path = "APIs/Movie.swift"; sourceTree = "<group>"; fileEncoding = 4; lastKnownFileType = sourcecode.swift; explicitFileType = undefined; includeInIndex = 0; };
		EE4C60127FAE4FCB90E89306 /* MoviesAPI.swift */ = {isa = PBXFileReference; name = "MoviesAPI.swift"; path = "APIs/MoviesAPI.swift"; sourceTree = "<group>"; fileEncoding = 4; lastKnownFileType = sourcecode.swift; explicitFileType = undefined; includeInIndex = 0; };
		443AD772B93C4E678AEBC665 /* MoviesRequests.swift */ = {isa = PBXFileReference; name = "MoviesRequests.swift"; path = "APIs/MoviesRequests.swift"; sourceTree = "<group>"; fileEncoding = 4; lastKnownFileType = sourcecode.swift; explicitFileType = undefined; includeInIndex = 0; };
		384B23CA415946BEBDBE472F /* Person.swift */ = {isa = PBXFileReference; name = "Person.swift"; path = "APIs/Person.swift"; sourceTree = "<group>"; fileEncoding = 4; lastKnownFileType = sourcecode.swift; explicitFileType = undefined; includeInIndex = 0; };
		2272C287FFD64DF9A23953D8 /* Synopsis.swift */ = {isa = PBXFileReference; name = "Synopsis.swift"; path = "APIs/Synopsis.swift"; sourceTree = "<group>"; fileEncoding = 4; lastKnownFileType = sourcecode.swift; explicitFileType = undefined; includeInIndex = 0; };
		03DD1F00A4F9410786360847 /* React.xcodeproj */ = {isa = PBXFileReference; name = "React.xcodeproj"; path = "ReactNative/React/React.xcodeproj"; sourceTree = "<group>"; fileEncoding = undefined; lastKnownFileType = wrapper.pb-project; explicitFileType = undefined; includeInIndex = 0; };
		84BD1A8D48EC4A40B0B6F101 /* libReact.a */ = {isa = PBXFileReference; name = "libReact.a"; path = "libReact.a"; sourceTree = "<group>"; fileEncoding = undefined; lastKnownFileType = archive.ar; explicitFileType = undefined; includeInIndex = 0; };
		B03305AB92ED410FB1EE8B27 /* RCTActionSheet.xcodeproj */ = {isa = PBXFileReference; name = "RCTActionSheet.xcodeproj"; path = "ReactNative/ActionSheetIOS/RCTActionSheet.xcodeproj"; sourceTree = "<group>"; fileEncoding = undefined; lastKnownFileType = wrapper.pb-project; explicitFileType = undefined; includeInIndex = 0; };
		C6FCB9449D4F48198285F893 /* libRCTActionSheet.a */ = {isa = PBXFileReference; name = "libRCTActionSheet.a"; path = "libRCTActionSheet.a"; sourceTree = "<group>"; fileEncoding = undefined; lastKnownFileType = archive.ar; explicitFileType = undefined; includeInIndex = 0; };
		19E648DDA4874B0BB8776257 /* RCTImage.xcodeproj */ = {isa = PBXFileReference; name = "RCTImage.xcodeproj"; path = "ReactNative/Image/RCTImage.xcodeproj"; sourceTree = "<group>"; fileEncoding = undefined; lastKnownFileType = wrapper.pb-project; explicitFileType = undefined; includeInIndex = 0; };
		45C164E3F762452D9E13070F /* libRCTImage.a */ = {isa = PBXFileReference; name = "libRCTImage.a"; path = "libRCTImage.a"; sourceTree = "<group>"; fileEncoding = undefined; lastKnownFileType = archive.ar; explicitFileType = undefined; includeInIndex = 0; };
		69EFDD306E8F4BF7B7340ADB /* RCTAnimation.xcodeproj */ = {isa = PBXFileReference; name = "RCTAnimation.xcodeproj"; path = "ReactNative/NativeAnimation/RCTAnimation.xcodeproj"; sourceTree = "<group>"; fileEncoding = undefined; lastKnownFileType = wrapper.pb-project; explicitFileType = undefined; includeInIndex = 0; };
		71361433031845A4A49CFAB8 /* libRCTAnimation.a */ = {isa = PBXFileReference; name = "libRCTAnimation.a"; path = "libRCTAnimation.a"; sourceTree = "<group>"; fileEncoding = undefined; lastKnownFileType = archive.ar; explicitFileType = undefined; includeInIndex = 0; };
		244E599CC5FD493A9482291E /* RCTText.xcodeproj */ = {isa = PBXFileReference; name = "RCTText.xcodeproj"; path = "ReactNative/Text/RCTText.xcodeproj"; sourceTree = "<group>"; fileEncoding = undefined; lastKnownFileType = wrapper.pb-project; explicitFileType = undefined; includeInIndex = 0; };
		BD91DD0437AA405F884E3CAE /* libRCTText.a */ = {isa = PBXFileReference; name = "libRCTText.a"; path = "libRCTText.a"; sourceTree = "<group>"; fileEncoding = undefined; lastKnownFileType = archive.ar; explicitFileType = undefined; includeInIndex = 0; };
		368FEBDFE98B42D2807AAB84 /* RCTWebSocket.xcodeproj */ = {isa = PBXFileReference; name = "RCTWebSocket.xcodeproj"; path = "ReactNative/WebSocket/RCTWebSocket.xcodeproj"; sourceTree = "<group>"; fileEncoding = undefined; lastKnownFileType = wrapper.pb-project; explicitFileType = undefined; includeInIndex = 0; };
		6C76FB3BC1D74DB18D7513B1 /* libRCTWebSocket.a */ = {isa = PBXFileReference; name = "libRCTWebSocket.a"; path = "libRCTWebSocket.a"; sourceTree = "<group>"; fileEncoding = undefined; lastKnownFileType = archive.ar; explicitFileType = undefined; includeInIndex = 0; };
		B9C1659B2CF349558B208DCC /* RCTGeolocation.xcodeproj */ = {isa = PBXFileReference; name = "RCTGeolocation.xcodeproj"; path = "ReactNative/Geolocation/RCTGeolocation.xcodeproj"; sourceTree = "<group>"; fileEncoding = undefined; lastKnownFileType = wrapper.pb-project; explicitFileType = undefined; includeInIndex = 0; };
		D4C914A4451943DCA0DB3FCF /* libRCTGeolocation.a */ = {isa = PBXFileReference; name = "libRCTGeolocation.a"; path = "libRCTGeolocation.a"; sourceTree = "<group>"; fileEncoding = undefined; lastKnownFileType = archive.ar; explicitFileType = undefined; includeInIndex = 0; };
		69EBB07A40C040C0B266862C /* RCTLinking.xcodeproj */ = {isa = PBXFileReference; name = "RCTLinking.xcodeproj"; path = "ReactNative/LinkingIOS/RCTLinking.xcodeproj"; sourceTree = "<group>"; fileEncoding = undefined; lastKnownFileType = wrapper.pb-project; explicitFileType = undefined; includeInIndex = 0; };
		545241A71EDF4A0393803DE0 /* libRCTLinking.a */ = {isa = PBXFileReference; name = "libRCTLinking.a"; path = "libRCTLinking.a"; sourceTree = "<group>"; fileEncoding = undefined; lastKnownFileType = archive.ar; explicitFileType = undefined; includeInIndex = 0; };
		A1D3E6AB23DA459984C3455C /* RCTNetwork.xcodeproj */ = {isa = PBXFileReference; name = "RCTNetwork.xcodeproj"; path = "ReactNative/Network/RCTNetwork.xcodeproj"; sourceTree = "<group>"; fileEncoding = undefined; lastKnownFileType = wrapper.pb-project; explicitFileType = undefined; includeInIndex = 0; };
		BB806EA3F7BF445884A42170 /* libRCTNetwork.a */ = {isa = PBXFileReference; name = "libRCTNetwork.a"; path = "libRCTNetwork.a"; sourceTree = "<group>"; fileEncoding = undefined; lastKnownFileType = archive.ar; explicitFileType = undefined; includeInIndex = 0; };
		6F7D1CA765B149A1906DDE89 /* RCTSettings.xcodeproj */ = {isa = PBXFileReference; name = "RCTSettings.xcodeproj"; path = "ReactNative/Settings/RCTSettings.xcodeproj"; sourceTree = "<group>"; fileEncoding = undefined; lastKnownFileType = wrapper.pb-project; explicitFileType = undefined; includeInIndex = 0; };
		08FB7EEAEE294DCBB813F99F /* libRCTSettings.a */ = {isa = PBXFileReference; name = "libRCTSettings.a"; path = "libRCTSettings.a"; sourceTree = "<group>"; fileEncoding = undefined; lastKnownFileType = archive.ar; explicitFileType = undefined; includeInIndex = 0; };
		BC29DE403DD8443A8D10A302 /* RCTVibration.xcodeproj */ = {isa = PBXFileReference; name = "RCTVibration.xcodeproj"; path = "ReactNative/Vibration/RCTVibration.xcodeproj"; sourceTree = "<group>"; fileEncoding = undefined; lastKnownFileType = wrapper.pb-project; explicitFileType = undefined; includeInIndex = 0; };
		388826E229CD40878FC1003B /* libRCTVibration.a */ = {isa = PBXFileReference; name = "libRCTVibration.a"; path = "libRCTVibration.a"; sourceTree = "<group>"; fileEncoding = undefined; lastKnownFileType = archive.ar; explicitFileType = undefined; includeInIndex = 0; };
		5D6D5D2C6E2D487B8681EF31 /* RCTCameraRoll.xcodeproj */ = {isa = PBXFileReference; name = "RCTCameraRoll.xcodeproj"; path = "ReactNative/CameraRoll/RCTCameraRoll.xcodeproj"; sourceTree = "<group>"; fileEncoding = undefined; lastKnownFileType = wrapper.pb-project; explicitFileType = undefined; includeInIndex = 0; };
		2BCE35CB30834F44BA054AC1 /* libRCTCameraRoll.a */ = {isa = PBXFileReference; name = "libRCTCameraRoll.a"; path = "libRCTCameraRoll.a"; sourceTree = "<group>"; fileEncoding = undefined; lastKnownFileType = archive.ar; explicitFileType = undefined; includeInIndex = 0; };
		93D1B3639E404480A72309D4 /* RequestHandlerConfig.swift */ = {isa = PBXFileReference; name = "RequestHandlerConfig.swift"; path = "APIImpls/RequestHandlerConfig.swift"; sourceTree = "<group>"; fileEncoding = 4; lastKnownFileType = sourcecode.swift; explicitFileType = undefined; includeInIndex = 0; };
		58A1F7E88C9E47B58B96B180 /* RequestHandlerProvider.swift */ = {isa = PBXFileReference; name = "RequestHandlerProvider.swift"; path = "APIImpls/RequestHandlerProvider.swift"; sourceTree = "<group>"; fileEncoding = 4; lastKnownFileType = sourcecode.swift; explicitFileType = undefined; includeInIndex = 0; };
		1421A4979F7E47CBAA383098 /* MoviesApiController.swift */ = {isa = PBXFileReference; name = "MoviesApiController.swift"; path = "APIImpls/MoviesApiController.swift"; sourceTree = "<group>"; fileEncoding = 4; lastKnownFileType = sourcecode.swift; explicitFileType = undefined; includeInIndex = 0; };
		1A81781A085E4441B44EA5F8 /* MoviesApiRequestHandlerDelegate.swift */ = {isa = PBXFileReference; name = "MoviesApiRequestHandlerDelegate.swift"; path = "APIImpls/MoviesApiRequestHandlerDelegate.swift"; sourceTree = "<group>"; fileEncoding = 4; lastKnownFileType = sourcecode.swift; explicitFileType = undefined; includeInIndex = 0; };
/* End PBXFileReference section */

/* Begin PBXFrameworksBuildPhase section */
		485009DF1E2FF23B009B6610 /* Frameworks */ = {
			isa = PBXFrameworksBuildPhase;
			buildActionMask = 2147483647;
			files = (
				2A23FEA0FACB4A838B739D89 /* libReact.a in Frameworks */,
				43EC115039D54C318A8A7400 /* libRCTActionSheet.a in Frameworks */,
				5DDAF3A0C68F400382D2D2AC /* libRCTImage.a in Frameworks */,
				9CE49FAF80CA48809F96841C /* libRCTAnimation.a in Frameworks */,
				220EE964A1EF4A2F91C1DE42 /* libRCTText.a in Frameworks */,
				36819F5693C9416391D12D54 /* libRCTWebSocket.a in Frameworks */,
				84E63941483D4C5B80D0E4E9 /* libRCTGeolocation.a in Frameworks */,
				0B17F8DE97AC42769F3FBEB5 /* libRCTLinking.a in Frameworks */,
				A4EEE57C133E48D28A89DE51 /* libRCTNetwork.a in Frameworks */,
				9C615A06228C4B2993F833C0 /* libRCTSettings.a in Frameworks */,
				EEE6817626B44CDD861C6A80 /* libRCTVibration.a in Frameworks */,
				F1424D855DE94100AD734829 /* libRCTCameraRoll.a in Frameworks */,
			);
			runOnlyForDeploymentPostprocessing = 0;
		};
		485009E91E2FF23C009B6610 /* Frameworks */ = {
			isa = PBXFrameworksBuildPhase;
			buildActionMask = 2147483647;
			files = (
				485009ED1E2FF23C009B6610 /* ElectrodeApiImpl.framework in Frameworks */,
			);
			runOnlyForDeploymentPostprocessing = 0;
		};
/* End PBXFrameworksBuildPhase section */

/* Begin PBXGroup section */
		226325CE1E80594F00CD0B10 /* ReactNative */ = {
			isa = PBXGroup;
			children = (
				03DD1F00A4F9410786360847 /* React.xcodeproj */,
				B03305AB92ED410FB1EE8B27 /* RCTActionSheet.xcodeproj */,
				19E648DDA4874B0BB8776257 /* RCTImage.xcodeproj */,
				69EFDD306E8F4BF7B7340ADB /* RCTAnimation.xcodeproj */,
				244E599CC5FD493A9482291E /* RCTText.xcodeproj */,
				368FEBDFE98B42D2807AAB84 /* RCTWebSocket.xcodeproj */,
				B9C1659B2CF349558B208DCC /* RCTGeolocation.xcodeproj */,
				69EBB07A40C040C0B266862C /* RCTLinking.xcodeproj */,
				A1D3E6AB23DA459984C3455C /* RCTNetwork.xcodeproj */,
				6F7D1CA765B149A1906DDE89 /* RCTSettings.xcodeproj */,
				BC29DE403DD8443A8D10A302 /* RCTVibration.xcodeproj */,
				5D6D5D2C6E2D487B8681EF31 /* RCTCameraRoll.xcodeproj */,
			);
			name = ReactNative;
			sourceTree = "<group>";
		};
		22C096A91EA0893F00E1486A /* APIs */ = {
			isa = PBXGroup;
			children = (
				BBD47E6451C7448FBFCD5458 /* BirthYear.swift */,
				D15E382F96E449B0BEDC7CED /* Movie.swift */,
				EE4C60127FAE4FCB90E89306 /* MoviesAPI.swift */,
				443AD772B93C4E678AEBC665 /* MoviesRequests.swift */,
				384B23CA415946BEBDBE472F /* Person.swift */,
				2272C287FFD64DF9A23953D8 /* Synopsis.swift */,
			);
			name = APIs;
			sourceTree = "<group>";
		};
		22FD4D1E1E96ECBB00FC81DB /* ElectrodeReactNativeBridge */ = {
			isa = PBXGroup;
			children = (
				F2F22E55F318400499C3B7BB /* ElectrodeObject.swift */,
				DEE778BBAD5642AB91E4E149 /* Bridgeable.swift */,
				26C54416CDAF4DF486F5B9D3 /* ElectrodeRequestHandlerProcessor.swift */,
				D758DC1520684402ABF86813 /* ElectrodeRequestProcessor.swift */,
				BDFE542019154F989B50FFCA /* ElectrodeUtilities.swift */,
				6004C5BD1AB948C997D2CC05 /* EventListenerProcessor.swift */,
				313B10601CD84FD7B7E7982D /* EventProcessor.swift */,
				FA44250231614FE6A27722BC /* Processor.swift */,
				51FC167E74D840809786F17B /* None.swift */,
				F8F044F86D8C443C8D02288F /* ElectrodeBridgeEvent.m */,
				33AAD3CD3CEC4B75AF2D0415 /* ElectrodeBridgeFailureMessage.m */,
				6AD193A1A25B492CA08DC277 /* ElectrodeBridgeHolder.m */,
				429755F3479C48899B4503DF /* ElectrodeBridgeMessage.m */,
				AC03BB1920EC4333B646BE56 /* ElectrodeBridgeProtocols.m */,
				8B409136BE59445DBE1AA57F /* ElectrodeBridgeRequest.m */,
				70E90610840D4ACE8DDED41F /* ElectrodeBridgeResponse.m */,
				FC92666983C54295AF48A5C8 /* ElectrodeBridgeTransaction.m */,
				F255F1FA2E2743BD9044C9E1 /* ElectrodeBridgeTransceiver.m */,
				7AEF081986AB48BA83C748D8 /* ElectrodeEventDispatcher.m */,
				88D5844B246A41D6A7B43EFD /* ElectrodeEventRegistrar.m */,
				B8054EDE34F04DDEB98D97D5 /* ElectrodeRequestDispatcher.m */,
				B44BE65AEAFB452B9A2CBE63 /* ElectrodeRequestRegistrar.m */,
				666C76B27A5C4D5781619CCE /* ElectrodeLogger.m */,
				32354CE6BDF94E8EBAA658F4 /* ElectrodeBridgeEvent.h */,
				5E1306C49F91421BA77BCDAC /* ElectrodeBridgeFailureMessage.h */,
				F7618742E16B4C9DA6CB2E5D /* ElectrodeBridgeHolder.h */,
				D21CC213EFE44C4FAD213139 /* ElectrodeBridgeMessage.h */,
				2E75242C41A0449BB7936BA2 /* ElectrodeBridgeProtocols.h */,
				3125D4B9B4704EC787228008 /* ElectrodeBridgeRequest.h */,
				6C98858C23284469B917C7B5 /* ElectrodeBridgeTransaction.h */,
				FD0DF737DE2A4B85A9B2FC64 /* ElectrodeBridgeTransceiver.h */,
				DECA744E6E1C46C792EACD9C /* ElectrodeBridgeTransceiver_Internal.h */,
				3153E0E15BFD440C8F1BA938 /* ElectrodeEventDispatcher.h */,
				5F171DA776284E1EA8EDA4CA /* ElectrodeEventRegistrar.h */,
				8F6A40D9993F48149C61E510 /* ElectrodeRequestDispatcher.h */,
				1D174F6F87C442CC9E83A888 /* ElectrodeRequestRegistrar.h */,
				9D2E46F8EBBC41D2BEFCDEF5 /* ElectrodeReactNativeBridge.h */,
				0B945D55A0524D1385CCF5A9 /* ElectrodeBridgeResponse.h */,
				CF0BCCC58E7A4CAE9514354C /* ElectrodeLogger.h */,
			);
			name = ElectrodeReactNativeBridge;
			sourceTree = "<group>";
		};
		485009D91E2FF23B009B6610 = {
			isa = PBXGroup;
			children = (
				485009E51E2FF23B009B6610 /* ElectrodeApiImpl */,
				485009F01E2FF23C009B6610 /* ElectrodeApiImplTests */,
				485009E41E2FF23B009B6610 /* Products */,
				485009FD1E2FF25D009B6610 /* Libraries */,
				48500AA71E2FFA14009B6610 /* Frameworks */,
			);
			sourceTree = "<group>";
		};
		485009E41E2FF23B009B6610 /* Products */ = {
			isa = PBXGroup;
			children = (
				485009E31E2FF23B009B6610 /* ElectrodeApiImpl.framework */,
				485009EC1E2FF23C009B6610 /* ElectrodeApiImplTests.xctest */,
			);
			name = Products;
			sourceTree = "<group>";
		};
		485009E51E2FF23B009B6610 /* ElectrodeApiImpl */ = {
			isa = PBXGroup;
			children = (
				7F1C6B771FAD343A00F68360 /* APIImpls */,
				2265A4A11EB26943007D6C3D /* Info.plist */,
				22C096A91EA0893F00E1486A /* APIs */,
				22FD4D1E1E96ECBB00FC81DB /* ElectrodeReactNativeBridge */,
				968333D51E54E3470031C565 /* ElectrodeBridgeDelegate.h */,
				968333D61E54E3470031C565 /* ElectrodeBridgeDelegate.m */,
				485009E61E2FF23B009B6610 /* ElectrodeApiImpl.h */,
				48500A961E2FF55B009B6610 /* ElectrodeReactNative.h */,
				30F8CDED1E67946E00413247 /* ElectrodeReactNative_Internal.h */,
				48500A971E2FF55B009B6610 /* ElectrodeReactNative.m */,
			);
			path = ElectrodeApiImpl;
			sourceTree = "<group>";
		};
		485009F01E2FF23C009B6610 /* ElectrodeApiImplTests */ = {
			isa = PBXGroup;
			children = (
				485009F11E2FF23C009B6610 /* ElectrodeApiImplTests.m */,
				485009F31E2FF23C009B6610 /* Info.plist */,
				30B77DD51E66518E00EF3A78 /* ElectrodeBridgeDelegateTests.m */,
				30F8CDE31E677D7C00413247 /* ElectrodeReactNativeTests.m */,
			);
			path = ElectrodeApiImplTests;
			sourceTree = "<group>";
		};
		485009FD1E2FF25D009B6610 /* Libraries */ = {
			isa = PBXGroup;
			children = (
				226325CE1E80594F00CD0B10 /* ReactNative */,
				9654B8921E5CCA1D00AFF607 /* MiniApp */,
			);
			name = Libraries;
			path = ElectrodeApiImpl/Libraries;
			sourceTree = "<group>";
		};
		48500AA71E2FFA14009B6610 /* Frameworks */ = {
			isa = PBXGroup;
			children = (
			);
			name = Frameworks;
			sourceTree = "<group>";
		};
		7F1C6B771FAD343A00F68360 /* APIImpls */ = {
			isa = PBXGroup;
			children = (
				93D1B3639E404480A72309D4 /* RequestHandlerConfig.swift */,
				58A1F7E88C9E47B58B96B180 /* RequestHandlerProvider.swift */,
				1421A4979F7E47CBAA383098 /* MoviesApiController.swift */,
				1A81781A085E4441B44EA5F8 /* MoviesApiRequestHandlerDelegate.swift */,
			);
			name = APIImpls;
			sourceTree = "<group>";
		};
		9654B8921E5CCA1D00AFF607 /* MiniApp */ = {
			isa = PBXGroup;
			children = (
			);
			path = MiniApp;
			sourceTree = "<group>";
		};
		0F6DABAD895949FC8722D428 /* Products */ = {
			isa = PBXGroup;
			children = (
				84BD1A8D48EC4A40B0B6F101 /* libReact.a */,
			);
			name = Products;
			path = undefined;
			sourceTree = "<group>";
		};
		22C62F67EB9A4430A4BDB758 /* Products */ = {
			isa = PBXGroup;
			children = (
				C6FCB9449D4F48198285F893 /* libRCTActionSheet.a */,
			);
			name = Products;
			path = undefined;
			sourceTree = "<group>";
		};
		A1C69A7286D94368BBD9E11B /* Products */ = {
			isa = PBXGroup;
			children = (
				45C164E3F762452D9E13070F /* libRCTImage.a */,
			);
			name = Products;
			path = undefined;
			sourceTree = "<group>";
		};
		21D3138A28D649EF9C0A8A48 /* Products */ = {
			isa = PBXGroup;
			children = (
				71361433031845A4A49CFAB8 /* libRCTAnimation.a */,
			);
			name = Products;
			path = undefined;
			sourceTree = "<group>";
		};
		3076AF5A1916499A8CBC1BA8 /* Products */ = {
			isa = PBXGroup;
			children = (
				BD91DD0437AA405F884E3CAE /* libRCTText.a */,
			);
			name = Products;
			path = undefined;
			sourceTree = "<group>";
		};
		1A82A01D913E49188DB576F9 /* Products */ = {
			isa = PBXGroup;
			children = (
				6C76FB3BC1D74DB18D7513B1 /* libRCTWebSocket.a */,
			);
			name = Products;
			path = undefined;
			sourceTree = "<group>";
		};
		F0800E7A7367487D923326F8 /* Products */ = {
			isa = PBXGroup;
			children = (
				D4C914A4451943DCA0DB3FCF /* libRCTGeolocation.a */,
			);
			name = Products;
			path = undefined;
			sourceTree = "<group>";
		};
		C5E3004E8DED49D7A3871012 /* Products */ = {
			isa = PBXGroup;
			children = (
				545241A71EDF4A0393803DE0 /* libRCTLinking.a */,
			);
			name = Products;
			path = undefined;
			sourceTree = "<group>";
		};
		5FAD7189F8544A65B4AAB127 /* Products */ = {
			isa = PBXGroup;
			children = (
				BB806EA3F7BF445884A42170 /* libRCTNetwork.a */,
			);
			name = Products;
			path = undefined;
			sourceTree = "<group>";
		};
		F52F9EBDE97A454BBF2611C3 /* Products */ = {
			isa = PBXGroup;
			children = (
				08FB7EEAEE294DCBB813F99F /* libRCTSettings.a */,
			);
			name = Products;
			path = undefined;
			sourceTree = "<group>";
		};
		A71380B2B50941B68270C9E3 /* Products */ = {
			isa = PBXGroup;
			children = (
				388826E229CD40878FC1003B /* libRCTVibration.a */,
			);
			name = Products;
			path = undefined;
			sourceTree = "<group>";
		};
		CA494C0467194802BB7DD7FB /* Products */ = {
			isa = PBXGroup;
			children = (
				2BCE35CB30834F44BA054AC1 /* libRCTCameraRoll.a */,
			);
			name = Products;
			path = undefined;
			sourceTree = "<group>";
		};
/* End PBXGroup section */

/* Begin PBXHeadersBuildPhase section */
		485009E01E2FF23B009B6610 /* Headers */ = {
			isa = PBXHeadersBuildPhase;
			buildActionMask = 2147483647;
			files = (
				485009F41E2FF23C009B6610 /* ElectrodeApiImpl.h in Headers */,
				968333D71E54E3470031C565 /* ElectrodeBridgeDelegate.h in Headers */,
				30F8CDEE1E67946E00413247 /* ElectrodeReactNative_Internal.h in Headers */,
				48500A981E2FF55B009B6610 /* ElectrodeReactNative.h in Headers */,
				A213343C0E5B42DABD2BF3F5 /* ElectrodeBridgeEvent.h in Headers */,
				BD54F343D480438C8BB32642 /* ElectrodeBridgeFailureMessage.h in Headers */,
				0CA22035A9344014AAC22C6F /* ElectrodeBridgeHolder.h in Headers */,
				E801713EF1E74FC5A5F435EA /* ElectrodeBridgeMessage.h in Headers */,
				80809662CE3D41329A9B4F2E /* ElectrodeBridgeProtocols.h in Headers */,
				EF52217B403B43CDA94358B7 /* ElectrodeBridgeRequest.h in Headers */,
				53202E0F72EF43D4AFB90B8E /* ElectrodeBridgeTransaction.h in Headers */,
				985D265D9BD04150B2CFF345 /* ElectrodeBridgeTransceiver.h in Headers */,
				9B16A909D93F4C7FA3D6B981 /* ElectrodeBridgeTransceiver_Internal.h in Headers */,
				F9FB629F8A2E41169CDF337C /* ElectrodeEventDispatcher.h in Headers */,
				04D10C4AB782461E86A82E69 /* ElectrodeEventRegistrar.h in Headers */,
				787D818EB9504CF39010BECF /* ElectrodeRequestDispatcher.h in Headers */,
				F5CD1A8B8DA34B449A8095ED /* ElectrodeRequestRegistrar.h in Headers */,
				00A11A19A5264420BD0A0F64 /* ElectrodeReactNativeBridge.h in Headers */,
				04B424524D094BE5B5F45285 /* ElectrodeBridgeResponse.h in Headers */,
				A4CC797A28A94FFE910B8E9D /* ElectrodeLogger.h in Headers */,
			);
			runOnlyForDeploymentPostprocessing = 0;
		};
/* End PBXHeadersBuildPhase section */

/* Begin PBXNativeTarget section */
		485009E21E2FF23B009B6610 /* ElectrodeApiImpl */ = {
			isa = PBXNativeTarget;
			buildConfigurationList = 485009F71E2FF23C009B6610 /* Build configuration list for PBXNativeTarget "ElectrodeApiImpl" */;
			buildPhases = (
				485009DE1E2FF23B009B6610 /* Sources */,
				485009DF1E2FF23B009B6610 /* Frameworks */,
				485009E01E2FF23B009B6610 /* Headers */,
				485009E11E2FF23B009B6610 /* Resources */,
			);
			buildRules = (
			);
			dependencies = (
				9595F62136844549B9D03DFE /* PBXTargetDependency */,
				AC46F860EA334398B70E4D38 /* PBXTargetDependency */,
				8FF91FF4D3F345E5910F10C9 /* PBXTargetDependency */,
				4B00ADAEEB68437DB035B962 /* PBXTargetDependency */,
				27E5387D500641B0B0E7F0D6 /* PBXTargetDependency */,
				A32061D3D61140CD94F503B2 /* PBXTargetDependency */,
				8741263A84A445EB9368EC97 /* PBXTargetDependency */,
				173A94E34EDD4D1480F58D81 /* PBXTargetDependency */,
				873E2403849E4E0D874673D5 /* PBXTargetDependency */,
				33098B87DC824C23A4CD7ADA /* PBXTargetDependency */,
				54CC2AA5F6D748DBAB3E2D77 /* PBXTargetDependency */,
				D023FD63E2DA49C8BC13147C /* PBXTargetDependency */,
			);
			name = ElectrodeApiImpl;
			productName = ElectrodeApiImpl;
			productReference = 485009E31E2FF23B009B6610 /* ElectrodeApiImpl.framework */;
			productType = "com.apple.product-type.framework";
		};
		485009EB1E2FF23C009B6610 /* ElectrodeApiImplTests */ = {
			isa = PBXNativeTarget;
			buildConfigurationList = 485009FA1E2FF23C009B6610 /* Build configuration list for PBXNativeTarget "ElectrodeApiImplTests" */;
			buildPhases = (
				485009E81E2FF23C009B6610 /* Sources */,
				485009E91E2FF23C009B6610 /* Frameworks */,
				485009EA1E2FF23C009B6610 /* Resources */,
			);
			buildRules = (
			);
			dependencies = (
				485009EF1E2FF23C009B6610 /* PBXTargetDependency */,
			);
			name = ElectrodeApiImplTests;
			productName = ElectrodeApiImplTests;
			productReference = 485009EC1E2FF23C009B6610 /* ElectrodeApiImplTests.xctest */;
			productType = "com.apple.product-type.bundle.unit-test";
		};
/* End PBXNativeTarget section */

/* Begin PBXProject section */
		485009DA1E2FF23B009B6610 /* Project object */ = {
			isa = PBXProject;
			attributes = {
				LastUpgradeCheck = 820;
				ORGANIZATIONNAME = Walmart;
				TargetAttributes = {
					485009E21E2FF23B009B6610 = {
						CreatedOnToolsVersion = 8.2.1;
						ProvisioningStyle = Automatic;
					};
					485009EB1E2FF23C009B6610 = {
						CreatedOnToolsVersion = 8.2.1;
						DevelopmentTeam = DXZ5VF8836;
						ProvisioningStyle = Automatic;
					};
				};
			};
			buildConfigurationList = 485009DD1E2FF23B009B6610 /* Build configuration list for PBXProject "ElectrodeApiImpl" */;
			compatibilityVersion = "Xcode 3.2";
			developmentRegion = English;
			hasScannedForEncodings = 0;
			knownRegions = (
				en,
			);
			mainGroup = 485009D91E2FF23B009B6610;
			productRefGroup = 485009E41E2FF23B009B6610 /* Products */;
			projectDirPath = "";
			projectRoot = "";
			targets = (
				485009E21E2FF23B009B6610 /* ElectrodeApiImpl */,
				485009EB1E2FF23C009B6610 /* ElectrodeApiImplTests */,
			);
			projectReferences = (
				{
					ProjectRef = 03DD1F00A4F9410786360847 /* React.xcodeproj */;
					ProductGroup = 0F6DABAD895949FC8722D428 /* Products */;
				},
				{
					ProjectRef = B03305AB92ED410FB1EE8B27 /* RCTActionSheet.xcodeproj */;
					ProductGroup = 22C62F67EB9A4430A4BDB758 /* Products */;
				},
				{
					ProjectRef = 19E648DDA4874B0BB8776257 /* RCTImage.xcodeproj */;
					ProductGroup = A1C69A7286D94368BBD9E11B /* Products */;
				},
				{
					ProjectRef = 69EFDD306E8F4BF7B7340ADB /* RCTAnimation.xcodeproj */;
					ProductGroup = 21D3138A28D649EF9C0A8A48 /* Products */;
				},
				{
					ProjectRef = 244E599CC5FD493A9482291E /* RCTText.xcodeproj */;
					ProductGroup = 3076AF5A1916499A8CBC1BA8 /* Products */;
				},
				{
					ProjectRef = 368FEBDFE98B42D2807AAB84 /* RCTWebSocket.xcodeproj */;
					ProductGroup = 1A82A01D913E49188DB576F9 /* Products */;
				},
				{
					ProjectRef = B9C1659B2CF349558B208DCC /* RCTGeolocation.xcodeproj */;
					ProductGroup = F0800E7A7367487D923326F8 /* Products */;
				},
				{
					ProjectRef = 69EBB07A40C040C0B266862C /* RCTLinking.xcodeproj */;
					ProductGroup = C5E3004E8DED49D7A3871012 /* Products */;
				},
				{
					ProjectRef = A1D3E6AB23DA459984C3455C /* RCTNetwork.xcodeproj */;
					ProductGroup = 5FAD7189F8544A65B4AAB127 /* Products */;
				},
				{
					ProjectRef = 6F7D1CA765B149A1906DDE89 /* RCTSettings.xcodeproj */;
					ProductGroup = F52F9EBDE97A454BBF2611C3 /* Products */;
				},
				{
					ProjectRef = BC29DE403DD8443A8D10A302 /* RCTVibration.xcodeproj */;
					ProductGroup = A71380B2B50941B68270C9E3 /* Products */;
				},
				{
					ProjectRef = 5D6D5D2C6E2D487B8681EF31 /* RCTCameraRoll.xcodeproj */;
					ProductGroup = CA494C0467194802BB7DD7FB /* Products */;
				},
			);
		};
/* End PBXProject section */

/* Begin PBXReferenceProxy section */
		84BD1A8D48EC4A40B0B6F101 /* libReact.a */ = {
			isa = PBXReferenceProxy;
			fileType = archive.ar;
			path = libReact.a;
			remoteRef = DD34CA7F50334AB1BC1E9FCE /* PBXContainerItemProxy */;
			sourceTree = BUILT_PRODUCTS_DIR;
		};
		C6FCB9449D4F48198285F893 /* libRCTActionSheet.a */ = {
			isa = PBXReferenceProxy;
			fileType = archive.ar;
			path = libRCTActionSheet.a;
			remoteRef = 1C42BF68201447849549E89B /* PBXContainerItemProxy */;
			sourceTree = BUILT_PRODUCTS_DIR;
		};
		45C164E3F762452D9E13070F /* libRCTImage.a */ = {
			isa = PBXReferenceProxy;
			fileType = archive.ar;
			path = libRCTImage.a;
			remoteRef = 7570730E68744AFB85ACE78C /* PBXContainerItemProxy */;
			sourceTree = BUILT_PRODUCTS_DIR;
		};
		71361433031845A4A49CFAB8 /* libRCTAnimation.a */ = {
			isa = PBXReferenceProxy;
			fileType = archive.ar;
			path = libRCTAnimation.a;
			remoteRef = 44A6FE63F76348FCA4119345 /* PBXContainerItemProxy */;
			sourceTree = BUILT_PRODUCTS_DIR;
		};
		BD91DD0437AA405F884E3CAE /* libRCTText.a */ = {
			isa = PBXReferenceProxy;
			fileType = archive.ar;
			path = libRCTText.a;
			remoteRef = 1DFE389A478B469A918C8285 /* PBXContainerItemProxy */;
			sourceTree = BUILT_PRODUCTS_DIR;
		};
		6C76FB3BC1D74DB18D7513B1 /* libRCTWebSocket.a */ = {
			isa = PBXReferenceProxy;
			fileType = archive.ar;
			path = libRCTWebSocket.a;
			remoteRef = 7B25CA1EE0934A958B9905D2 /* PBXContainerItemProxy */;
			sourceTree = BUILT_PRODUCTS_DIR;
		};
		D4C914A4451943DCA0DB3FCF /* libRCTGeolocation.a */ = {
			isa = PBXReferenceProxy;
			fileType = archive.ar;
			path = libRCTGeolocation.a;
			remoteRef = A497D691EB1D42D1B7763D30 /* PBXContainerItemProxy */;
			sourceTree = BUILT_PRODUCTS_DIR;
		};
		545241A71EDF4A0393803DE0 /* libRCTLinking.a */ = {
			isa = PBXReferenceProxy;
			fileType = archive.ar;
			path = libRCTLinking.a;
			remoteRef = B1038644D4024383B63A38B5 /* PBXContainerItemProxy */;
			sourceTree = BUILT_PRODUCTS_DIR;
		};
		BB806EA3F7BF445884A42170 /* libRCTNetwork.a */ = {
			isa = PBXReferenceProxy;
			fileType = archive.ar;
			path = libRCTNetwork.a;
			remoteRef = BBEE83311E88413CB053BBE7 /* PBXContainerItemProxy */;
			sourceTree = BUILT_PRODUCTS_DIR;
		};
		08FB7EEAEE294DCBB813F99F /* libRCTSettings.a */ = {
			isa = PBXReferenceProxy;
			fileType = archive.ar;
			path = libRCTSettings.a;
			remoteRef = 94804A63F6C74D46A18DD1DC /* PBXContainerItemProxy */;
			sourceTree = BUILT_PRODUCTS_DIR;
		};
		388826E229CD40878FC1003B /* libRCTVibration.a */ = {
			isa = PBXReferenceProxy;
			fileType = archive.ar;
			path = libRCTVibration.a;
			remoteRef = 5C62F89983E44E1780AE5B0F /* PBXContainerItemProxy */;
			sourceTree = BUILT_PRODUCTS_DIR;
		};
		2BCE35CB30834F44BA054AC1 /* libRCTCameraRoll.a */ = {
			isa = PBXReferenceProxy;
			fileType = archive.ar;
			path = libRCTCameraRoll.a;
			remoteRef = ED0A53153AAA4B18B8DA97A8 /* PBXContainerItemProxy */;
			sourceTree = BUILT_PRODUCTS_DIR;
		};
/* End PBXReferenceProxy section */

/* Begin PBXResourcesBuildPhase section */
		485009E11E2FF23B009B6610 /* Resources */ = {
			isa = PBXResourcesBuildPhase;
			buildActionMask = 2147483647;
			files = (
				2265A4A21EB26943007D6C3D /* Info.plist in Resources */,
			);
			runOnlyForDeploymentPostprocessing = 0;
		};
		485009EA1E2FF23C009B6610 /* Resources */ = {
			isa = PBXResourcesBuildPhase;
			buildActionMask = 2147483647;
			files = (
			);
			runOnlyForDeploymentPostprocessing = 0;
		};
/* End PBXResourcesBuildPhase section */

/* Begin PBXSourcesBuildPhase section */
		485009DE1E2FF23B009B6610 /* Sources */ = {
			isa = PBXSourcesBuildPhase;
			buildActionMask = 2147483647;
			files = (
				48500A991E2FF55B009B6610 /* ElectrodeReactNative.m in Sources */,
				968333D81E54E3470031C565 /* ElectrodeBridgeDelegate.m in Sources */,
				793779CDAE0F4EAB83039BA2 /* ElectrodeObject.swift in Sources */,
				88BD5ED1462B4A8E9638B397 /* Bridgeable.swift in Sources */,
				3B44925C24D744F0BB4F780E /* ElectrodeRequestHandlerProcessor.swift in Sources */,
				422EEFB186E8404C9642BE49 /* ElectrodeRequestProcessor.swift in Sources */,
				F2A6AA337A6C4E3B8FEFBE46 /* ElectrodeUtilities.swift in Sources */,
				49C996DB20234A9D8B1B9916 /* EventListenerProcessor.swift in Sources */,
				F05B105C0E5D4B0DBD2B48BB /* EventProcessor.swift in Sources */,
				449CF87C172643C39374342C /* Processor.swift in Sources */,
				ABAB92A0C5B9451D97E0B218 /* None.swift in Sources */,
				F1868ADDA2D840F7865D319D /* ElectrodeBridgeEvent.m in Sources */,
				3420E4EDDD8449189A6688E6 /* ElectrodeBridgeFailureMessage.m in Sources */,
				F914831E8D31489789A83452 /* ElectrodeBridgeHolder.m in Sources */,
				9E5B5D64CD0C4040BD402D5D /* ElectrodeBridgeMessage.m in Sources */,
				6BCA6264A5E94A96970115F1 /* ElectrodeBridgeProtocols.m in Sources */,
				447CF9D7E6954B8EAD393871 /* ElectrodeBridgeRequest.m in Sources */,
				5DF1F7357AA3487783CBD638 /* ElectrodeBridgeResponse.m in Sources */,
				06527E5947E44A129DFA1B99 /* ElectrodeBridgeTransaction.m in Sources */,
				F3C44DCFF1D14D978A75F38C /* ElectrodeBridgeTransceiver.m in Sources */,
				04D61912D13D4CD58E612E6F /* ElectrodeEventDispatcher.m in Sources */,
				BEC625A4CCBD42F2AAD7A316 /* ElectrodeEventRegistrar.m in Sources */,
				2E02EB4BB7AE416CA8228E8E /* ElectrodeRequestDispatcher.m in Sources */,
				A38364B59A5E4655BBE880F6 /* ElectrodeRequestRegistrar.m in Sources */,
				7AA389C92F8A427E8D5B7022 /* ElectrodeLogger.m in Sources */,
				D6899A83D4C7443385D9CDAA /* BirthYear.swift in Sources */,
				621D905B6EC6418890146959 /* Movie.swift in Sources */,
				0A54A9D55C754FFFB4FEFA17 /* MoviesAPI.swift in Sources */,
				C9BD266E69C44E9CB7C41B8F /* MoviesRequests.swift in Sources */,
				9EEE96FD860B4E358F88545A /* Person.swift in Sources */,
				95928177D99545C086DC5000 /* Synopsis.swift in Sources */,
				B1BE23E46CB14E61B887B927 /* RequestHandlerConfig.swift in Sources */,
				04527F79BB8140A8A0481135 /* RequestHandlerProvider.swift in Sources */,
				C42409208484472B9E368923 /* MoviesApiController.swift in Sources */,
				85E336E21A4342AA9AAE7E72 /* MoviesApiRequestHandlerDelegate.swift in Sources */,
			);
			runOnlyForDeploymentPostprocessing = 0;
		};
		485009E81E2FF23C009B6610 /* Sources */ = {
			isa = PBXSourcesBuildPhase;
			buildActionMask = 2147483647;
			files = (
				485009F21E2FF23C009B6610 /* ElectrodeApiImplTests.m in Sources */,
				30B77DD61E66518E00EF3A78 /* ElectrodeBridgeDelegateTests.m in Sources */,
				30F8CDE41E677D7C00413247 /* ElectrodeReactNativeTests.m in Sources */,
			);
			runOnlyForDeploymentPostprocessing = 0;
		};
/* End PBXSourcesBuildPhase section */

/* Begin PBXTargetDependency section */
		485009EF1E2FF23C009B6610 /* PBXTargetDependency */ = {
			isa = PBXTargetDependency;
			target = 485009E21E2FF23B009B6610 /* ElectrodeApiImpl */;
			targetProxy = 485009EE1E2FF23C009B6610 /* PBXContainerItemProxy */;
		};
		9595F62136844549B9D03DFE /* PBXTargetDependency */ = {
			isa = PBXTargetDependency;
			name = React;
			targetProxy = C925C4C451164F488206AF26 /* PBXContainerItemProxy */;
		};
		AC46F860EA334398B70E4D38 /* PBXTargetDependency */ = {
			isa = PBXTargetDependency;
			name = RCTActionSheet;
			targetProxy = AA34D92FFB674321A68F0E1E /* PBXContainerItemProxy */;
		};
		8FF91FF4D3F345E5910F10C9 /* PBXTargetDependency */ = {
			isa = PBXTargetDependency;
			name = RCTImage;
			targetProxy = 18DCB3DE07BF4C8EBAD846D8 /* PBXContainerItemProxy */;
		};
		4B00ADAEEB68437DB035B962 /* PBXTargetDependency */ = {
			isa = PBXTargetDependency;
			name = RCTAnimation;
			targetProxy = 2652E2981D394189ADA5C5BC /* PBXContainerItemProxy */;
		};
		27E5387D500641B0B0E7F0D6 /* PBXTargetDependency */ = {
			isa = PBXTargetDependency;
			name = RCTText;
			targetProxy = CD24A87273B14C5488FDA1F5 /* PBXContainerItemProxy */;
		};
		A32061D3D61140CD94F503B2 /* PBXTargetDependency */ = {
			isa = PBXTargetDependency;
			name = RCTWebSocket;
			targetProxy = 205CCE1FED4646C1A7497D21 /* PBXContainerItemProxy */;
		};
		8741263A84A445EB9368EC97 /* PBXTargetDependency */ = {
			isa = PBXTargetDependency;
			name = RCTGeolocation;
			targetProxy = 92A1C214BEDA430E9B140EEC /* PBXContainerItemProxy */;
		};
		173A94E34EDD4D1480F58D81 /* PBXTargetDependency */ = {
			isa = PBXTargetDependency;
			name = RCTLinking;
			targetProxy = D980E4007CDA44A6821BEFFF /* PBXContainerItemProxy */;
		};
		873E2403849E4E0D874673D5 /* PBXTargetDependency */ = {
			isa = PBXTargetDependency;
			name = RCTNetwork;
			targetProxy = C56283BD949441F2998EF9B6 /* PBXContainerItemProxy */;
		};
		33098B87DC824C23A4CD7ADA /* PBXTargetDependency */ = {
			isa = PBXTargetDependency;
			name = RCTSettings;
			targetProxy = 2A7CF9CC3DD14C1880C40555 /* PBXContainerItemProxy */;
		};
		54CC2AA5F6D748DBAB3E2D77 /* PBXTargetDependency */ = {
			isa = PBXTargetDependency;
			name = RCTVibration;
			targetProxy = 080AFDAA324741E7B0D19171 /* PBXContainerItemProxy */;
		};
		D023FD63E2DA49C8BC13147C /* PBXTargetDependency */ = {
			isa = PBXTargetDependency;
			name = RCTCameraRoll;
			targetProxy = FC4EF60C5B9647249DB98900 /* PBXContainerItemProxy */;
		};
/* End PBXTargetDependency section */

/* Begin XCBuildConfiguration section */
		303268E41EA8139700A41A8F /* QADeployment */ = {
			isa = XCBuildConfiguration;
			buildSettings = {
				ALWAYS_SEARCH_USER_PATHS = NO;
				CLANG_ANALYZER_NONNULL = YES;
				CLANG_CXX_LANGUAGE_STANDARD = "gnu++0x";
				CLANG_CXX_LIBRARY = "libc++";
				CLANG_ENABLE_MODULES = YES;
				CLANG_ENABLE_OBJC_ARC = YES;
				CLANG_WARN_BOOL_CONVERSION = YES;
				CLANG_WARN_CONSTANT_CONVERSION = YES;
				CLANG_WARN_DIRECT_OBJC_ISA_USAGE = YES_ERROR;
				CLANG_WARN_DOCUMENTATION_COMMENTS = YES;
				CLANG_WARN_EMPTY_BODY = YES;
				CLANG_WARN_ENUM_CONVERSION = YES;
				CLANG_WARN_INFINITE_RECURSION = YES;
				CLANG_WARN_INT_CONVERSION = YES;
				CLANG_WARN_OBJC_ROOT_CLASS = YES_ERROR;
				CLANG_WARN_SUSPICIOUS_MOVE = YES;
				CLANG_WARN_UNREACHABLE_CODE = YES;
				CLANG_WARN__DUPLICATE_METHOD_MATCH = YES;
				"CODE_SIGN_IDENTITY[sdk=iphoneos*]" = "iPhone Developer";
				COPY_PHASE_STRIP = NO;
				CURRENT_PROJECT_VERSION = 1;
				DEBUG_INFORMATION_FORMAT = "dwarf-with-dsym";
				ENABLE_STRICT_OBJC_MSGSEND = YES;
				ENABLE_TESTABILITY = YES;
				GCC_C_LANGUAGE_STANDARD = gnu99;
				GCC_DYNAMIC_NO_PIC = NO;
				GCC_NO_COMMON_BLOCKS = YES;
				GCC_OPTIMIZATION_LEVEL = 0;
				GCC_PREPROCESSOR_DEFINITIONS = (
					"DEBUG=1",
					"$(inherited)",
				);
				GCC_WARN_64_TO_32_BIT_CONVERSION = YES;
				GCC_WARN_ABOUT_RETURN_TYPE = YES_ERROR;
				GCC_WARN_UNDECLARED_SELECTOR = YES;
				GCC_WARN_UNINITIALIZED_AUTOS = YES_AGGRESSIVE;
				GCC_WARN_UNUSED_FUNCTION = YES;
				GCC_WARN_UNUSED_VARIABLE = YES;
				IPHONEOS_DEPLOYMENT_TARGET = 9.0;
				MTL_ENABLE_DEBUG_INFO = YES;
				ONLY_ACTIVE_ARCH = YES;
				SDKROOT = iphoneos;
				TARGETED_DEVICE_FAMILY = "1,2";
				VERSIONING_SYSTEM = "apple-generic";
				VERSION_INFO_PREFIX = "";
			};
			name = QADeployment;
		};
		303268E51EA8139700A41A8F /* QADeployment */ = {
			isa = XCBuildConfiguration;
			buildSettings = {
				ALWAYS_EMBED_SWIFT_STANDARD_LIBRARIES = YES;
				CLANG_ENABLE_MODULES = YES;
				CLANG_WARN_DOCUMENTATION_COMMENTS = NO;
				CODE_SIGN_IDENTITY = "";
				DEFINES_MODULE = YES;
				DYLIB_COMPATIBILITY_VERSION = 1;
				DYLIB_CURRENT_VERSION = 1;
				DYLIB_INSTALL_NAME_BASE = "@rpath";
				ENABLE_BITCODE = NO;
				ENABLE_ON_DEMAND_RESOURCES = NO;
				ENABLE_TESTABILITY = YES;
				FRAMEWORK_SEARCH_PATHS = "";
				HEADER_SEARCH_PATHS = (
					"$(inherited)/**",
					"$(SRCROOT)/ElectrodeApiImpl/Libraries/ReactNative/**",
					"$(SRCROOT)/ElectrodeApiImpl/Libraries/CodePush/**",
				);
				INFOPLIST_FILE = ElectrodeApiImpl/Info.plist;
				INSTALL_PATH = "$(LOCAL_LIBRARY_DIR)/Frameworks";
				LD_RUNPATH_SEARCH_PATHS = "$(inherited) @executable_path/Frameworks @loader_path/Frameworks";
				LIBRARY_SEARCH_PATHS = (
					"$(inherited)",
					"$(SRCROOT)/ElectrodeApiImpl/Libraries/ReactNative/**",
					"$(SRCROOT)/ElectrodeApiImpl/Libraries/CodePush/**",
				);
				ONLY_ACTIVE_ARCH = NO;
				OTHER_LDFLAGS = (
					"-ObjC",
					"-lc++",
					"-lz",
				);
				PRODUCT_BUNDLE_IDENTIFIER = com.walmart.electronics.ElectrodeApiImpl;
				PRODUCT_NAME = "$(TARGET_NAME)";
				SKIP_INSTALL = YES;
				STRIP_STYLE = debugging;
				SWIFT_ACTIVE_COMPILATION_CONDITIONS = DEBUG;
				SWIFT_OPTIMIZATION_LEVEL = "-Owholemodule";
				SWIFT_VERSION = 3.0;
			};
			name = QADeployment;
		};
		303268E61EA8139700A41A8F /* QADeployment */ = {
			isa = XCBuildConfiguration;
			buildSettings = {
				HEADER_SEARCH_PATHS = (
					"$(inherited)",
					"$(SRCROOT)/ElectrodeApiImpl/Libraries/CodePush/**",
				);
				INFOPLIST_FILE = ElectrodeApiImplTests/Info.plist;
				LD_RUNPATH_SEARCH_PATHS = "$(inherited) @executable_path/Frameworks @loader_path/Frameworks";
				LIBRARY_SEARCH_PATHS = (
					"$(inherited)",
					"$(SRCROOT)/ElectrodeApiImpl/Libraries/ReactNative/**",
					"$(SRCROOT)/ElectrodeApiImpl/Libraries/CodePush/**",
				);
				PRODUCT_BUNDLE_IDENTIFIER = com.walmart.electronics.ElectrodeApiImplTests;
				PRODUCT_NAME = "$(TARGET_NAME)";
				TEST_HOST = "";
			};
			name = QADeployment;
		};
		485009F51E2FF23C009B6610 /* Debug */ = {
			isa = XCBuildConfiguration;
			buildSettings = {
				ALWAYS_SEARCH_USER_PATHS = NO;
				CLANG_ANALYZER_NONNULL = YES;
				CLANG_CXX_LANGUAGE_STANDARD = "gnu++0x";
				CLANG_CXX_LIBRARY = "libc++";
				CLANG_ENABLE_MODULES = YES;
				CLANG_ENABLE_OBJC_ARC = YES;
				CLANG_WARN_BOOL_CONVERSION = YES;
				CLANG_WARN_CONSTANT_CONVERSION = YES;
				CLANG_WARN_DIRECT_OBJC_ISA_USAGE = YES_ERROR;
				CLANG_WARN_DOCUMENTATION_COMMENTS = YES;
				CLANG_WARN_EMPTY_BODY = YES;
				CLANG_WARN_ENUM_CONVERSION = YES;
				CLANG_WARN_INFINITE_RECURSION = YES;
				CLANG_WARN_INT_CONVERSION = YES;
				CLANG_WARN_OBJC_ROOT_CLASS = YES_ERROR;
				CLANG_WARN_SUSPICIOUS_MOVE = YES;
				CLANG_WARN_UNREACHABLE_CODE = YES;
				CLANG_WARN__DUPLICATE_METHOD_MATCH = YES;
				"CODE_SIGN_IDENTITY[sdk=iphoneos*]" = "iPhone Developer";
				COPY_PHASE_STRIP = NO;
				CURRENT_PROJECT_VERSION = 1;
				DEBUG_INFORMATION_FORMAT = dwarf;
				ENABLE_STRICT_OBJC_MSGSEND = YES;
				ENABLE_TESTABILITY = YES;
				GCC_C_LANGUAGE_STANDARD = gnu99;
				GCC_DYNAMIC_NO_PIC = NO;
				GCC_NO_COMMON_BLOCKS = YES;
				GCC_OPTIMIZATION_LEVEL = 0;
				GCC_PREPROCESSOR_DEFINITIONS = (
					"DEBUG=1",
					"$(inherited)",
				);
				GCC_WARN_64_TO_32_BIT_CONVERSION = YES;
				GCC_WARN_ABOUT_RETURN_TYPE = YES_ERROR;
				GCC_WARN_UNDECLARED_SELECTOR = YES;
				GCC_WARN_UNINITIALIZED_AUTOS = YES_AGGRESSIVE;
				GCC_WARN_UNUSED_FUNCTION = YES;
				GCC_WARN_UNUSED_VARIABLE = YES;
				IPHONEOS_DEPLOYMENT_TARGET = 9.0;
				MTL_ENABLE_DEBUG_INFO = YES;
				ONLY_ACTIVE_ARCH = YES;
				SDKROOT = iphoneos;
				TARGETED_DEVICE_FAMILY = "1,2";
				VERSIONING_SYSTEM = "apple-generic";
				VERSION_INFO_PREFIX = "";
			};
			name = Debug;
		};
		485009F61E2FF23C009B6610 /* Release */ = {
			isa = XCBuildConfiguration;
			buildSettings = {
				ALWAYS_SEARCH_USER_PATHS = NO;
				CLANG_ANALYZER_NONNULL = YES;
				CLANG_CXX_LANGUAGE_STANDARD = "gnu++0x";
				CLANG_CXX_LIBRARY = "libc++";
				CLANG_ENABLE_MODULES = YES;
				CLANG_ENABLE_OBJC_ARC = YES;
				CLANG_WARN_BOOL_CONVERSION = YES;
				CLANG_WARN_CONSTANT_CONVERSION = YES;
				CLANG_WARN_DIRECT_OBJC_ISA_USAGE = YES_ERROR;
				CLANG_WARN_DOCUMENTATION_COMMENTS = YES;
				CLANG_WARN_EMPTY_BODY = YES;
				CLANG_WARN_ENUM_CONVERSION = YES;
				CLANG_WARN_INFINITE_RECURSION = YES;
				CLANG_WARN_INT_CONVERSION = YES;
				CLANG_WARN_OBJC_ROOT_CLASS = YES_ERROR;
				CLANG_WARN_SUSPICIOUS_MOVE = YES;
				CLANG_WARN_UNREACHABLE_CODE = YES;
				CLANG_WARN__DUPLICATE_METHOD_MATCH = YES;
				"CODE_SIGN_IDENTITY[sdk=iphoneos*]" = "iPhone Developer";
				COPY_PHASE_STRIP = NO;
				CURRENT_PROJECT_VERSION = 1;
				DEBUG_INFORMATION_FORMAT = "dwarf-with-dsym";
				ENABLE_NS_ASSERTIONS = NO;
				ENABLE_STRICT_OBJC_MSGSEND = YES;
				GCC_C_LANGUAGE_STANDARD = gnu99;
				GCC_NO_COMMON_BLOCKS = YES;
				GCC_WARN_64_TO_32_BIT_CONVERSION = YES;
				GCC_WARN_ABOUT_RETURN_TYPE = YES_ERROR;
				GCC_WARN_UNDECLARED_SELECTOR = YES;
				GCC_WARN_UNINITIALIZED_AUTOS = YES_AGGRESSIVE;
				GCC_WARN_UNUSED_FUNCTION = YES;
				GCC_WARN_UNUSED_VARIABLE = YES;
				IPHONEOS_DEPLOYMENT_TARGET = 9.0;
				MTL_ENABLE_DEBUG_INFO = NO;
				SDKROOT = iphoneos;
				TARGETED_DEVICE_FAMILY = "1,2";
				VALIDATE_PRODUCT = YES;
				VERSIONING_SYSTEM = "apple-generic";
				VERSION_INFO_PREFIX = "";
			};
			name = Release;
		};
		485009F81E2FF23C009B6610 /* Debug */ = {
			isa = XCBuildConfiguration;
			buildSettings = {
				ALWAYS_EMBED_SWIFT_STANDARD_LIBRARIES = YES;
				CLANG_ENABLE_MODULES = YES;
				CLANG_WARN_DOCUMENTATION_COMMENTS = NO;
				CODE_SIGN_IDENTITY = "";
				DEFINES_MODULE = YES;
				DYLIB_COMPATIBILITY_VERSION = 1;
				DYLIB_CURRENT_VERSION = 1;
				DYLIB_INSTALL_NAME_BASE = "@rpath";
				ENABLE_BITCODE = NO;
				FRAMEWORK_SEARCH_PATHS = "";
				HEADER_SEARCH_PATHS = (
					"$(inherited)",
					"$(SRCROOT)/ElectrodeApiImpl/Libraries/ReactNative/**",
				);
				INFOPLIST_FILE = ElectrodeApiImpl/Info.plist;
				INSTALL_PATH = "$(LOCAL_LIBRARY_DIR)/Frameworks";
				IPHONEOS_DEPLOYMENT_TARGET = 9.0;
				LD_RUNPATH_SEARCH_PATHS = "$(inherited) @executable_path/Frameworks @loader_path/Frameworks";
				LIBRARY_SEARCH_PATHS = (
					"$(inherited)",
					"$(SRCROOT)/ElectrodeApiImpl/Libraries/ReactNative/**",
					"$(SRCROOT)/ElectrodeApiImpl/Libraries/CodePush/**",
				);
				OTHER_LDFLAGS = (
					"-ObjC",
					"-lc++",
					"-lz",
				);
				PRODUCT_BUNDLE_IDENTIFIER = com.walmart.electronics.ElectrodeApiImpl;
				PRODUCT_NAME = "$(TARGET_NAME)";
				SKIP_INSTALL = YES;
				SWIFT_ACTIVE_COMPILATION_CONDITIONS = DEBUG;
				SWIFT_OPTIMIZATION_LEVEL = "-Onone";
				SWIFT_VERSION = 3.0;
			};
			name = Debug;
		};
		485009F91E2FF23C009B6610 /* Release */ = {
			isa = XCBuildConfiguration;
			buildSettings = {
				CODE_SIGN_IDENTITY = "";
				DEFINES_MODULE = YES;
				DYLIB_COMPATIBILITY_VERSION = 1;
				DYLIB_CURRENT_VERSION = 1;
				DYLIB_INSTALL_NAME_BASE = "@rpath";
				ENABLE_BITCODE = NO;
				FRAMEWORK_SEARCH_PATHS = "";
				HEADER_SEARCH_PATHS = (
					"$(inherited)",
					"$(SRCROOT)/ElectrodeApiImpl/Libraries/ReactNative/**",
					"$(SRCROOT)/ElectrodeApiImpl/Libraries/CodePush/**",
				);
				INFOPLIST_FILE = ElectrodeApiImpl/Info.plist;
				INSTALL_PATH = "$(LOCAL_LIBRARY_DIR)/Frameworks";
				IPHONEOS_DEPLOYMENT_TARGET = 9.0;
				LD_RUNPATH_SEARCH_PATHS = "$(inherited) @executable_path/Frameworks @loader_path/Frameworks";
				LIBRARY_SEARCH_PATHS = (
					"$(inherited)",
					"$(SRCROOT)/ElectrodeApiImpl/Libraries/ReactNative/**",
					"$(SRCROOT)/ElectrodeApiImpl/Libraries/CodePush/**",
				);
				OTHER_LDFLAGS = (
					"-ObjC",
					"-lc++",
					"-lz",
				);
				PRODUCT_BUNDLE_IDENTIFIER = com.walmart.electronics.ElectrodeApiImpl;
				PRODUCT_NAME = "$(TARGET_NAME)";
				SKIP_INSTALL = YES;
				SWIFT_VERSION = 3.0;
			};
			name = Release;
		};
		485009FB1E2FF23C009B6610 /* Debug */ = {
			isa = XCBuildConfiguration;
			buildSettings = {
				INFOPLIST_FILE = ElectrodeApiImplTests/Info.plist;
				LD_RUNPATH_SEARCH_PATHS = "$(inherited) @executable_path/Frameworks @loader_path/Frameworks";
				LIBRARY_SEARCH_PATHS = (
					"$(inherited)",
					"$(SRCROOT)/ElectrodeApiImpl/Libraries/ReactNative/**",
					"$(SRCROOT)/ElectrodeApiImpl/Libraries/CodePush/**",
				);
				PRODUCT_BUNDLE_IDENTIFIER = com.walmart.electronics.ElectrodeApiImplTests;
				PRODUCT_NAME = "$(TARGET_NAME)";
				TEST_HOST = "";
			};
			name = Debug;
		};
		485009FC1E2FF23C009B6610 /* Release */ = {
			isa = XCBuildConfiguration;
			buildSettings = {
				DEVELOPMENT_TEAM = DXZ5VF8836;
				HEADER_SEARCH_PATHS = (
					"$(inherited)",
					"\"$(SRCROOT)/ElectrodeApiImpl/Libraries/CodePush\"",
				);
				INFOPLIST_FILE = ElectrodeApiImplTests/Info.plist;
				LD_RUNPATH_SEARCH_PATHS = "$(inherited) @executable_path/Frameworks @loader_path/Frameworks";
				LIBRARY_SEARCH_PATHS = (
					"$(inherited)",
					"$(SRCROOT)/ElectrodeApiImpl/Libraries/ReactNative/**",
					"$(SRCROOT)/ElectrodeApiImpl/Libraries/CodePush/**",
				);
				PRODUCT_BUNDLE_IDENTIFIER = com.walmart.electronics.ElectrodeApiImplTests;
				PRODUCT_NAME = "$(TARGET_NAME)";
				TEST_HOST = "";
			};
			name = Release;
		};
/* End XCBuildConfiguration section */

/* Begin XCConfigurationList section */
		485009DD1E2FF23B009B6610 /* Build configuration list for PBXProject "ElectrodeApiImpl" */ = {
			isa = XCConfigurationList;
			buildConfigurations = (
				485009F51E2FF23C009B6610 /* Debug */,
				303268E41EA8139700A41A8F /* QADeployment */,
				485009F61E2FF23C009B6610 /* Release */,
			);
			defaultConfigurationIsVisible = 0;
			defaultConfigurationName = Release;
		};
		485009F71E2FF23C009B6610 /* Build configuration list for PBXNativeTarget "ElectrodeApiImpl" */ = {
			isa = XCConfigurationList;
			buildConfigurations = (
				485009F81E2FF23C009B6610 /* Debug */,
				303268E51EA8139700A41A8F /* QADeployment */,
				485009F91E2FF23C009B6610 /* Release */,
			);
			defaultConfigurationIsVisible = 0;
			defaultConfigurationName = Release;
		};
		485009FA1E2FF23C009B6610 /* Build configuration list for PBXNativeTarget "ElectrodeApiImplTests" */ = {
			isa = XCConfigurationList;
			buildConfigurations = (
				485009FB1E2FF23C009B6610 /* Debug */,
				303268E61EA8139700A41A8F /* QADeployment */,
				485009FC1E2FF23C009B6610 /* Release */,
			);
			defaultConfigurationIsVisible = 0;
			defaultConfigurationName = Release;
		};
/* End XCConfigurationList section */
	};
	rootObject = 485009DA1E2FF23B009B6610 /* Project object */;
}
